// !$*UTF8*$!
{
	archiveVersion = 1;
	classes = {
	};
	objectVersion = 50;
	objects = {

/* Begin PBXBuildFile section */
		E92255C42222EC53006CADEA /* AppDelegate.m in Sources */ = {isa = PBXBuildFile; fileRef = E92255C32222EC53006CADEA /* AppDelegate.m */; };
		E92255CD2222EC53006CADEA /* Main.storyboard in Resources */ = {isa = PBXBuildFile; fileRef = E92255CB2222EC53006CADEA /* Main.storyboard */; };
		E92255D22222EC56006CADEA /* LaunchScreen.storyboard in Resources */ = {isa = PBXBuildFile; fileRef = E92255D02222EC56006CADEA /* LaunchScreen.storyboard */; };
		E92255D52222EC56006CADEA /* main.m in Sources */ = {isa = PBXBuildFile; fileRef = E92255D42222EC56006CADEA /* main.m */; };
		E92255DF2222EC56006CADEA /* SechatTests.m in Sources */ = {isa = PBXBuildFile; fileRef = E92255DE2222EC56006CADEA /* SechatTests.m */; };
		E92255EA2222EC56006CADEA /* SechatUITests.m in Sources */ = {isa = PBXBuildFile; fileRef = E92255E92222EC56006CADEA /* SechatUITests.m */; };
		E92256032222ED5A006CADEA /* Conversations.storyboard in Resources */ = {isa = PBXBuildFile; fileRef = E92255FB2222ED59006CADEA /* Conversations.storyboard */; };
		E92256042222ED5A006CADEA /* Profile.storyboard in Resources */ = {isa = PBXBuildFile; fileRef = E92255FD2222ED59006CADEA /* Profile.storyboard */; };
		E92256052222ED5A006CADEA /* Contacts.storyboard in Resources */ = {isa = PBXBuildFile; fileRef = E92255FF2222ED59006CADEA /* Contacts.storyboard */; };
		E92256062222ED5A006CADEA /* Account.storyboard in Resources */ = {isa = PBXBuildFile; fileRef = E92256012222ED59006CADEA /* Account.storyboard */; };
		E92256102222ED6B006CADEA /* gsp.plist in Resources */ = {isa = PBXBuildFile; fileRef = E922560B2222ED6B006CADEA /* gsp.plist */; };
		E92256112222ED6B006CADEA /* ChatViewImages.xcassets in Resources */ = {isa = PBXBuildFile; fileRef = E922560C2222ED6B006CADEA /* ChatViewImages.xcassets */; };
		E92256452222ED7C006CADEA /* Facebook+Register.m in Sources */ = {isa = PBXBuildFile; fileRef = E92256192222ED7C006CADEA /* Facebook+Register.m */; };
		E92256462222ED7C006CADEA /* User.m in Sources */ = {isa = PBXBuildFile; fileRef = E922561A2222ED7C006CADEA /* User.m */; };
		E92256482222ED7C006CADEA /* MessageProcessor.m in Sources */ = {isa = PBXBuildFile; fileRef = E922561D2222ED7C006CADEA /* MessageProcessor.m */; };
		E92256492222ED7C006CADEA /* Facebook.m in Sources */ = {isa = PBXBuildFile; fileRef = E92256212222ED7C006CADEA /* Facebook.m */; };
		E922564A2222ED7C006CADEA /* Client.m in Sources */ = {isa = PBXBuildFile; fileRef = E92256222222ED7C006CADEA /* Client.m */; };
		E92256502222ED7C006CADEA /* RegisterViewController.m in Sources */ = {isa = PBXBuildFile; fileRef = E922562F2222ED7C006CADEA /* RegisterViewController.m */; };
		E92256512222ED7C006CADEA /* AccountTableViewController.m in Sources */ = {isa = PBXBuildFile; fileRef = E92256312222ED7C006CADEA /* AccountTableViewController.m */; };
		E92256552222ED7C006CADEA /* AccountEditViewController.m in Sources */ = {isa = PBXBuildFile; fileRef = E92256372222ED7C006CADEA /* AccountEditViewController.m */; };
		E922565A2222ED7C006CADEA /* MsgCell.m in Sources */ = {isa = PBXBuildFile; fileRef = E92256432222ED7C006CADEA /* MsgCell.m */; };
		E922567F2222EF3D006CADEA /* WebKit.framework in Frameworks */ = {isa = PBXBuildFile; fileRef = E922567E2222EF3D006CADEA /* WebKit.framework */; };
		E97816CE2223EAA700BCE3AD /* Assets.xcassets in Resources */ = {isa = PBXBuildFile; fileRef = E97816CD2223EAA700BCE3AD /* Assets.xcassets */; };
		E978171122254AB000BCE3AD /* DIMClient.framework in Frameworks */ = {isa = PBXBuildFile; fileRef = E97816C22223E91600BCE3AD /* DIMClient.framework */; };
		E978171222254AB000BCE3AD /* DIMClient.framework in Embed Frameworks */ = {isa = PBXBuildFile; fileRef = E97816C22223E91600BCE3AD /* DIMClient.framework */; settings = {ATTRIBUTES = (CodeSignOnCopy, RemoveHeadersOnCopy, ); }; };
		E978171F22254CBB00BCE3AD /* MarsGate.framework in Frameworks */ = {isa = PBXBuildFile; fileRef = E978171E22254CBB00BCE3AD /* MarsGate.framework */; };
		E978172322254CC600BCE3AD /* DaoKeDao.framework in Frameworks */ = {isa = PBXBuildFile; fileRef = E978172222254CC600BCE3AD /* DaoKeDao.framework */; };
		E978172522254CC900BCE3AD /* MingKeMing.framework in Frameworks */ = {isa = PBXBuildFile; fileRef = E978172422254CC900BCE3AD /* MingKeMing.framework */; };
		E978172622254D2400BCE3AD /* DIMCore.framework in Frameworks */ = {isa = PBXBuildFile; fileRef = E978172022254CC000BCE3AD /* DIMCore.framework */; };
		E978172722254D2400BCE3AD /* DIMCore.framework in Embed Frameworks */ = {isa = PBXBuildFile; fileRef = E978172022254CC000BCE3AD /* DIMCore.framework */; settings = {ATTRIBUTES = (CodeSignOnCopy, RemoveHeadersOnCopy, ); }; };
		E978172922254D3400BCE3AD /* DaoKeDao.framework in Embed Frameworks */ = {isa = PBXBuildFile; fileRef = E978172222254CC600BCE3AD /* DaoKeDao.framework */; settings = {ATTRIBUTES = (CodeSignOnCopy, RemoveHeadersOnCopy, ); }; };
		E978172B22254D4700BCE3AD /* MingKeMing.framework in Embed Frameworks */ = {isa = PBXBuildFile; fileRef = E978172422254CC900BCE3AD /* MingKeMing.framework */; settings = {ATTRIBUTES = (CodeSignOnCopy, RemoveHeadersOnCopy, ); }; };
		E978172D22254D5000BCE3AD /* MarsGate.framework in Embed Frameworks */ = {isa = PBXBuildFile; fileRef = E978171E22254CBB00BCE3AD /* MarsGate.framework */; settings = {ATTRIBUTES = (CodeSignOnCopy, RemoveHeadersOnCopy, ); }; };
		E97907732254A3970024C830 /* ImagePickerController.m in Sources */ = {isa = PBXBuildFile; fileRef = E97907712254A3970024C830 /* ImagePickerController.m */; };
		E979079D225520AA0024C830 /* DIMInstantMessage+Extension.m in Sources */ = {isa = PBXBuildFile; fileRef = E979079C225520AA0024C830 /* DIMInstantMessage+Extension.m */; };
		E979080D2259CDA10024C830 /* UIView+Extension.m in Sources */ = {isa = PBXBuildFile; fileRef = E979080C2259CDA10024C830 /* UIView+Extension.m */; };
		E9790817225A6E2C0024C830 /* ZoomInViewController.m in Sources */ = {isa = PBXBuildFile; fileRef = E9790816225A6E2C0024C830 /* ZoomInViewController.m */; };
		E979081B225A6F390024C830 /* UIStoryboard+Extension.m in Sources */ = {isa = PBXBuildFile; fileRef = E979081A225A6F390024C830 /* UIStoryboard+Extension.m */; };
		E9790836225B666F0024C830 /* WebViewController.m in Sources */ = {isa = PBXBuildFile; fileRef = E9790835225B666F0024C830 /* WebViewController.m */; };
		E979084B225CA8E20024C830 /* logo.png in Resources */ = {isa = PBXBuildFile; fileRef = E979084A225CA8E20024C830 /* logo.png */; };
		E979084E225CB4D60024C830 /* checkbox_on.png in Resources */ = {isa = PBXBuildFile; fileRef = E979084C225CB4D60024C830 /* checkbox_on.png */; };
		E979084F225CB4D60024C830 /* checkbox_off.png in Resources */ = {isa = PBXBuildFile; fileRef = E979084D225CB4D60024C830 /* checkbox_off.png */; };
		E9790853225CB8300024C830 /* WelcomeViewController.m in Sources */ = {isa = PBXBuildFile; fileRef = E9790852225CB8300024C830 /* WelcomeViewController.m */; };
		E9790856225CD4C50024C830 /* FirstAccountViewController.m in Sources */ = {isa = PBXBuildFile; fileRef = E9790855225CD4C50024C830 /* FirstAccountViewController.m */; };
		E9790863225D10240024C830 /* Welcome.storyboard in Resources */ = {isa = PBXBuildFile; fileRef = E9790865225D10240024C830 /* Welcome.storyboard */; };
		E99A5CAE222D8B3400EE6C86 /* ChatManageTableViewController.m in Sources */ = {isa = PBXBuildFile; fileRef = E99A5C9D222D8B3400EE6C86 /* ChatManageTableViewController.m */; };
		E99A5CAF222D8B3400EE6C86 /* ConversationsTableViewController.m in Sources */ = {isa = PBXBuildFile; fileRef = E99A5C9F222D8B3400EE6C86 /* ConversationsTableViewController.m */; };
		E99A5CB0222D8B3400EE6C86 /* ChatViewController.m in Sources */ = {isa = PBXBuildFile; fileRef = E99A5CA1222D8B3400EE6C86 /* ChatViewController.m */; };
		E99A5CB1222D8B3400EE6C86 /* ParticipantsCollectionViewController.m in Sources */ = {isa = PBXBuildFile; fileRef = E99A5CA2222D8B3400EE6C86 /* ParticipantsCollectionViewController.m */; };
		E99A5CB2222D8B3400EE6C86 /* ParticipantsManageTableViewController.m in Sources */ = {isa = PBXBuildFile; fileRef = E99A5CA4222D8B3400EE6C86 /* ParticipantsManageTableViewController.m */; };
		E99A5CB3222D8B3400EE6C86 /* ProfileTableViewController.m in Sources */ = {isa = PBXBuildFile; fileRef = E99A5CAB222D8B3400EE6C86 /* ProfileTableViewController.m */; };
		E99A5CB4222D8B3400EE6C86 /* ContactsTableViewController.m in Sources */ = {isa = PBXBuildFile; fileRef = E99A5CAC222D8B3400EE6C86 /* ContactsTableViewController.m */; };
		E99A5CBE222DA24B00EE6C86 /* SearchUsersTableViewController.m in Sources */ = {isa = PBXBuildFile; fileRef = E99A5CBD222DA24B00EE6C86 /* SearchUsersTableViewController.m */; };
		E99A5CC7222E576300EE6C86 /* ConversationCell.m in Sources */ = {isa = PBXBuildFile; fileRef = E99A5CC6222E576300EE6C86 /* ConversationCell.m */; };
		E99A5CCA222E577900EE6C86 /* ContactCell.m in Sources */ = {isa = PBXBuildFile; fileRef = E99A5CC9222E577900EE6C86 /* ContactCell.m */; };
		E99A5CCD222ECDBE00EE6C86 /* ParticipantCollectionCell.m in Sources */ = {isa = PBXBuildFile; fileRef = E99A5CCC222ECDBE00EE6C86 /* ParticipantCollectionCell.m */; };
		E99A5CD0222ECDE100EE6C86 /* ParticipantManageCell.m in Sources */ = {isa = PBXBuildFile; fileRef = E99A5CCF222ECDE100EE6C86 /* ParticipantManageCell.m */; };
		E99A5CD3222ED9B600EE6C86 /* UserCell.m in Sources */ = {isa = PBXBuildFile; fileRef = E99A5CD2222ED9B600EE6C86 /* UserCell.m */; };
		E9AFAAE022310B49001F95C6 /* FiniteStateMachine.framework in Frameworks */ = {isa = PBXBuildFile; fileRef = E9AFAADD22310B31001F95C6 /* FiniteStateMachine.framework */; };
		E9AFAAE122310B49001F95C6 /* FiniteStateMachine.framework in Embed Frameworks */ = {isa = PBXBuildFile; fileRef = E9AFAADD22310B31001F95C6 /* FiniteStateMachine.framework */; settings = {ATTRIBUTES = (CodeSignOnCopy, RemoveHeadersOnCopy, ); }; };
		E9AFAB6422352E09001F95C6 /* MessageProcessor+GroupCommand.m in Sources */ = {isa = PBXBuildFile; fileRef = E9AFAB6322352E09001F95C6 /* MessageProcessor+GroupCommand.m */; };
		E9BBC37E2242B21200E6ACDA /* UIViewController+Extension.m in Sources */ = {isa = PBXBuildFile; fileRef = E9BBC3742242B21200E6ACDA /* UIViewController+Extension.m */; };
		E9BBC37F2242B21200E6ACDA /* UIImage+Extension.m in Sources */ = {isa = PBXBuildFile; fileRef = E9BBC3752242B21200E6ACDA /* UIImage+Extension.m */; };
		E9BBC3802242B21200E6ACDA /* UIImageView+Extension.m in Sources */ = {isa = PBXBuildFile; fileRef = E9BBC3772242B21200E6ACDA /* UIImageView+Extension.m */; };
		E9BBC3812242B21200E6ACDA /* DIMProfile+Extension.m in Sources */ = {isa = PBXBuildFile; fileRef = E9BBC3782242B21200E6ACDA /* DIMProfile+Extension.m */; };
		E9BBC3822242B21200E6ACDA /* NSString+Extension.m in Sources */ = {isa = PBXBuildFile; fileRef = E9BBC3792242B21200E6ACDA /* NSString+Extension.m */; };
		E9BBC3832242B21200E6ACDA /* UIStoryboardSegue+Extension.m in Sources */ = {isa = PBXBuildFile; fileRef = E9BBC37C2242B21200E6ACDA /* UIStoryboardSegue+Extension.m */; };
		E9E824A4224A6D1100A029F1 /* UIColor+Extension.m in Sources */ = {isa = PBXBuildFile; fileRef = E9E824A3224A6D1100A029F1 /* UIColor+Extension.m */; };
		E9E824ED224CCFBB00A029F1 /* Localizable.strings in Resources */ = {isa = PBXBuildFile; fileRef = E9E824EF224CCFBB00A029F1 /* Localizable.strings */; };
		E9E82501224D198200A029F1 /* avatar-bg.png in Resources */ = {isa = PBXBuildFile; fileRef = E9E824FF224D198200A029F1 /* avatar-bg.png */; };
		E9E8250F224F5BBD00A029F1 /* UIButton+Extension.m in Sources */ = {isa = PBXBuildFile; fileRef = E9E8250E224F5BBD00A029F1 /* UIButton+Extension.m */; };
/* End PBXBuildFile section */

/* Begin PBXContainerItemProxy section */
		E92255DB2222EC56006CADEA /* PBXContainerItemProxy */ = {
			isa = PBXContainerItemProxy;
			containerPortal = E92255B72222EC53006CADEA /* Project object */;
			proxyType = 1;
			remoteGlobalIDString = E92255BE2222EC53006CADEA;
			remoteInfo = Sechat;
		};
		E92255E62222EC56006CADEA /* PBXContainerItemProxy */ = {
			isa = PBXContainerItemProxy;
			containerPortal = E92255B72222EC53006CADEA /* Project object */;
			proxyType = 1;
			remoteGlobalIDString = E92255BE2222EC53006CADEA;
			remoteInfo = Sechat;
		};
		E97816C12223E91600BCE3AD /* PBXContainerItemProxy */ = {
			isa = PBXContainerItemProxy;
			containerPortal = E97816B82223E91600BCE3AD /* DIMClient.xcodeproj */;
			proxyType = 2;
			remoteGlobalIDString = E97816802223E7F200BCE3AD;
			remoteInfo = DIMClient;
		};
		E97816C32223E91600BCE3AD /* PBXContainerItemProxy */ = {
			isa = PBXContainerItemProxy;
			containerPortal = E97816B82223E91600BCE3AD /* DIMClient.xcodeproj */;
			proxyType = 2;
			remoteGlobalIDString = E97816892223E7F200BCE3AD;
			remoteInfo = DIMClientTests;
		};
		E978171322254AB000BCE3AD /* PBXContainerItemProxy */ = {
			isa = PBXContainerItemProxy;
			containerPortal = E97816B82223E91600BCE3AD /* DIMClient.xcodeproj */;
			proxyType = 1;
			remoteGlobalIDString = E978167F2223E7F200BCE3AD;
			remoteInfo = DIMClient;
		};
/* End PBXContainerItemProxy section */

/* Begin PBXCopyFilesBuildPhase section */
		E978171522254AB000BCE3AD /* Embed Frameworks */ = {
			isa = PBXCopyFilesBuildPhase;
			buildActionMask = 2147483647;
			dstPath = "";
			dstSubfolderSpec = 10;
			files = (
				E978172922254D3400BCE3AD /* DaoKeDao.framework in Embed Frameworks */,
				E9AFAAE122310B49001F95C6 /* FiniteStateMachine.framework in Embed Frameworks */,
				E978172722254D2400BCE3AD /* DIMCore.framework in Embed Frameworks */,
				E978172B22254D4700BCE3AD /* MingKeMing.framework in Embed Frameworks */,
				E978172D22254D5000BCE3AD /* MarsGate.framework in Embed Frameworks */,
				E978171222254AB000BCE3AD /* DIMClient.framework in Embed Frameworks */,
			);
			name = "Embed Frameworks";
			runOnlyForDeploymentPostprocessing = 0;
		};
/* End PBXCopyFilesBuildPhase section */

/* Begin PBXFileReference section */
		E92255BF2222EC53006CADEA /* Sechat.app */ = {isa = PBXFileReference; explicitFileType = wrapper.application; includeInIndex = 0; path = Sechat.app; sourceTree = BUILT_PRODUCTS_DIR; };
		E92255C22222EC53006CADEA /* AppDelegate.h */ = {isa = PBXFileReference; lastKnownFileType = sourcecode.c.h; path = AppDelegate.h; sourceTree = "<group>"; };
		E92255C32222EC53006CADEA /* AppDelegate.m */ = {isa = PBXFileReference; lastKnownFileType = sourcecode.c.objc; path = AppDelegate.m; sourceTree = "<group>"; };
		E92255CC2222EC53006CADEA /* Base */ = {isa = PBXFileReference; lastKnownFileType = file.storyboard; name = Base; path = Base.lproj/Main.storyboard; sourceTree = "<group>"; };
		E92255D12222EC56006CADEA /* Base */ = {isa = PBXFileReference; lastKnownFileType = file.storyboard; name = Base; path = Base.lproj/LaunchScreen.storyboard; sourceTree = "<group>"; };
		E92255D32222EC56006CADEA /* Info.plist */ = {isa = PBXFileReference; lastKnownFileType = text.plist.xml; path = Info.plist; sourceTree = "<group>"; };
		E92255D42222EC56006CADEA /* main.m */ = {isa = PBXFileReference; lastKnownFileType = sourcecode.c.objc; path = main.m; sourceTree = "<group>"; };
		E92255DA2222EC56006CADEA /* SechatTests.xctest */ = {isa = PBXFileReference; explicitFileType = wrapper.cfbundle; includeInIndex = 0; path = SechatTests.xctest; sourceTree = BUILT_PRODUCTS_DIR; };
		E92255DE2222EC56006CADEA /* SechatTests.m */ = {isa = PBXFileReference; lastKnownFileType = sourcecode.c.objc; path = SechatTests.m; sourceTree = "<group>"; };
		E92255E02222EC56006CADEA /* Info.plist */ = {isa = PBXFileReference; lastKnownFileType = text.plist.xml; path = Info.plist; sourceTree = "<group>"; };
		E92255E52222EC56006CADEA /* SechatUITests.xctest */ = {isa = PBXFileReference; explicitFileType = wrapper.cfbundle; includeInIndex = 0; path = SechatUITests.xctest; sourceTree = BUILT_PRODUCTS_DIR; };
		E92255E92222EC56006CADEA /* SechatUITests.m */ = {isa = PBXFileReference; lastKnownFileType = sourcecode.c.objc; path = SechatUITests.m; sourceTree = "<group>"; };
		E92255EB2222EC56006CADEA /* Info.plist */ = {isa = PBXFileReference; lastKnownFileType = text.plist.xml; path = Info.plist; sourceTree = "<group>"; };
		E92255FC2222ED59006CADEA /* Base */ = {isa = PBXFileReference; lastKnownFileType = file.storyboard; name = Base; path = Base.lproj/Conversations.storyboard; sourceTree = "<group>"; };
		E92255FE2222ED59006CADEA /* Base */ = {isa = PBXFileReference; lastKnownFileType = file.storyboard; name = Base; path = Base.lproj/Profile.storyboard; sourceTree = "<group>"; };
		E92256002222ED59006CADEA /* Base */ = {isa = PBXFileReference; lastKnownFileType = file.storyboard; name = Base; path = Base.lproj/Contacts.storyboard; sourceTree = "<group>"; };
		E92256022222ED59006CADEA /* Base */ = {isa = PBXFileReference; lastKnownFileType = file.storyboard; name = Base; path = Base.lproj/Account.storyboard; sourceTree = "<group>"; };
		E922560B2222ED6B006CADEA /* gsp.plist */ = {isa = PBXFileReference; fileEncoding = 4; lastKnownFileType = text.plist.xml; path = gsp.plist; sourceTree = "<group>"; };
		E922560C2222ED6B006CADEA /* ChatViewImages.xcassets */ = {isa = PBXFileReference; lastKnownFileType = folder.assetcatalog; path = ChatViewImages.xcassets; sourceTree = "<group>"; };
		E92256162222ED7C006CADEA /* Client.h */ = {isa = PBXFileReference; fileEncoding = 4; lastKnownFileType = sourcecode.c.h; path = Client.h; sourceTree = "<group>"; };
		E92256182222ED7C006CADEA /* MessageProcessor.h */ = {isa = PBXFileReference; fileEncoding = 4; lastKnownFileType = sourcecode.c.h; path = MessageProcessor.h; sourceTree = "<group>"; };
		E92256192222ED7C006CADEA /* Facebook+Register.m */ = {isa = PBXFileReference; fileEncoding = 4; lastKnownFileType = sourcecode.c.objc; path = "Facebook+Register.m"; sourceTree = "<group>"; };
		E922561A2222ED7C006CADEA /* User.m */ = {isa = PBXFileReference; fileEncoding = 4; lastKnownFileType = sourcecode.c.objc; path = User.m; sourceTree = "<group>"; };
		E922561C2222ED7C006CADEA /* Facebook.h */ = {isa = PBXFileReference; fileEncoding = 4; lastKnownFileType = sourcecode.c.h; path = Facebook.h; sourceTree = "<group>"; };
		E922561D2222ED7C006CADEA /* MessageProcessor.m */ = {isa = PBXFileReference; fileEncoding = 4; lastKnownFileType = sourcecode.c.objc; path = MessageProcessor.m; sourceTree = "<group>"; };
		E922561F2222ED7C006CADEA /* User.h */ = {isa = PBXFileReference; fileEncoding = 4; lastKnownFileType = sourcecode.c.h; path = User.h; sourceTree = "<group>"; };
		E92256202222ED7C006CADEA /* Facebook+Register.h */ = {isa = PBXFileReference; fileEncoding = 4; lastKnownFileType = sourcecode.c.h; path = "Facebook+Register.h"; sourceTree = "<group>"; };
		E92256212222ED7C006CADEA /* Facebook.m */ = {isa = PBXFileReference; fileEncoding = 4; lastKnownFileType = sourcecode.c.objc; path = Facebook.m; sourceTree = "<group>"; };
		E92256222222ED7C006CADEA /* Client.m */ = {isa = PBXFileReference; fileEncoding = 4; lastKnownFileType = sourcecode.c.objc; path = Client.m; sourceTree = "<group>"; };
		E92256282222ED7C006CADEA /* AccountTableViewController.h */ = {isa = PBXFileReference; fileEncoding = 4; lastKnownFileType = sourcecode.c.h; path = AccountTableViewController.h; sourceTree = "<group>"; };
		E922562C2222ED7C006CADEA /* AccountEditViewController.h */ = {isa = PBXFileReference; fileEncoding = 4; lastKnownFileType = sourcecode.c.h; path = AccountEditViewController.h; sourceTree = "<group>"; };
		E922562F2222ED7C006CADEA /* RegisterViewController.m */ = {isa = PBXFileReference; fileEncoding = 4; lastKnownFileType = sourcecode.c.objc; path = RegisterViewController.m; sourceTree = "<group>"; };
		E92256312222ED7C006CADEA /* AccountTableViewController.m */ = {isa = PBXFileReference; fileEncoding = 4; lastKnownFileType = sourcecode.c.objc; path = AccountTableViewController.m; sourceTree = "<group>"; };
		E92256372222ED7C006CADEA /* AccountEditViewController.m */ = {isa = PBXFileReference; fileEncoding = 4; lastKnownFileType = sourcecode.c.objc; path = AccountEditViewController.m; sourceTree = "<group>"; };
		E92256392222ED7C006CADEA /* RegisterViewController.h */ = {isa = PBXFileReference; fileEncoding = 4; lastKnownFileType = sourcecode.c.h; path = RegisterViewController.h; sourceTree = "<group>"; };
		E922563E2222ED7C006CADEA /* MsgCell.h */ = {isa = PBXFileReference; fileEncoding = 4; lastKnownFileType = sourcecode.c.h; path = MsgCell.h; sourceTree = "<group>"; };
		E92256432222ED7C006CADEA /* MsgCell.m */ = {isa = PBXFileReference; fileEncoding = 4; lastKnownFileType = sourcecode.c.objc; path = MsgCell.m; sourceTree = "<group>"; };
		E922567E2222EF3D006CADEA /* WebKit.framework */ = {isa = PBXFileReference; lastKnownFileType = wrapper.framework; name = WebKit.framework; path = System/Library/Frameworks/WebKit.framework; sourceTree = SDKROOT; };
		E97816B82223E91600BCE3AD /* DIMClient.xcodeproj */ = {isa = PBXFileReference; lastKnownFileType = "wrapper.pb-project"; name = DIMClient.xcodeproj; path = "../../client-objc/DIMClient/DIMClient.xcodeproj"; sourceTree = "<group>"; };
		E97816CD2223EAA700BCE3AD /* Assets.xcassets */ = {isa = PBXFileReference; lastKnownFileType = folder.assetcatalog; path = Assets.xcassets; sourceTree = "<group>"; };
		E978171E22254CBB00BCE3AD /* MarsGate.framework */ = {isa = PBXFileReference; explicitFileType = wrapper.framework; path = MarsGate.framework; sourceTree = BUILT_PRODUCTS_DIR; };
		E978172022254CC000BCE3AD /* DIMCore.framework */ = {isa = PBXFileReference; explicitFileType = wrapper.framework; path = DIMCore.framework; sourceTree = BUILT_PRODUCTS_DIR; };
		E978172222254CC600BCE3AD /* DaoKeDao.framework */ = {isa = PBXFileReference; explicitFileType = wrapper.framework; path = DaoKeDao.framework; sourceTree = BUILT_PRODUCTS_DIR; };
		E978172422254CC900BCE3AD /* MingKeMing.framework */ = {isa = PBXFileReference; explicitFileType = wrapper.framework; path = MingKeMing.framework; sourceTree = BUILT_PRODUCTS_DIR; };
		E979076F2254A3970024C830 /* ImagePickerController.h */ = {isa = PBXFileReference; fileEncoding = 4; lastKnownFileType = sourcecode.c.h; path = ImagePickerController.h; sourceTree = "<group>"; };
		E97907712254A3970024C830 /* ImagePickerController.m */ = {isa = PBXFileReference; fileEncoding = 4; lastKnownFileType = sourcecode.c.objc; path = ImagePickerController.m; sourceTree = "<group>"; };
		E979079B225520AA0024C830 /* DIMInstantMessage+Extension.h */ = {isa = PBXFileReference; lastKnownFileType = sourcecode.c.h; path = "DIMInstantMessage+Extension.h"; sourceTree = "<group>"; };
		E979079C225520AA0024C830 /* DIMInstantMessage+Extension.m */ = {isa = PBXFileReference; lastKnownFileType = sourcecode.c.objc; path = "DIMInstantMessage+Extension.m"; sourceTree = "<group>"; };
		E97907B9225668B90024C830 /* zh-Hans */ = {isa = PBXFileReference; lastKnownFileType = text.plist.strings; name = "zh-Hans"; path = "zh-Hans.lproj/Profile.strings"; sourceTree = "<group>"; };
		E97907BB225668BC0024C830 /* zh-Hant */ = {isa = PBXFileReference; lastKnownFileType = text.plist.strings; name = "zh-Hant"; path = "zh-Hant.lproj/Profile.strings"; sourceTree = "<group>"; };
		E97907BD225668BE0024C830 /* zh-HK */ = {isa = PBXFileReference; lastKnownFileType = text.plist.strings; name = "zh-HK"; path = "zh-HK.lproj/Profile.strings"; sourceTree = "<group>"; };
		E979080B2259CDA10024C830 /* UIView+Extension.h */ = {isa = PBXFileReference; lastKnownFileType = sourcecode.c.h; path = "UIView+Extension.h"; sourceTree = "<group>"; };
		E979080C2259CDA10024C830 /* UIView+Extension.m */ = {isa = PBXFileReference; lastKnownFileType = sourcecode.c.objc; path = "UIView+Extension.m"; sourceTree = "<group>"; };
		E9790815225A6E2C0024C830 /* ZoomInViewController.h */ = {isa = PBXFileReference; lastKnownFileType = sourcecode.c.h; path = ZoomInViewController.h; sourceTree = "<group>"; };
		E9790816225A6E2C0024C830 /* ZoomInViewController.m */ = {isa = PBXFileReference; lastKnownFileType = sourcecode.c.objc; path = ZoomInViewController.m; sourceTree = "<group>"; };
		E9790819225A6F390024C830 /* UIStoryboard+Extension.h */ = {isa = PBXFileReference; lastKnownFileType = sourcecode.c.h; path = "UIStoryboard+Extension.h"; sourceTree = "<group>"; };
		E979081A225A6F390024C830 /* UIStoryboard+Extension.m */ = {isa = PBXFileReference; lastKnownFileType = sourcecode.c.objc; path = "UIStoryboard+Extension.m"; sourceTree = "<group>"; };
		E9790834225B666F0024C830 /* WebViewController.h */ = {isa = PBXFileReference; lastKnownFileType = sourcecode.c.h; path = WebViewController.h; sourceTree = "<group>"; };
		E9790835225B666F0024C830 /* WebViewController.m */ = {isa = PBXFileReference; lastKnownFileType = sourcecode.c.objc; path = WebViewController.m; sourceTree = "<group>"; };
		E979084A225CA8E20024C830 /* logo.png */ = {isa = PBXFileReference; lastKnownFileType = image.png; path = logo.png; sourceTree = "<group>"; };
		E979084C225CB4D60024C830 /* checkbox_on.png */ = {isa = PBXFileReference; lastKnownFileType = image.png; path = checkbox_on.png; sourceTree = "<group>"; };
		E979084D225CB4D60024C830 /* checkbox_off.png */ = {isa = PBXFileReference; lastKnownFileType = image.png; path = checkbox_off.png; sourceTree = "<group>"; };
		E9790851225CB8300024C830 /* WelcomeViewController.h */ = {isa = PBXFileReference; lastKnownFileType = sourcecode.c.h; path = WelcomeViewController.h; sourceTree = "<group>"; };
		E9790852225CB8300024C830 /* WelcomeViewController.m */ = {isa = PBXFileReference; lastKnownFileType = sourcecode.c.objc; path = WelcomeViewController.m; sourceTree = "<group>"; };
		E9790854225CD4C50024C830 /* FirstAccountViewController.h */ = {isa = PBXFileReference; lastKnownFileType = sourcecode.c.h; path = FirstAccountViewController.h; sourceTree = "<group>"; };
		E9790855225CD4C50024C830 /* FirstAccountViewController.m */ = {isa = PBXFileReference; lastKnownFileType = sourcecode.c.objc; path = FirstAccountViewController.m; sourceTree = "<group>"; };
		E9790864225D10240024C830 /* Base */ = {isa = PBXFileReference; lastKnownFileType = file.storyboard; name = Base; path = Base.lproj/Welcome.storyboard; sourceTree = "<group>"; };
		E9790868225D102B0024C830 /* zh-Hans */ = {isa = PBXFileReference; lastKnownFileType = text.plist.strings; name = "zh-Hans"; path = "zh-Hans.lproj/Welcome.strings"; sourceTree = "<group>"; };
		E979086A225D102E0024C830 /* zh-Hant */ = {isa = PBXFileReference; lastKnownFileType = text.plist.strings; name = "zh-Hant"; path = "zh-Hant.lproj/Welcome.strings"; sourceTree = "<group>"; };
		E979086C225D10300024C830 /* zh-HK */ = {isa = PBXFileReference; lastKnownFileType = text.plist.strings; name = "zh-HK"; path = "zh-HK.lproj/Welcome.strings"; sourceTree = "<group>"; };
		E99A5C9D222D8B3400EE6C86 /* ChatManageTableViewController.m */ = {isa = PBXFileReference; fileEncoding = 4; lastKnownFileType = sourcecode.c.objc; path = ChatManageTableViewController.m; sourceTree = "<group>"; };
		E99A5C9E222D8B3400EE6C86 /* ParticipantsCollectionViewController.h */ = {isa = PBXFileReference; fileEncoding = 4; lastKnownFileType = sourcecode.c.h; path = ParticipantsCollectionViewController.h; sourceTree = "<group>"; };
		E99A5C9F222D8B3400EE6C86 /* ConversationsTableViewController.m */ = {isa = PBXFileReference; fileEncoding = 4; lastKnownFileType = sourcecode.c.objc; path = ConversationsTableViewController.m; sourceTree = "<group>"; };
		E99A5CA0222D8B3400EE6C86 /* ParticipantsManageTableViewController.h */ = {isa = PBXFileReference; fileEncoding = 4; lastKnownFileType = sourcecode.c.h; path = ParticipantsManageTableViewController.h; sourceTree = "<group>"; };
		E99A5CA1222D8B3400EE6C86 /* ChatViewController.m */ = {isa = PBXFileReference; fileEncoding = 4; lastKnownFileType = sourcecode.c.objc; path = ChatViewController.m; sourceTree = "<group>"; };
		E99A5CA2222D8B3400EE6C86 /* ParticipantsCollectionViewController.m */ = {isa = PBXFileReference; fileEncoding = 4; lastKnownFileType = sourcecode.c.objc; path = ParticipantsCollectionViewController.m; sourceTree = "<group>"; };
		E99A5CA3222D8B3400EE6C86 /* ChatManageTableViewController.h */ = {isa = PBXFileReference; fileEncoding = 4; lastKnownFileType = sourcecode.c.h; path = ChatManageTableViewController.h; sourceTree = "<group>"; };
		E99A5CA4222D8B3400EE6C86 /* ParticipantsManageTableViewController.m */ = {isa = PBXFileReference; fileEncoding = 4; lastKnownFileType = sourcecode.c.objc; path = ParticipantsManageTableViewController.m; sourceTree = "<group>"; };
		E99A5CA5222D8B3400EE6C86 /* ConversationsTableViewController.h */ = {isa = PBXFileReference; fileEncoding = 4; lastKnownFileType = sourcecode.c.h; path = ConversationsTableViewController.h; sourceTree = "<group>"; };
		E99A5CA6222D8B3400EE6C86 /* ChatViewController.h */ = {isa = PBXFileReference; fileEncoding = 4; lastKnownFileType = sourcecode.c.h; path = ChatViewController.h; sourceTree = "<group>"; };
		E99A5CA8222D8B3400EE6C86 /* ProfileTableViewController.h */ = {isa = PBXFileReference; fileEncoding = 4; lastKnownFileType = sourcecode.c.h; path = ProfileTableViewController.h; sourceTree = "<group>"; };
		E99A5CA9222D8B3400EE6C86 /* ContactsTableViewController.h */ = {isa = PBXFileReference; fileEncoding = 4; lastKnownFileType = sourcecode.c.h; path = ContactsTableViewController.h; sourceTree = "<group>"; };
		E99A5CAB222D8B3400EE6C86 /* ProfileTableViewController.m */ = {isa = PBXFileReference; fileEncoding = 4; lastKnownFileType = sourcecode.c.objc; path = ProfileTableViewController.m; sourceTree = "<group>"; };
		E99A5CAC222D8B3400EE6C86 /* ContactsTableViewController.m */ = {isa = PBXFileReference; fileEncoding = 4; lastKnownFileType = sourcecode.c.objc; path = ContactsTableViewController.m; sourceTree = "<group>"; };
		E99A5CBC222DA24B00EE6C86 /* SearchUsersTableViewController.h */ = {isa = PBXFileReference; fileEncoding = 4; lastKnownFileType = sourcecode.c.h; path = SearchUsersTableViewController.h; sourceTree = "<group>"; };
		E99A5CBD222DA24B00EE6C86 /* SearchUsersTableViewController.m */ = {isa = PBXFileReference; fileEncoding = 4; lastKnownFileType = sourcecode.c.objc; path = SearchUsersTableViewController.m; sourceTree = "<group>"; };
		E99A5CC5222E576300EE6C86 /* ConversationCell.h */ = {isa = PBXFileReference; lastKnownFileType = sourcecode.c.h; path = ConversationCell.h; sourceTree = "<group>"; };
		E99A5CC6222E576300EE6C86 /* ConversationCell.m */ = {isa = PBXFileReference; lastKnownFileType = sourcecode.c.objc; path = ConversationCell.m; sourceTree = "<group>"; };
		E99A5CC8222E577900EE6C86 /* ContactCell.h */ = {isa = PBXFileReference; lastKnownFileType = sourcecode.c.h; path = ContactCell.h; sourceTree = "<group>"; };
		E99A5CC9222E577900EE6C86 /* ContactCell.m */ = {isa = PBXFileReference; lastKnownFileType = sourcecode.c.objc; path = ContactCell.m; sourceTree = "<group>"; };
		E99A5CCB222ECDBE00EE6C86 /* ParticipantCollectionCell.h */ = {isa = PBXFileReference; lastKnownFileType = sourcecode.c.h; path = ParticipantCollectionCell.h; sourceTree = "<group>"; };
		E99A5CCC222ECDBE00EE6C86 /* ParticipantCollectionCell.m */ = {isa = PBXFileReference; lastKnownFileType = sourcecode.c.objc; path = ParticipantCollectionCell.m; sourceTree = "<group>"; };
		E99A5CCE222ECDE100EE6C86 /* ParticipantManageCell.h */ = {isa = PBXFileReference; lastKnownFileType = sourcecode.c.h; path = ParticipantManageCell.h; sourceTree = "<group>"; };
		E99A5CCF222ECDE100EE6C86 /* ParticipantManageCell.m */ = {isa = PBXFileReference; lastKnownFileType = sourcecode.c.objc; path = ParticipantManageCell.m; sourceTree = "<group>"; };
		E99A5CD1222ED9B600EE6C86 /* UserCell.h */ = {isa = PBXFileReference; lastKnownFileType = sourcecode.c.h; path = UserCell.h; sourceTree = "<group>"; };
		E99A5CD2222ED9B600EE6C86 /* UserCell.m */ = {isa = PBXFileReference; lastKnownFileType = sourcecode.c.objc; path = UserCell.m; sourceTree = "<group>"; };
		E9AFAADD22310B31001F95C6 /* FiniteStateMachine.framework */ = {isa = PBXFileReference; explicitFileType = wrapper.framework; path = FiniteStateMachine.framework; sourceTree = BUILT_PRODUCTS_DIR; };
		E9AFAB6222352E09001F95C6 /* MessageProcessor+GroupCommand.h */ = {isa = PBXFileReference; lastKnownFileType = sourcecode.c.h; path = "MessageProcessor+GroupCommand.h"; sourceTree = "<group>"; };
		E9AFAB6322352E09001F95C6 /* MessageProcessor+GroupCommand.m */ = {isa = PBXFileReference; lastKnownFileType = sourcecode.c.objc; path = "MessageProcessor+GroupCommand.m"; sourceTree = "<group>"; };
		E9BBC3712242B21200E6ACDA /* DIMProfile+Extension.h */ = {isa = PBXFileReference; fileEncoding = 4; lastKnownFileType = sourcecode.c.h; path = "DIMProfile+Extension.h"; sourceTree = "<group>"; };
		E9BBC3722242B21200E6ACDA /* UIImageView+Extension.h */ = {isa = PBXFileReference; fileEncoding = 4; lastKnownFileType = sourcecode.c.h; path = "UIImageView+Extension.h"; sourceTree = "<group>"; };
		E9BBC3732242B21200E6ACDA /* NSString+Extension.h */ = {isa = PBXFileReference; fileEncoding = 4; lastKnownFileType = sourcecode.c.h; path = "NSString+Extension.h"; sourceTree = "<group>"; };
		E9BBC3742242B21200E6ACDA /* UIViewController+Extension.m */ = {isa = PBXFileReference; fileEncoding = 4; lastKnownFileType = sourcecode.c.objc; path = "UIViewController+Extension.m"; sourceTree = "<group>"; };
		E9BBC3752242B21200E6ACDA /* UIImage+Extension.m */ = {isa = PBXFileReference; fileEncoding = 4; lastKnownFileType = sourcecode.c.objc; path = "UIImage+Extension.m"; sourceTree = "<group>"; };
		E9BBC3762242B21200E6ACDA /* UIStoryboardSegue+Extension.h */ = {isa = PBXFileReference; fileEncoding = 4; lastKnownFileType = sourcecode.c.h; path = "UIStoryboardSegue+Extension.h"; sourceTree = "<group>"; };
		E9BBC3772242B21200E6ACDA /* UIImageView+Extension.m */ = {isa = PBXFileReference; fileEncoding = 4; lastKnownFileType = sourcecode.c.objc; path = "UIImageView+Extension.m"; sourceTree = "<group>"; };
		E9BBC3782242B21200E6ACDA /* DIMProfile+Extension.m */ = {isa = PBXFileReference; fileEncoding = 4; lastKnownFileType = sourcecode.c.objc; path = "DIMProfile+Extension.m"; sourceTree = "<group>"; };
		E9BBC3792242B21200E6ACDA /* NSString+Extension.m */ = {isa = PBXFileReference; fileEncoding = 4; lastKnownFileType = sourcecode.c.objc; path = "NSString+Extension.m"; sourceTree = "<group>"; };
		E9BBC37A2242B21200E6ACDA /* UIImage+Extension.h */ = {isa = PBXFileReference; fileEncoding = 4; lastKnownFileType = sourcecode.c.h; path = "UIImage+Extension.h"; sourceTree = "<group>"; };
		E9BBC37B2242B21200E6ACDA /* UIViewController+Extension.h */ = {isa = PBXFileReference; fileEncoding = 4; lastKnownFileType = sourcecode.c.h; path = "UIViewController+Extension.h"; sourceTree = "<group>"; };
		E9BBC37C2242B21200E6ACDA /* UIStoryboardSegue+Extension.m */ = {isa = PBXFileReference; fileEncoding = 4; lastKnownFileType = sourcecode.c.objc; path = "UIStoryboardSegue+Extension.m"; sourceTree = "<group>"; };
		E9E824592245539100A029F1 /* Sechat.entitlements */ = {isa = PBXFileReference; lastKnownFileType = text.plist.entitlements; path = Sechat.entitlements; sourceTree = "<group>"; };
		E9E824A2224A6D1100A029F1 /* UIColor+Extension.h */ = {isa = PBXFileReference; lastKnownFileType = sourcecode.c.h; path = "UIColor+Extension.h"; sourceTree = "<group>"; };
		E9E824A3224A6D1100A029F1 /* UIColor+Extension.m */ = {isa = PBXFileReference; lastKnownFileType = sourcecode.c.objc; path = "UIColor+Extension.m"; sourceTree = "<group>"; };
		E9E824D8224CBDF700A029F1 /* zh-Hans */ = {isa = PBXFileReference; lastKnownFileType = text.plist.strings; name = "zh-Hans"; path = "zh-Hans.lproj/Main.strings"; sourceTree = "<group>"; };
		E9E824D9224CBDF800A029F1 /* zh-Hans */ = {isa = PBXFileReference; lastKnownFileType = text.plist.strings; name = "zh-Hans"; path = "zh-Hans.lproj/Account.strings"; sourceTree = "<group>"; };
		E9E824DA224CBDF800A029F1 /* zh-Hans */ = {isa = PBXFileReference; lastKnownFileType = text.plist.strings; name = "zh-Hans"; path = "zh-Hans.lproj/Contacts.strings"; sourceTree = "<group>"; };
		E9E824DB224CBDF800A029F1 /* zh-Hans */ = {isa = PBXFileReference; lastKnownFileType = text.plist.strings; name = "zh-Hans"; path = "zh-Hans.lproj/Conversations.strings"; sourceTree = "<group>"; };
		E9E824DE224CBDF900A029F1 /* zh-Hans */ = {isa = PBXFileReference; lastKnownFileType = text.plist.strings; name = "zh-Hans"; path = "zh-Hans.lproj/LaunchScreen.strings"; sourceTree = "<group>"; };
		E9E824DF224CBE0800A029F1 /* zh-Hant */ = {isa = PBXFileReference; lastKnownFileType = text.plist.strings; name = "zh-Hant"; path = "zh-Hant.lproj/Main.strings"; sourceTree = "<group>"; };
		E9E824E0224CBE0800A029F1 /* zh-Hant */ = {isa = PBXFileReference; lastKnownFileType = text.plist.strings; name = "zh-Hant"; path = "zh-Hant.lproj/Account.strings"; sourceTree = "<group>"; };
		E9E824E1224CBE0800A029F1 /* zh-Hant */ = {isa = PBXFileReference; lastKnownFileType = text.plist.strings; name = "zh-Hant"; path = "zh-Hant.lproj/Contacts.strings"; sourceTree = "<group>"; };
		E9E824E2224CBE0800A029F1 /* zh-Hant */ = {isa = PBXFileReference; lastKnownFileType = text.plist.strings; name = "zh-Hant"; path = "zh-Hant.lproj/Conversations.strings"; sourceTree = "<group>"; };
		E9E824E4224CBE0900A029F1 /* zh-Hant */ = {isa = PBXFileReference; lastKnownFileType = text.plist.strings; name = "zh-Hant"; path = "zh-Hant.lproj/LaunchScreen.strings"; sourceTree = "<group>"; };
		E9E824E5224CBE1200A029F1 /* zh-HK */ = {isa = PBXFileReference; lastKnownFileType = text.plist.strings; name = "zh-HK"; path = "zh-HK.lproj/Main.strings"; sourceTree = "<group>"; };
		E9E824E6224CBE1200A029F1 /* zh-HK */ = {isa = PBXFileReference; lastKnownFileType = text.plist.strings; name = "zh-HK"; path = "zh-HK.lproj/Account.strings"; sourceTree = "<group>"; };
		E9E824E7224CBE1200A029F1 /* zh-HK */ = {isa = PBXFileReference; lastKnownFileType = text.plist.strings; name = "zh-HK"; path = "zh-HK.lproj/Contacts.strings"; sourceTree = "<group>"; };
		E9E824E8224CBE1200A029F1 /* zh-HK */ = {isa = PBXFileReference; lastKnownFileType = text.plist.strings; name = "zh-HK"; path = "zh-HK.lproj/Conversations.strings"; sourceTree = "<group>"; };
		E9E824EA224CBE1200A029F1 /* zh-HK */ = {isa = PBXFileReference; lastKnownFileType = text.plist.strings; name = "zh-HK"; path = "zh-HK.lproj/LaunchScreen.strings"; sourceTree = "<group>"; };
		E9E824F0224CCFFB00A029F1 /* zh-Hans */ = {isa = PBXFileReference; lastKnownFileType = text.plist.strings; name = "zh-Hans"; path = "zh-Hans.lproj/Localizable.strings"; sourceTree = "<group>"; };
		E9E824F1224CCFFF00A029F1 /* zh-Hant */ = {isa = PBXFileReference; lastKnownFileType = text.plist.strings; name = "zh-Hant"; path = "zh-Hant.lproj/Localizable.strings"; sourceTree = "<group>"; };
		E9E824F2224CD00000A029F1 /* zh-HK */ = {isa = PBXFileReference; lastKnownFileType = text.plist.strings; name = "zh-HK"; path = "zh-HK.lproj/Localizable.strings"; sourceTree = "<group>"; };
		E9E824FF224D198200A029F1 /* avatar-bg.png */ = {isa = PBXFileReference; lastKnownFileType = image.png; path = "avatar-bg.png"; sourceTree = "<group>"; };
		E9E8250D224F5BBD00A029F1 /* UIButton+Extension.h */ = {isa = PBXFileReference; lastKnownFileType = sourcecode.c.h; path = "UIButton+Extension.h"; sourceTree = "<group>"; };
		E9E8250E224F5BBD00A029F1 /* UIButton+Extension.m */ = {isa = PBXFileReference; lastKnownFileType = sourcecode.c.objc; path = "UIButton+Extension.m"; sourceTree = "<group>"; };
/* End PBXFileReference section */

/* Begin PBXFrameworksBuildPhase section */
		E92255BC2222EC53006CADEA /* Frameworks */ = {
			isa = PBXFrameworksBuildPhase;
			buildActionMask = 2147483647;
			files = (
				E978171122254AB000BCE3AD /* DIMClient.framework in Frameworks */,
				E978172622254D2400BCE3AD /* DIMCore.framework in Frameworks */,
				E978172322254CC600BCE3AD /* DaoKeDao.framework in Frameworks */,
				E978172522254CC900BCE3AD /* MingKeMing.framework in Frameworks */,
				E978171F22254CBB00BCE3AD /* MarsGate.framework in Frameworks */,
				E9AFAAE022310B49001F95C6 /* FiniteStateMachine.framework in Frameworks */,
				E922567F2222EF3D006CADEA /* WebKit.framework in Frameworks */,
			);
			runOnlyForDeploymentPostprocessing = 0;
		};
		E92255D72222EC56006CADEA /* Frameworks */ = {
			isa = PBXFrameworksBuildPhase;
			buildActionMask = 2147483647;
			files = (
			);
			runOnlyForDeploymentPostprocessing = 0;
		};
		E92255E22222EC56006CADEA /* Frameworks */ = {
			isa = PBXFrameworksBuildPhase;
			buildActionMask = 2147483647;
			files = (
			);
			runOnlyForDeploymentPostprocessing = 0;
		};
/* End PBXFrameworksBuildPhase section */

/* Begin PBXGroup section */
		E92255B62222EC53006CADEA = {
			isa = PBXGroup;
			children = (
				E97816B82223E91600BCE3AD /* DIMClient.xcodeproj */,
				E92256122222ED7C006CADEA /* Classes */,
				E92256072222ED6B006CADEA /* Resources */,
				E92255C12222EC53006CADEA /* Sechat */,
				E92255DD2222EC56006CADEA /* SechatTests */,
				E92255E82222EC56006CADEA /* SechatUITests */,
				E92255C02222EC53006CADEA /* Products */,
				E92256782222EE25006CADEA /* Frameworks */,
			);
			sourceTree = "<group>";
		};
		E92255C02222EC53006CADEA /* Products */ = {
			isa = PBXGroup;
			children = (
				E92255BF2222EC53006CADEA /* Sechat.app */,
				E92255DA2222EC56006CADEA /* SechatTests.xctest */,
				E92255E52222EC56006CADEA /* SechatUITests.xctest */,
			);
			name = Products;
			sourceTree = "<group>";
		};
		E92255C12222EC53006CADEA /* Sechat */ = {
			isa = PBXGroup;
			children = (
				E9E824592245539100A029F1 /* Sechat.entitlements */,
				E92255C22222EC53006CADEA /* AppDelegate.h */,
				E92255C32222EC53006CADEA /* AppDelegate.m */,
				E9790865225D10240024C830 /* Welcome.storyboard */,
				E92255CB2222EC53006CADEA /* Main.storyboard */,
				E92256012222ED59006CADEA /* Account.storyboard */,
				E92255FF2222ED59006CADEA /* Contacts.storyboard */,
				E92255FB2222ED59006CADEA /* Conversations.storyboard */,
				E92255FD2222ED59006CADEA /* Profile.storyboard */,
				E92255D02222EC56006CADEA /* LaunchScreen.storyboard */,
				E92255D32222EC56006CADEA /* Info.plist */,
				E9E824EF224CCFBB00A029F1 /* Localizable.strings */,
				E92255D42222EC56006CADEA /* main.m */,
			);
			path = Sechat;
			sourceTree = "<group>";
		};
		E92255DD2222EC56006CADEA /* SechatTests */ = {
			isa = PBXGroup;
			children = (
				E92255DE2222EC56006CADEA /* SechatTests.m */,
				E92255E02222EC56006CADEA /* Info.plist */,
			);
			path = SechatTests;
			sourceTree = "<group>";
		};
		E92255E82222EC56006CADEA /* SechatUITests */ = {
			isa = PBXGroup;
			children = (
				E92255E92222EC56006CADEA /* SechatUITests.m */,
				E92255EB2222EC56006CADEA /* Info.plist */,
			);
			path = SechatUITests;
			sourceTree = "<group>";
		};
		E92256072222ED6B006CADEA /* Resources */ = {
			isa = PBXGroup;
			children = (
				E922560B2222ED6B006CADEA /* gsp.plist */,
				E9E824FF224D198200A029F1 /* avatar-bg.png */,
				E979084A225CA8E20024C830 /* logo.png */,
				E979084D225CB4D60024C830 /* checkbox_off.png */,
				E979084C225CB4D60024C830 /* checkbox_on.png */,
				E97816CD2223EAA700BCE3AD /* Assets.xcassets */,
				E922560C2222ED6B006CADEA /* ChatViewImages.xcassets */,
			);
			name = Resources;
			path = ../Resources;
			sourceTree = "<group>";
		};
		E92256122222ED7C006CADEA /* Classes */ = {
			isa = PBXGroup;
			children = (
				E979076E2254A3970024C830 /* media */,
				E9BBC3702242B21200E6ACDA /* extends */,
				E92256172222ED7C006CADEA /* Models */,
				E922563B2222ED7C006CADEA /* Views */,
				E92256262222ED7C006CADEA /* Controllers */,
				E92256162222ED7C006CADEA /* Client.h */,
				E92256222222ED7C006CADEA /* Client.m */,
			);
			name = Classes;
			path = ../Classes;
			sourceTree = "<group>";
		};
		E92256172222ED7C006CADEA /* Models */ = {
			isa = PBXGroup;
			children = (
				E922561F2222ED7C006CADEA /* User.h */,
				E922561A2222ED7C006CADEA /* User.m */,
				E922561C2222ED7C006CADEA /* Facebook.h */,
				E92256212222ED7C006CADEA /* Facebook.m */,
				E92256202222ED7C006CADEA /* Facebook+Register.h */,
				E92256192222ED7C006CADEA /* Facebook+Register.m */,
				E92256182222ED7C006CADEA /* MessageProcessor.h */,
				E922561D2222ED7C006CADEA /* MessageProcessor.m */,
				E9AFAB6222352E09001F95C6 /* MessageProcessor+GroupCommand.h */,
				E9AFAB6322352E09001F95C6 /* MessageProcessor+GroupCommand.m */,
			);
			path = Models;
			sourceTree = "<group>";
		};
		E92256262222ED7C006CADEA /* Controllers */ = {
			isa = PBXGroup;
			children = (
				E9790850225CB8030024C830 /* welcome */,
				E99A5CA7222D8B3400EE6C86 /* contacts */,
				E99A5C9C222D8B3400EE6C86 /* conversations */,
				E9790834225B666F0024C830 /* WebViewController.h */,
				E9790835225B666F0024C830 /* WebViewController.m */,
				E922562C2222ED7C006CADEA /* AccountEditViewController.h */,
				E92256372222ED7C006CADEA /* AccountEditViewController.m */,
				E92256282222ED7C006CADEA /* AccountTableViewController.h */,
				E92256312222ED7C006CADEA /* AccountTableViewController.m */,
				E92256392222ED7C006CADEA /* RegisterViewController.h */,
				E922562F2222ED7C006CADEA /* RegisterViewController.m */,
			);
			path = Controllers;
			sourceTree = "<group>";
		};
		E922563B2222ED7C006CADEA /* Views */ = {
			isa = PBXGroup;
			children = (
				E99A5CC5222E576300EE6C86 /* ConversationCell.h */,
				E99A5CC6222E576300EE6C86 /* ConversationCell.m */,
				E99A5CCB222ECDBE00EE6C86 /* ParticipantCollectionCell.h */,
				E99A5CCC222ECDBE00EE6C86 /* ParticipantCollectionCell.m */,
				E99A5CCE222ECDE100EE6C86 /* ParticipantManageCell.h */,
				E99A5CCF222ECDE100EE6C86 /* ParticipantManageCell.m */,
				E922563E2222ED7C006CADEA /* MsgCell.h */,
				E92256432222ED7C006CADEA /* MsgCell.m */,
				E99A5CC8222E577900EE6C86 /* ContactCell.h */,
				E99A5CC9222E577900EE6C86 /* ContactCell.m */,
				E99A5CD1222ED9B600EE6C86 /* UserCell.h */,
				E99A5CD2222ED9B600EE6C86 /* UserCell.m */,
			);
			path = Views;
			sourceTree = "<group>";
		};
		E92256782222EE25006CADEA /* Frameworks */ = {
			isa = PBXGroup;
			children = (
				E9AFAADD22310B31001F95C6 /* FiniteStateMachine.framework */,
				E978172422254CC900BCE3AD /* MingKeMing.framework */,
				E978172222254CC600BCE3AD /* DaoKeDao.framework */,
				E978172022254CC000BCE3AD /* DIMCore.framework */,
				E978171E22254CBB00BCE3AD /* MarsGate.framework */,
				E922567E2222EF3D006CADEA /* WebKit.framework */,
			);
			name = Frameworks;
			sourceTree = "<group>";
		};
		E97816B92223E91600BCE3AD /* Products */ = {
			isa = PBXGroup;
			children = (
				E97816C22223E91600BCE3AD /* DIMClient.framework */,
				E97816C42223E91600BCE3AD /* DIMClientTests.xctest */,
			);
			name = Products;
			sourceTree = "<group>";
		};
		E979076E2254A3970024C830 /* media */ = {
			isa = PBXGroup;
			children = (
				E979076F2254A3970024C830 /* ImagePickerController.h */,
				E97907712254A3970024C830 /* ImagePickerController.m */,
			);
			path = media;
			sourceTree = "<group>";
		};
		E9790850225CB8030024C830 /* welcome */ = {
			isa = PBXGroup;
			children = (
				E9790851225CB8300024C830 /* WelcomeViewController.h */,
				E9790852225CB8300024C830 /* WelcomeViewController.m */,
				E9790854225CD4C50024C830 /* FirstAccountViewController.h */,
				E9790855225CD4C50024C830 /* FirstAccountViewController.m */,
			);
			path = welcome;
			sourceTree = "<group>";
		};
		E99A5C9C222D8B3400EE6C86 /* conversations */ = {
			isa = PBXGroup;
			children = (
				E99A5CA5222D8B3400EE6C86 /* ConversationsTableViewController.h */,
				E99A5C9F222D8B3400EE6C86 /* ConversationsTableViewController.m */,
				E99A5CA6222D8B3400EE6C86 /* ChatViewController.h */,
				E99A5CA1222D8B3400EE6C86 /* ChatViewController.m */,
				E9790815225A6E2C0024C830 /* ZoomInViewController.h */,
				E9790816225A6E2C0024C830 /* ZoomInViewController.m */,
				E99A5CA3222D8B3400EE6C86 /* ChatManageTableViewController.h */,
				E99A5C9D222D8B3400EE6C86 /* ChatManageTableViewController.m */,
				E99A5C9E222D8B3400EE6C86 /* ParticipantsCollectionViewController.h */,
				E99A5CA2222D8B3400EE6C86 /* ParticipantsCollectionViewController.m */,
				E99A5CA0222D8B3400EE6C86 /* ParticipantsManageTableViewController.h */,
				E99A5CA4222D8B3400EE6C86 /* ParticipantsManageTableViewController.m */,
			);
			path = conversations;
			sourceTree = "<group>";
		};
		E99A5CA7222D8B3400EE6C86 /* contacts */ = {
			isa = PBXGroup;
			children = (
				E99A5CA9222D8B3400EE6C86 /* ContactsTableViewController.h */,
				E99A5CAC222D8B3400EE6C86 /* ContactsTableViewController.m */,
				E99A5CBC222DA24B00EE6C86 /* SearchUsersTableViewController.h */,
				E99A5CBD222DA24B00EE6C86 /* SearchUsersTableViewController.m */,
				E99A5CA8222D8B3400EE6C86 /* ProfileTableViewController.h */,
				E99A5CAB222D8B3400EE6C86 /* ProfileTableViewController.m */,
			);
			path = contacts;
			sourceTree = "<group>";
		};
		E9BBC3702242B21200E6ACDA /* extends */ = {
			isa = PBXGroup;
			children = (
				E9BBC3732242B21200E6ACDA /* NSString+Extension.h */,
				E9BBC3792242B21200E6ACDA /* NSString+Extension.m */,
				E9E824A2224A6D1100A029F1 /* UIColor+Extension.h */,
				E9E824A3224A6D1100A029F1 /* UIColor+Extension.m */,
				E9BBC37A2242B21200E6ACDA /* UIImage+Extension.h */,
				E9BBC3752242B21200E6ACDA /* UIImage+Extension.m */,
				E9790819225A6F390024C830 /* UIStoryboard+Extension.h */,
				E979081A225A6F390024C830 /* UIStoryboard+Extension.m */,
				E9BBC3762242B21200E6ACDA /* UIStoryboardSegue+Extension.h */,
				E9BBC37C2242B21200E6ACDA /* UIStoryboardSegue+Extension.m */,
				E979080B2259CDA10024C830 /* UIView+Extension.h */,
				E979080C2259CDA10024C830 /* UIView+Extension.m */,
				E9E8250D224F5BBD00A029F1 /* UIButton+Extension.h */,
				E9E8250E224F5BBD00A029F1 /* UIButton+Extension.m */,
				E9BBC3722242B21200E6ACDA /* UIImageView+Extension.h */,
				E9BBC3772242B21200E6ACDA /* UIImageView+Extension.m */,
				E9BBC37B2242B21200E6ACDA /* UIViewController+Extension.h */,
				E9BBC3742242B21200E6ACDA /* UIViewController+Extension.m */,
				E9BBC3712242B21200E6ACDA /* DIMProfile+Extension.h */,
				E9BBC3782242B21200E6ACDA /* DIMProfile+Extension.m */,
				E979079B225520AA0024C830 /* DIMInstantMessage+Extension.h */,
				E979079C225520AA0024C830 /* DIMInstantMessage+Extension.m */,
			);
			path = extends;
			sourceTree = "<group>";
		};
/* End PBXGroup section */

/* Begin PBXNativeTarget section */
		E92255BE2222EC53006CADEA /* Sechat */ = {
			isa = PBXNativeTarget;
			buildConfigurationList = E92255EE2222EC56006CADEA /* Build configuration list for PBXNativeTarget "Sechat" */;
			buildPhases = (
				E92255BB2222EC53006CADEA /* Sources */,
				E92255BC2222EC53006CADEA /* Frameworks */,
				E92255BD2222EC53006CADEA /* Resources */,
				E978171522254AB000BCE3AD /* Embed Frameworks */,
			);
			buildRules = (
			);
			dependencies = (
				E978171422254AB000BCE3AD /* PBXTargetDependency */,
			);
			name = Sechat;
			productName = Sechat;
			productReference = E92255BF2222EC53006CADEA /* Sechat.app */;
			productType = "com.apple.product-type.application";
		};
		E92255D92222EC56006CADEA /* SechatTests */ = {
			isa = PBXNativeTarget;
			buildConfigurationList = E92255F12222EC56006CADEA /* Build configuration list for PBXNativeTarget "SechatTests" */;
			buildPhases = (
				E92255D62222EC56006CADEA /* Sources */,
				E92255D72222EC56006CADEA /* Frameworks */,
				E92255D82222EC56006CADEA /* Resources */,
			);
			buildRules = (
			);
			dependencies = (
				E92255DC2222EC56006CADEA /* PBXTargetDependency */,
			);
			name = SechatTests;
			productName = SechatTests;
			productReference = E92255DA2222EC56006CADEA /* SechatTests.xctest */;
			productType = "com.apple.product-type.bundle.unit-test";
		};
		E92255E42222EC56006CADEA /* SechatUITests */ = {
			isa = PBXNativeTarget;
			buildConfigurationList = E92255F42222EC56006CADEA /* Build configuration list for PBXNativeTarget "SechatUITests" */;
			buildPhases = (
				E92255E12222EC56006CADEA /* Sources */,
				E92255E22222EC56006CADEA /* Frameworks */,
				E92255E32222EC56006CADEA /* Resources */,
			);
			buildRules = (
			);
			dependencies = (
				E92255E72222EC56006CADEA /* PBXTargetDependency */,
			);
			name = SechatUITests;
			productName = SechatUITests;
			productReference = E92255E52222EC56006CADEA /* SechatUITests.xctest */;
			productType = "com.apple.product-type.bundle.ui-testing";
		};
/* End PBXNativeTarget section */

/* Begin PBXProject section */
		E92255B72222EC53006CADEA /* Project object */ = {
			isa = PBXProject;
			attributes = {
				LastUpgradeCheck = 1010;
				ORGANIZATIONNAME = "DIM Group";
				TargetAttributes = {
					E92255BE2222EC53006CADEA = {
						CreatedOnToolsVersion = 10.1;
						SystemCapabilities = {
							com.apple.Push = {
								enabled = 1;
							};
						};
					};
					E92255D92222EC56006CADEA = {
						CreatedOnToolsVersion = 10.1;
						TestTargetID = E92255BE2222EC53006CADEA;
					};
					E92255E42222EC56006CADEA = {
						CreatedOnToolsVersion = 10.1;
						TestTargetID = E92255BE2222EC53006CADEA;
					};
				};
			};
			buildConfigurationList = E92255BA2222EC53006CADEA /* Build configuration list for PBXProject "Sechat" */;
			compatibilityVersion = "Xcode 9.3";
			developmentRegion = en;
			hasScannedForEncodings = 0;
			knownRegions = (
				en,
				Base,
				"zh-Hans",
				"zh-Hant",
				"zh-HK",
			);
			mainGroup = E92255B62222EC53006CADEA;
			productRefGroup = E92255C02222EC53006CADEA /* Products */;
			projectDirPath = "";
			projectReferences = (
				{
					ProductGroup = E97816B92223E91600BCE3AD /* Products */;
					ProjectRef = E97816B82223E91600BCE3AD /* DIMClient.xcodeproj */;
				},
			);
			projectRoot = "";
			targets = (
				E92255BE2222EC53006CADEA /* Sechat */,
				E92255D92222EC56006CADEA /* SechatTests */,
				E92255E42222EC56006CADEA /* SechatUITests */,
			);
		};
/* End PBXProject section */

/* Begin PBXReferenceProxy section */
		E97816C22223E91600BCE3AD /* DIMClient.framework */ = {
			isa = PBXReferenceProxy;
			fileType = wrapper.framework;
			path = DIMClient.framework;
			remoteRef = E97816C12223E91600BCE3AD /* PBXContainerItemProxy */;
			sourceTree = BUILT_PRODUCTS_DIR;
		};
		E97816C42223E91600BCE3AD /* DIMClientTests.xctest */ = {
			isa = PBXReferenceProxy;
			fileType = wrapper.cfbundle;
			path = DIMClientTests.xctest;
			remoteRef = E97816C32223E91600BCE3AD /* PBXContainerItemProxy */;
			sourceTree = BUILT_PRODUCTS_DIR;
		};
/* End PBXReferenceProxy section */

/* Begin PBXResourcesBuildPhase section */
		E92255BD2222EC53006CADEA /* Resources */ = {
			isa = PBXResourcesBuildPhase;
			buildActionMask = 2147483647;
			files = (
				E979084B225CA8E20024C830 /* logo.png in Resources */,
				E92255D22222EC56006CADEA /* LaunchScreen.storyboard in Resources */,
				E9E82501224D198200A029F1 /* avatar-bg.png in Resources */,
				E9E824ED224CCFBB00A029F1 /* Localizable.strings in Resources */,
				E92256102222ED6B006CADEA /* gsp.plist in Resources */,
				E979084E225CB4D60024C830 /* checkbox_on.png in Resources */,
				E97816CE2223EAA700BCE3AD /* Assets.xcassets in Resources */,
				E9790863225D10240024C830 /* Welcome.storyboard in Resources */,
				E92255CD2222EC53006CADEA /* Main.storyboard in Resources */,
				E92256052222ED5A006CADEA /* Contacts.storyboard in Resources */,
				E92256042222ED5A006CADEA /* Profile.storyboard in Resources */,
				E92256062222ED5A006CADEA /* Account.storyboard in Resources */,
				E92256032222ED5A006CADEA /* Conversations.storyboard in Resources */,
				E979084F225CB4D60024C830 /* checkbox_off.png in Resources */,
				E92256112222ED6B006CADEA /* ChatViewImages.xcassets in Resources */,
			);
			runOnlyForDeploymentPostprocessing = 0;
		};
		E92255D82222EC56006CADEA /* Resources */ = {
			isa = PBXResourcesBuildPhase;
			buildActionMask = 2147483647;
			files = (
			);
			runOnlyForDeploymentPostprocessing = 0;
		};
		E92255E32222EC56006CADEA /* Resources */ = {
			isa = PBXResourcesBuildPhase;
			buildActionMask = 2147483647;
			files = (
			);
			runOnlyForDeploymentPostprocessing = 0;
		};
/* End PBXResourcesBuildPhase section */

/* Begin PBXSourcesBuildPhase section */
		E92255BB2222EC53006CADEA /* Sources */ = {
			isa = PBXSourcesBuildPhase;
			buildActionMask = 2147483647;
			files = (
				E97907732254A3970024C830 /* ImagePickerController.m in Sources */,
				E9BBC3832242B21200E6ACDA /* UIStoryboardSegue+Extension.m in Sources */,
				E9790817225A6E2C0024C830 /* ZoomInViewController.m in Sources */,
				E92256462222ED7C006CADEA /* User.m in Sources */,
				E92256452222ED7C006CADEA /* Facebook+Register.m in Sources */,
				E9790853225CB8300024C830 /* WelcomeViewController.m in Sources */,
				E92255C42222EC53006CADEA /* AppDelegate.m in Sources */,
				E9E824A4224A6D1100A029F1 /* UIColor+Extension.m in Sources */,
				E979080D2259CDA10024C830 /* UIView+Extension.m in Sources */,
				E9BBC37E2242B21200E6ACDA /* UIViewController+Extension.m in Sources */,
				E9790856225CD4C50024C830 /* FirstAccountViewController.m in Sources */,
				E99A5CD3222ED9B600EE6C86 /* UserCell.m in Sources */,
				E99A5CB3222D8B3400EE6C86 /* ProfileTableViewController.m in Sources */,
				E92255D52222EC56006CADEA /* main.m in Sources */,
				E922564A2222ED7C006CADEA /* Client.m in Sources */,
				E92256502222ED7C006CADEA /* RegisterViewController.m in Sources */,
				E979079D225520AA0024C830 /* DIMInstantMessage+Extension.m in Sources */,
				E99A5CCA222E577900EE6C86 /* ContactCell.m in Sources */,
				E99A5CC7222E576300EE6C86 /* ConversationCell.m in Sources */,
				E979081B225A6F390024C830 /* UIStoryboard+Extension.m in Sources */,
				E99A5CB4222D8B3400EE6C86 /* ContactsTableViewController.m in Sources */,
				E92256512222ED7C006CADEA /* AccountTableViewController.m in Sources */,
				E92256482222ED7C006CADEA /* MessageProcessor.m in Sources */,
				E9BBC37F2242B21200E6ACDA /* UIImage+Extension.m in Sources */,
				E9BBC3812242B21200E6ACDA /* DIMProfile+Extension.m in Sources */,
				E9AFAB6422352E09001F95C6 /* MessageProcessor+GroupCommand.m in Sources */,
				E92256552222ED7C006CADEA /* AccountEditViewController.m in Sources */,
				E9E8250F224F5BBD00A029F1 /* UIButton+Extension.m in Sources */,
				E99A5CBE222DA24B00EE6C86 /* SearchUsersTableViewController.m in Sources */,
				E9BBC3802242B21200E6ACDA /* UIImageView+Extension.m in Sources */,
				E9BBC3822242B21200E6ACDA /* NSString+Extension.m in Sources */,
				E99A5CD0222ECDE100EE6C86 /* ParticipantManageCell.m in Sources */,
				E99A5CB2222D8B3400EE6C86 /* ParticipantsManageTableViewController.m in Sources */,
				E99A5CAF222D8B3400EE6C86 /* ConversationsTableViewController.m in Sources */,
				E99A5CB1222D8B3400EE6C86 /* ParticipantsCollectionViewController.m in Sources */,
				E922565A2222ED7C006CADEA /* MsgCell.m in Sources */,
				E99A5CCD222ECDBE00EE6C86 /* ParticipantCollectionCell.m in Sources */,
				E99A5CB0222D8B3400EE6C86 /* ChatViewController.m in Sources */,
				E9790836225B666F0024C830 /* WebViewController.m in Sources */,
				E99A5CAE222D8B3400EE6C86 /* ChatManageTableViewController.m in Sources */,
				E92256492222ED7C006CADEA /* Facebook.m in Sources */,
			);
			runOnlyForDeploymentPostprocessing = 0;
		};
		E92255D62222EC56006CADEA /* Sources */ = {
			isa = PBXSourcesBuildPhase;
			buildActionMask = 2147483647;
			files = (
				E92255DF2222EC56006CADEA /* SechatTests.m in Sources */,
			);
			runOnlyForDeploymentPostprocessing = 0;
		};
		E92255E12222EC56006CADEA /* Sources */ = {
			isa = PBXSourcesBuildPhase;
			buildActionMask = 2147483647;
			files = (
				E92255EA2222EC56006CADEA /* SechatUITests.m in Sources */,
			);
			runOnlyForDeploymentPostprocessing = 0;
		};
/* End PBXSourcesBuildPhase section */

/* Begin PBXTargetDependency section */
		E92255DC2222EC56006CADEA /* PBXTargetDependency */ = {
			isa = PBXTargetDependency;
			target = E92255BE2222EC53006CADEA /* Sechat */;
			targetProxy = E92255DB2222EC56006CADEA /* PBXContainerItemProxy */;
		};
		E92255E72222EC56006CADEA /* PBXTargetDependency */ = {
			isa = PBXTargetDependency;
			target = E92255BE2222EC53006CADEA /* Sechat */;
			targetProxy = E92255E62222EC56006CADEA /* PBXContainerItemProxy */;
		};
		E978171422254AB000BCE3AD /* PBXTargetDependency */ = {
			isa = PBXTargetDependency;
			name = DIMClient;
			targetProxy = E978171322254AB000BCE3AD /* PBXContainerItemProxy */;
		};
/* End PBXTargetDependency section */

/* Begin PBXVariantGroup section */
		E92255CB2222EC53006CADEA /* Main.storyboard */ = {
			isa = PBXVariantGroup;
			children = (
				E92255CC2222EC53006CADEA /* Base */,
				E9E824D8224CBDF700A029F1 /* zh-Hans */,
				E9E824DF224CBE0800A029F1 /* zh-Hant */,
				E9E824E5224CBE1200A029F1 /* zh-HK */,
			);
			name = Main.storyboard;
			sourceTree = "<group>";
		};
		E92255D02222EC56006CADEA /* LaunchScreen.storyboard */ = {
			isa = PBXVariantGroup;
			children = (
				E92255D12222EC56006CADEA /* Base */,
				E9E824DE224CBDF900A029F1 /* zh-Hans */,
				E9E824E4224CBE0900A029F1 /* zh-Hant */,
				E9E824EA224CBE1200A029F1 /* zh-HK */,
			);
			name = LaunchScreen.storyboard;
			sourceTree = "<group>";
		};
		E92255FB2222ED59006CADEA /* Conversations.storyboard */ = {
			isa = PBXVariantGroup;
			children = (
				E92255FC2222ED59006CADEA /* Base */,
				E9E824DB224CBDF800A029F1 /* zh-Hans */,
				E9E824E2224CBE0800A029F1 /* zh-Hant */,
				E9E824E8224CBE1200A029F1 /* zh-HK */,
			);
			name = Conversations.storyboard;
			sourceTree = "<group>";
		};
		E92255FD2222ED59006CADEA /* Profile.storyboard */ = {
			isa = PBXVariantGroup;
			children = (
				E92255FE2222ED59006CADEA /* Base */,
				E97907B9225668B90024C830 /* zh-Hans */,
				E97907BB225668BC0024C830 /* zh-Hant */,
				E97907BD225668BE0024C830 /* zh-HK */,
			);
			name = Profile.storyboard;
			sourceTree = "<group>";
		};
		E92255FF2222ED59006CADEA /* Contacts.storyboard */ = {
			isa = PBXVariantGroup;
			children = (
				E92256002222ED59006CADEA /* Base */,
				E9E824DA224CBDF800A029F1 /* zh-Hans */,
				E9E824E1224CBE0800A029F1 /* zh-Hant */,
				E9E824E7224CBE1200A029F1 /* zh-HK */,
			);
			name = Contacts.storyboard;
			sourceTree = "<group>";
		};
		E92256012222ED59006CADEA /* Account.storyboard */ = {
			isa = PBXVariantGroup;
			children = (
				E92256022222ED59006CADEA /* Base */,
				E9E824D9224CBDF800A029F1 /* zh-Hans */,
				E9E824E0224CBE0800A029F1 /* zh-Hant */,
				E9E824E6224CBE1200A029F1 /* zh-HK */,
			);
			name = Account.storyboard;
			sourceTree = "<group>";
		};
		E9790865225D10240024C830 /* Welcome.storyboard */ = {
			isa = PBXVariantGroup;
			children = (
				E9790864225D10240024C830 /* Base */,
				E9790868225D102B0024C830 /* zh-Hans */,
				E979086A225D102E0024C830 /* zh-Hant */,
				E979086C225D10300024C830 /* zh-HK */,
			);
			name = Welcome.storyboard;
			sourceTree = "<group>";
		};
		E9E824EF224CCFBB00A029F1 /* Localizable.strings */ = {
			isa = PBXVariantGroup;
			children = (
				E9E824F0224CCFFB00A029F1 /* zh-Hans */,
				E9E824F1224CCFFF00A029F1 /* zh-Hant */,
				E9E824F2224CD00000A029F1 /* zh-HK */,
			);
			name = Localizable.strings;
			sourceTree = "<group>";
		};
/* End PBXVariantGroup section */

/* Begin XCBuildConfiguration section */
		E92255EC2222EC56006CADEA /* Debug */ = {
			isa = XCBuildConfiguration;
			buildSettings = {
				ALWAYS_SEARCH_USER_PATHS = NO;
				CLANG_ANALYZER_LOCALIZABILITY_NONLOCALIZED = YES;
				CLANG_ANALYZER_NONNULL = YES;
				CLANG_ANALYZER_NUMBER_OBJECT_CONVERSION = YES_AGGRESSIVE;
				CLANG_CXX_LANGUAGE_STANDARD = "gnu++14";
				CLANG_CXX_LIBRARY = "libc++";
				CLANG_ENABLE_MODULES = YES;
				CLANG_ENABLE_OBJC_ARC = YES;
				CLANG_ENABLE_OBJC_WEAK = YES;
				CLANG_WARN_BLOCK_CAPTURE_AUTORELEASING = YES;
				CLANG_WARN_BOOL_CONVERSION = YES;
				CLANG_WARN_COMMA = YES;
				CLANG_WARN_CONSTANT_CONVERSION = YES;
				CLANG_WARN_DEPRECATED_OBJC_IMPLEMENTATIONS = YES;
				CLANG_WARN_DIRECT_OBJC_ISA_USAGE = YES_ERROR;
				CLANG_WARN_DOCUMENTATION_COMMENTS = YES;
				CLANG_WARN_EMPTY_BODY = YES;
				CLANG_WARN_ENUM_CONVERSION = YES;
				CLANG_WARN_INFINITE_RECURSION = YES;
				CLANG_WARN_INT_CONVERSION = YES;
				CLANG_WARN_NON_LITERAL_NULL_CONVERSION = YES;
				CLANG_WARN_OBJC_IMPLICIT_RETAIN_SELF = YES;
				CLANG_WARN_OBJC_LITERAL_CONVERSION = YES;
				CLANG_WARN_OBJC_ROOT_CLASS = YES_ERROR;
				CLANG_WARN_RANGE_LOOP_ANALYSIS = YES;
				CLANG_WARN_STRICT_PROTOTYPES = YES;
				CLANG_WARN_SUSPICIOUS_MOVE = YES;
				CLANG_WARN_UNGUARDED_AVAILABILITY = YES_AGGRESSIVE;
				CLANG_WARN_UNREACHABLE_CODE = YES;
				CLANG_WARN__DUPLICATE_METHOD_MATCH = YES;
				CODE_SIGN_IDENTITY = "iPhone Developer";
				COPY_PHASE_STRIP = NO;
				DEBUG_INFORMATION_FORMAT = dwarf;
				ENABLE_BITCODE = YES;
				ENABLE_STRICT_OBJC_MSGSEND = YES;
				ENABLE_TESTABILITY = YES;
				GCC_C_LANGUAGE_STANDARD = gnu11;
				GCC_DYNAMIC_NO_PIC = NO;
				GCC_NO_COMMON_BLOCKS = YES;
				GCC_OPTIMIZATION_LEVEL = 0;
				GCC_PREPROCESSOR_DEFINITIONS = (
					"DEBUG=1",
					"$(inherited)",
				);
				GCC_WARN_64_TO_32_BIT_CONVERSION = YES;
				GCC_WARN_ABOUT_RETURN_TYPE = YES_ERROR;
				GCC_WARN_UNDECLARED_SELECTOR = YES;
				GCC_WARN_UNINITIALIZED_AUTOS = YES_AGGRESSIVE;
				GCC_WARN_UNUSED_FUNCTION = YES;
				GCC_WARN_UNUSED_VARIABLE = YES;
				IPHONEOS_DEPLOYMENT_TARGET = 11.0;
				MTL_ENABLE_DEBUG_INFO = INCLUDE_SOURCE;
				MTL_FAST_MATH = YES;
				ONLY_ACTIVE_ARCH = YES;
				SDKROOT = iphoneos;
			};
			name = Debug;
		};
		E92255ED2222EC56006CADEA /* Release */ = {
			isa = XCBuildConfiguration;
			buildSettings = {
				ALWAYS_SEARCH_USER_PATHS = NO;
				CLANG_ANALYZER_LOCALIZABILITY_NONLOCALIZED = YES;
				CLANG_ANALYZER_NONNULL = YES;
				CLANG_ANALYZER_NUMBER_OBJECT_CONVERSION = YES_AGGRESSIVE;
				CLANG_CXX_LANGUAGE_STANDARD = "gnu++14";
				CLANG_CXX_LIBRARY = "libc++";
				CLANG_ENABLE_MODULES = YES;
				CLANG_ENABLE_OBJC_ARC = YES;
				CLANG_ENABLE_OBJC_WEAK = YES;
				CLANG_WARN_BLOCK_CAPTURE_AUTORELEASING = YES;
				CLANG_WARN_BOOL_CONVERSION = YES;
				CLANG_WARN_COMMA = YES;
				CLANG_WARN_CONSTANT_CONVERSION = YES;
				CLANG_WARN_DEPRECATED_OBJC_IMPLEMENTATIONS = YES;
				CLANG_WARN_DIRECT_OBJC_ISA_USAGE = YES_ERROR;
				CLANG_WARN_DOCUMENTATION_COMMENTS = YES;
				CLANG_WARN_EMPTY_BODY = YES;
				CLANG_WARN_ENUM_CONVERSION = YES;
				CLANG_WARN_INFINITE_RECURSION = YES;
				CLANG_WARN_INT_CONVERSION = YES;
				CLANG_WARN_NON_LITERAL_NULL_CONVERSION = YES;
				CLANG_WARN_OBJC_IMPLICIT_RETAIN_SELF = YES;
				CLANG_WARN_OBJC_LITERAL_CONVERSION = YES;
				CLANG_WARN_OBJC_ROOT_CLASS = YES_ERROR;
				CLANG_WARN_RANGE_LOOP_ANALYSIS = YES;
				CLANG_WARN_STRICT_PROTOTYPES = YES;
				CLANG_WARN_SUSPICIOUS_MOVE = YES;
				CLANG_WARN_UNGUARDED_AVAILABILITY = YES_AGGRESSIVE;
				CLANG_WARN_UNREACHABLE_CODE = YES;
				CLANG_WARN__DUPLICATE_METHOD_MATCH = YES;
				CODE_SIGN_IDENTITY = "iPhone Developer";
				COPY_PHASE_STRIP = NO;
				DEBUG_INFORMATION_FORMAT = "dwarf-with-dsym";
				ENABLE_BITCODE = YES;
				ENABLE_NS_ASSERTIONS = NO;
				ENABLE_STRICT_OBJC_MSGSEND = YES;
				GCC_C_LANGUAGE_STANDARD = gnu11;
				GCC_NO_COMMON_BLOCKS = YES;
				GCC_WARN_64_TO_32_BIT_CONVERSION = YES;
				GCC_WARN_ABOUT_RETURN_TYPE = YES_ERROR;
				GCC_WARN_UNDECLARED_SELECTOR = YES;
				GCC_WARN_UNINITIALIZED_AUTOS = YES_AGGRESSIVE;
				GCC_WARN_UNUSED_FUNCTION = YES;
				GCC_WARN_UNUSED_VARIABLE = YES;
				IPHONEOS_DEPLOYMENT_TARGET = 11.0;
				MTL_ENABLE_DEBUG_INFO = NO;
				MTL_FAST_MATH = YES;
				SDKROOT = iphoneos;
				VALIDATE_PRODUCT = YES;
			};
			name = Release;
		};
		E92255EF2222EC56006CADEA /* Debug */ = {
			isa = XCBuildConfiguration;
			buildSettings = {
				ASSETCATALOG_COMPILER_APPICON_NAME = AppIcon;
				CODE_SIGN_ENTITLEMENTS = Sechat/Sechat.entitlements;
				CODE_SIGN_IDENTITY = "iPhone Developer";
				CODE_SIGN_STYLE = Automatic;
				DEVELOPMENT_TEAM = 64J35P7HJ6;
				ENABLE_BITCODE = YES;
				HEADER_SEARCH_PATHS = (
					"../../client-objc/Classes/**",
					"../../core-objc/Classes/**",
					"../../mkm-objc/Classes/**",
				);
				INFOPLIST_FILE = Sechat/Info.plist;
				IPHONEOS_DEPLOYMENT_TARGET = 11.0;
				LD_RUNPATH_SEARCH_PATHS = (
					"$(inherited)",
					"@executable_path/Frameworks",
				);
				PRODUCT_BUNDLE_IDENTIFIER = chat.dim.sechat;
				PRODUCT_NAME = "$(TARGET_NAME)";
				PROVISIONING_PROFILE_SPECIFIER = "";
				TARGETED_DEVICE_FAMILY = "1,2";
			};
			name = Debug;
		};
		E92255F02222EC56006CADEA /* Release */ = {
			isa = XCBuildConfiguration;
			buildSettings = {
				ASSETCATALOG_COMPILER_APPICON_NAME = AppIcon;
				CODE_SIGN_ENTITLEMENTS = Sechat/Sechat.entitlements;
				CODE_SIGN_IDENTITY = "iPhone Developer";
				CODE_SIGN_STYLE = Automatic;
				DEVELOPMENT_TEAM = 64J35P7HJ6;
				ENABLE_BITCODE = YES;
				HEADER_SEARCH_PATHS = (
					"../../client-objc/Classes/**",
					"../../core-objc/Classes/**",
					"../../mkm-objc/Classes/**",
				);
				INFOPLIST_FILE = Sechat/Info.plist;
				IPHONEOS_DEPLOYMENT_TARGET = 11.0;
				LD_RUNPATH_SEARCH_PATHS = (
					"$(inherited)",
					"@executable_path/Frameworks",
				);
				PRODUCT_BUNDLE_IDENTIFIER = chat.dim.sechat;
				PRODUCT_NAME = "$(TARGET_NAME)";
				PROVISIONING_PROFILE_SPECIFIER = "";
				TARGETED_DEVICE_FAMILY = "1,2";
			};
			name = Release;
		};
		E92255F22222EC56006CADEA /* Debug */ = {
			isa = XCBuildConfiguration;
			buildSettings = {
				BUNDLE_LOADER = "$(TEST_HOST)";
				CODE_SIGN_STYLE = Automatic;
				DEVELOPMENT_TEAM = JUVC7SZJE7;
				INFOPLIST_FILE = SechatTests/Info.plist;
				LD_RUNPATH_SEARCH_PATHS = (
					"$(inherited)",
					"@executable_path/Frameworks",
					"@loader_path/Frameworks",
				);
				PRODUCT_BUNDLE_IDENTIFIER = DIM.SechatTests;
				PRODUCT_NAME = "$(TARGET_NAME)";
				TARGETED_DEVICE_FAMILY = "1,2";
				TEST_HOST = "$(BUILT_PRODUCTS_DIR)/Sechat.app/Sechat";
			};
			name = Debug;
		};
		E92255F32222EC56006CADEA /* Release */ = {
			isa = XCBuildConfiguration;
			buildSettings = {
				BUNDLE_LOADER = "$(TEST_HOST)";
				CODE_SIGN_STYLE = Automatic;
				DEVELOPMENT_TEAM = JUVC7SZJE7;
				INFOPLIST_FILE = SechatTests/Info.plist;
				LD_RUNPATH_SEARCH_PATHS = (
					"$(inherited)",
					"@executable_path/Frameworks",
					"@loader_path/Frameworks",
				);
				PRODUCT_BUNDLE_IDENTIFIER = DIM.SechatTests;
				PRODUCT_NAME = "$(TARGET_NAME)";
				TARGETED_DEVICE_FAMILY = "1,2";
				TEST_HOST = "$(BUILT_PRODUCTS_DIR)/Sechat.app/Sechat";
			};
			name = Release;
		};
		E92255F52222EC56006CADEA /* Debug */ = {
			isa = XCBuildConfiguration;
			buildSettings = {
				CODE_SIGN_STYLE = Automatic;
				DEVELOPMENT_TEAM = JUVC7SZJE7;
				INFOPLIST_FILE = SechatUITests/Info.plist;
				LD_RUNPATH_SEARCH_PATHS = (
					"$(inherited)",
					"@executable_path/Frameworks",
					"@loader_path/Frameworks",
				);
				PRODUCT_BUNDLE_IDENTIFIER = DIM.SechatUITests;
				PRODUCT_NAME = "$(TARGET_NAME)";
				TARGETED_DEVICE_FAMILY = "1,2";
				TEST_TARGET_NAME = Sechat;
			};
			name = Debug;
		};
		E92255F62222EC56006CADEA /* Release */ = {
			isa = XCBuildConfiguration;
			buildSettings = {
				CODE_SIGN_STYLE = Automatic;
				DEVELOPMENT_TEAM = JUVC7SZJE7;
				INFOPLIST_FILE = SechatUITests/Info.plist;
				LD_RUNPATH_SEARCH_PATHS = (
					"$(inherited)",
					"@executable_path/Frameworks",
					"@loader_path/Frameworks",
				);
				PRODUCT_BUNDLE_IDENTIFIER = DIM.SechatUITests;
				PRODUCT_NAME = "$(TARGET_NAME)";
				TARGETED_DEVICE_FAMILY = "1,2";
				TEST_TARGET_NAME = Sechat;
			};
			name = Release;
		};
/* End XCBuildConfiguration section */

/* Begin XCConfigurationList section */
		E92255BA2222EC53006CADEA /* Build configuration list for PBXProject "Sechat" */ = {
			isa = XCConfigurationList;
			buildConfigurations = (
				E92255EC2222EC56006CADEA /* Debug */,
				E92255ED2222EC56006CADEA /* Release */,
			);
			defaultConfigurationIsVisible = 0;
			defaultConfigurationName = Release;
		};
		E92255EE2222EC56006CADEA /* Build configuration list for PBXNativeTarget "Sechat" */ = {
			isa = XCConfigurationList;
			buildConfigurations = (
				E92255EF2222EC56006CADEA /* Debug */,
				E92255F02222EC56006CADEA /* Release */,
			);
			defaultConfigurationIsVisible = 0;
			defaultConfigurationName = Release;
		};
		E92255F12222EC56006CADEA /* Build configuration list for PBXNativeTarget "SechatTests" */ = {
			isa = XCConfigurationList;
			buildConfigurations = (
				E92255F22222EC56006CADEA /* Debug */,
				E92255F32222EC56006CADEA /* Release */,
			);
			defaultConfigurationIsVisible = 0;
			defaultConfigurationName = Release;
		};
		E92255F42222EC56006CADEA /* Build configuration list for PBXNativeTarget "SechatUITests" */ = {
			isa = XCConfigurationList;
			buildConfigurations = (
				E92255F52222EC56006CADEA /* Debug */,
				E92255F62222EC56006CADEA /* Release */,
			);
			defaultConfigurationIsVisible = 0;
			defaultConfigurationName = Release;
		};
/* End XCConfigurationList section */
	};
	rootObject = E92255B72222EC53006CADEA /* Project object */;
}
