// !$*UTF8*$!
{
	archiveVersion = 1;
	classes = {
	};
	objectVersion = 50;
	objects = {

/* Begin PBXBuildFile section */
		520A0ED12359BC1D00493E2F /* UILabel+Copyable.m in Sources */ = {isa = PBXBuildFile; fileRef = 520A0ED02359BC1D00493E2F /* UILabel+Copyable.m */; };
		520A0ED22359BC1D00493E2F /* UILabel+Copyable.m in Sources */ = {isa = PBXBuildFile; fileRef = 520A0ED02359BC1D00493E2F /* UILabel+Copyable.m */; };
		5216EF03231FAA0500AF3DFE /* dim@4TM96qQmGx1UuGtwkdyJAXbZVXufFeT1Xf in Resources */ = {isa = PBXBuildFile; fileRef = 5216EF01231FAA0500AF3DFE /* dim@4TM96qQmGx1UuGtwkdyJAXbZVXufFeT1Xf */; };
		5216EF04231FAA0500AF3DFE /* baloo@4LA5FNbpxP38UresZVpfWroC2GVomDDZ7q in Resources */ = {isa = PBXBuildFile; fileRef = 5216EF02231FAA0500AF3DFE /* baloo@4LA5FNbpxP38UresZVpfWroC2GVomDDZ7q */; };
		522EA28E2341953D00FC3BB8 /* BadgeView.m in Sources */ = {isa = PBXBuildFile; fileRef = 522EA28C2341953C00FC3BB8 /* BadgeView.m */; };
		522EA28F2341953D00FC3BB8 /* BadgeView.m in Sources */ = {isa = PBXBuildFile; fileRef = 522EA28C2341953C00FC3BB8 /* BadgeView.m */; };
		52311E592360451C00F6A9C7 /* DIMCommand+Extension.m in Sources */ = {isa = PBXBuildFile; fileRef = 52311E582360451C00F6A9C7 /* DIMCommand+Extension.m */; };
		5242949923347ED300E8DA05 /* SentMessageCell.m in Sources */ = {isa = PBXBuildFile; fileRef = 5242949523347ED300E8DA05 /* SentMessageCell.m */; };
		5242949A23347ED300E8DA05 /* ReceiveMessageCell.m in Sources */ = {isa = PBXBuildFile; fileRef = 5242949623347ED300E8DA05 /* ReceiveMessageCell.m */; };
		5242949B23347ED300E8DA05 /* GuideCell.m in Sources */ = {isa = PBXBuildFile; fileRef = 5242949723347ED300E8DA05 /* GuideCell.m */; };
		5242949C23347ED300E8DA05 /* TimeCell.m in Sources */ = {isa = PBXBuildFile; fileRef = 5242949823347ED300E8DA05 /* TimeCell.m */; };
		5242949F2334829900E8DA05 /* CommandMessageCell.m in Sources */ = {isa = PBXBuildFile; fileRef = 5242949D2334829900E8DA05 /* CommandMessageCell.m */; };
		524294A22334B7E600E8DA05 /* MessageCell.m in Sources */ = {isa = PBXBuildFile; fileRef = 524294A12334B7E600E8DA05 /* MessageCell.m */; };
		52844B792362A6C7006B4C03 /* SwitchCell.m in Sources */ = {isa = PBXBuildFile; fileRef = 52844B782362A6C6006B4C03 /* SwitchCell.m */; };
		52844B7A2362A6C7006B4C03 /* SwitchCell.m in Sources */ = {isa = PBXBuildFile; fileRef = 52844B782362A6C6006B4C03 /* SwitchCell.m */; };
		52876E0322C20217006F0655 /* ImportAccountViewController.m in Sources */ = {isa = PBXBuildFile; fileRef = 52876E0122C20217006F0655 /* ImportAccountViewController.m */; };
		52876E0422C20217006F0655 /* ImportAccountViewController.xib in Resources */ = {isa = PBXBuildFile; fileRef = 52876E0222C20217006F0655 /* ImportAccountViewController.xib */; };
		52B958012359D874009BB556 /* assistant@2PpB6iscuBjA15oTjAsiswoX9qis5V3c1Dq in Resources */ = {isa = PBXBuildFile; fileRef = 52B957FF2359D873009BB556 /* assistant@2PpB6iscuBjA15oTjAsiswoX9qis5V3c1Dq */; };
		52B958022359D874009BB556 /* assistant@2PpB6iscuBjA15oTjAsiswoX9qis5V3c1Dq in Resources */ = {isa = PBXBuildFile; fileRef = 52B957FF2359D873009BB556 /* assistant@2PpB6iscuBjA15oTjAsiswoX9qis5V3c1Dq */; };
		52BED8F92330C78A00886CCD /* RegisterViewController.m in Sources */ = {isa = PBXBuildFile; fileRef = 52BED8F72330C78A00886CCD /* RegisterViewController.m */; };
		52CE693323619FE500DEC951 /* DIMCommand+Extension.m in Sources */ = {isa = PBXBuildFile; fileRef = 52311E582360451C00F6A9C7 /* DIMCommand+Extension.m */; };
		52DBA3182340376B0000C2B4 /* libsqlite3.tbd in Frameworks */ = {isa = PBXBuildFile; fileRef = 52DBA317234037590000C2B4 /* libsqlite3.tbd */; };
		52DBA3232340F2F90000C2B4 /* ImagePickerController.m in Sources */ = {isa = PBXBuildFile; fileRef = E97907712254A3970024C830 /* ImagePickerController.m */; };
		52DBA3242340F2F90000C2B4 /* UIStoryboardSegue+Extension.m in Sources */ = {isa = PBXBuildFile; fileRef = E9BBC37C2242B21200E6ACDA /* UIStoryboardSegue+Extension.m */; };
		52DBA3252340F2F90000C2B4 /* ZoomInViewController.m in Sources */ = {isa = PBXBuildFile; fileRef = E9790816225A6E2C0024C830 /* ZoomInViewController.m */; };
		52DBA3262340F2F90000C2B4 /* User.m in Sources */ = {isa = PBXBuildFile; fileRef = E922561A2222ED7C006CADEA /* User.m */; };
		52DBA3272340F2F90000C2B4 /* Facebook+Register.m in Sources */ = {isa = PBXBuildFile; fileRef = E92256192222ED7C006CADEA /* Facebook+Register.m */; };
		52DBA3282340F2F90000C2B4 /* CommandMessageCell.m in Sources */ = {isa = PBXBuildFile; fileRef = 5242949D2334829900E8DA05 /* CommandMessageCell.m */; };
		52DBA3292340F2F90000C2B4 /* WelcomeViewController.m in Sources */ = {isa = PBXBuildFile; fileRef = E9790852225CB8300024C830 /* WelcomeViewController.m */; };
		52DBA32A2340F2F90000C2B4 /* AppDelegate.m in Sources */ = {isa = PBXBuildFile; fileRef = E92255C32222EC53006CADEA /* AppDelegate.m */; };
		52DBA32B2340F2F90000C2B4 /* UIColor+Extension.m in Sources */ = {isa = PBXBuildFile; fileRef = E9E824A3224A6D1100A029F1 /* UIColor+Extension.m */; };
		52DBA32C2340F2F90000C2B4 /* UIView+Extension.m in Sources */ = {isa = PBXBuildFile; fileRef = E979080C2259CDA10024C830 /* UIView+Extension.m */; };
		52DBA32D2340F2F90000C2B4 /* UIViewController+Extension.m in Sources */ = {isa = PBXBuildFile; fileRef = E9BBC3742242B21200E6ACDA /* UIViewController+Extension.m */; };
		52DBA32E2340F2F90000C2B4 /* RegisterViewController.m in Sources */ = {isa = PBXBuildFile; fileRef = 52BED8F72330C78A00886CCD /* RegisterViewController.m */; };
		52DBA32F2340F2F90000C2B4 /* ProfileTableViewController.m in Sources */ = {isa = PBXBuildFile; fileRef = E99A5CAB222D8B3400EE6C86 /* ProfileTableViewController.m */; };
		52DBA3302340F2F90000C2B4 /* main.m in Sources */ = {isa = PBXBuildFile; fileRef = E92255D42222EC56006CADEA /* main.m */; };
		52DBA3312340F2F90000C2B4 /* Client.m in Sources */ = {isa = PBXBuildFile; fileRef = E92256222222ED7C006CADEA /* Client.m */; };
		52DBA3322340F2F90000C2B4 /* UIScrollView+Extension.m in Sources */ = {isa = PBXBuildFile; fileRef = E9060E8A22677FE80000DA35 /* UIScrollView+Extension.m */; };
		52DBA3332340F2F90000C2B4 /* SentMessageCell.m in Sources */ = {isa = PBXBuildFile; fileRef = 5242949523347ED300E8DA05 /* SentMessageCell.m */; };
		52DBA3342340F2F90000C2B4 /* GuideCell.m in Sources */ = {isa = PBXBuildFile; fileRef = 5242949723347ED300E8DA05 /* GuideCell.m */; };
		52DBA3352340F2F90000C2B4 /* DIMInstantMessage+Extension.m in Sources */ = {isa = PBXBuildFile; fileRef = E979079C225520AA0024C830 /* DIMInstantMessage+Extension.m */; };
		52DBA3362340F2F90000C2B4 /* ContactCell.m in Sources */ = {isa = PBXBuildFile; fileRef = E99A5CC9222E577900EE6C86 /* ContactCell.m */; };
		52DBA3372340F2F90000C2B4 /* ConversationCell.m in Sources */ = {isa = PBXBuildFile; fileRef = E99A5CC6222E576300EE6C86 /* ConversationCell.m */; };
		52DBA3382340F2F90000C2B4 /* UIStoryboard+Extension.m in Sources */ = {isa = PBXBuildFile; fileRef = E979081A225A6F390024C830 /* UIStoryboard+Extension.m */; };
		52DBA3392340F2F90000C2B4 /* ContactsTableViewController.m in Sources */ = {isa = PBXBuildFile; fileRef = E99A5CAC222D8B3400EE6C86 /* ContactsTableViewController.m */; };
		52DBA33A2340F2F90000C2B4 /* ImportAccountViewController.m in Sources */ = {isa = PBXBuildFile; fileRef = 52876E0122C20217006F0655 /* ImportAccountViewController.m */; };
		52DBA33B2340F2F90000C2B4 /* ReceiveMessageCell.m in Sources */ = {isa = PBXBuildFile; fileRef = 5242949623347ED300E8DA05 /* ReceiveMessageCell.m */; };
		52DBA33C2340F2F90000C2B4 /* AccountTableViewController.m in Sources */ = {isa = PBXBuildFile; fileRef = E92256312222ED7C006CADEA /* AccountTableViewController.m */; };
		52DBA33D2340F2F90000C2B4 /* MessageDatabase.m in Sources */ = {isa = PBXBuildFile; fileRef = E922561D2222ED7C006CADEA /* MessageDatabase.m */; };
		52DBA33E2340F2F90000C2B4 /* UIImage+Extension.m in Sources */ = {isa = PBXBuildFile; fileRef = E9BBC3752242B21200E6ACDA /* UIImage+Extension.m */; };
		52DBA33F2340F2F90000C2B4 /* DIMProfile+Extension.m in Sources */ = {isa = PBXBuildFile; fileRef = E9BBC3782242B21200E6ACDA /* DIMProfile+Extension.m */; };
		52DBA3412340F2F90000C2B4 /* AccountEditViewController.m in Sources */ = {isa = PBXBuildFile; fileRef = E92256372222ED7C006CADEA /* AccountEditViewController.m */; };
		52DBA3422340F2F90000C2B4 /* UIButton+Extension.m in Sources */ = {isa = PBXBuildFile; fileRef = E9E8250E224F5BBD00A029F1 /* UIButton+Extension.m */; };
		52DBA3432340F2F90000C2B4 /* SearchUsersTableViewController.m in Sources */ = {isa = PBXBuildFile; fileRef = E99A5CBD222DA24B00EE6C86 /* SearchUsersTableViewController.m */; };
		52DBA3442340F2F90000C2B4 /* MessageCell.m in Sources */ = {isa = PBXBuildFile; fileRef = 524294A12334B7E600E8DA05 /* MessageCell.m */; };
		52DBA3452340F2F90000C2B4 /* TimeCell.m in Sources */ = {isa = PBXBuildFile; fileRef = 5242949823347ED300E8DA05 /* TimeCell.m */; };
		52DBA3462340F2F90000C2B4 /* UIImageView+Extension.m in Sources */ = {isa = PBXBuildFile; fileRef = E9BBC3772242B21200E6ACDA /* UIImageView+Extension.m */; };
		52DBA3472340F2F90000C2B4 /* NSString+Extension.m in Sources */ = {isa = PBXBuildFile; fileRef = E9BBC3792242B21200E6ACDA /* NSString+Extension.m */; };
		52DBA3482340F2F90000C2B4 /* ParticipantManageCell.m in Sources */ = {isa = PBXBuildFile; fileRef = E99A5CCF222ECDE100EE6C86 /* ParticipantManageCell.m */; };
		52DBA3492340F2F90000C2B4 /* Facebook+Profile.m in Sources */ = {isa = PBXBuildFile; fileRef = E918E01A22C4A4D4007A3803 /* Facebook+Profile.m */; };
		52DBA34A2340F2F90000C2B4 /* ParticipantsManageTableViewController.m in Sources */ = {isa = PBXBuildFile; fileRef = E99A5CA4222D8B3400EE6C86 /* ParticipantsManageTableViewController.m */; };
		52DBA34B2340F2F90000C2B4 /* ConversationsTableViewController.m in Sources */ = {isa = PBXBuildFile; fileRef = E99A5C9F222D8B3400EE6C86 /* ConversationsTableViewController.m */; };
		52DBA34C2340F2F90000C2B4 /* ParticipantsCollectionViewController.m in Sources */ = {isa = PBXBuildFile; fileRef = E99A5CA2222D8B3400EE6C86 /* ParticipantsCollectionViewController.m */; };
		52DBA34D2340F2F90000C2B4 /* ParticipantCollectionCell.m in Sources */ = {isa = PBXBuildFile; fileRef = E99A5CCC222ECDBE00EE6C86 /* ParticipantCollectionCell.m */; };
		52DBA34E2340F2F90000C2B4 /* ChatViewController.m in Sources */ = {isa = PBXBuildFile; fileRef = E99A5CA1222D8B3400EE6C86 /* ChatViewController.m */; };
		52DBA34F2340F2F90000C2B4 /* WebViewController.m in Sources */ = {isa = PBXBuildFile; fileRef = E9790835225B666F0024C830 /* WebViewController.m */; };
		52DBA3502340F2F90000C2B4 /* ChatManageTableViewController.m in Sources */ = {isa = PBXBuildFile; fileRef = E99A5C9D222D8B3400EE6C86 /* ChatManageTableViewController.m */; };
		52DBA3532340F2F90000C2B4 /* DIMClient.framework in Frameworks */ = {isa = PBXBuildFile; fileRef = E97816C22223E91600BCE3AD /* DIMClient.framework */; };
		52DBA3542340F2F90000C2B4 /* DIMCore.framework in Frameworks */ = {isa = PBXBuildFile; fileRef = E978172022254CC000BCE3AD /* DIMCore.framework */; settings = {ATTRIBUTES = (Required, ); }; };
		52DBA3552340F2F90000C2B4 /* libsqlite3.tbd in Frameworks */ = {isa = PBXBuildFile; fileRef = 52DBA317234037590000C2B4 /* libsqlite3.tbd */; };
		52DBA3562340F2F90000C2B4 /* DaoKeDao.framework in Frameworks */ = {isa = PBXBuildFile; fileRef = E978172222254CC600BCE3AD /* DaoKeDao.framework */; };
		52DBA3572340F2F90000C2B4 /* MingKeMing.framework in Frameworks */ = {isa = PBXBuildFile; fileRef = E978172422254CC900BCE3AD /* MingKeMing.framework */; };
		52DBA3582340F2F90000C2B4 /* MarsGate.framework in Frameworks */ = {isa = PBXBuildFile; fileRef = E978171E22254CBB00BCE3AD /* MarsGate.framework */; };
		52DBA3592340F2F90000C2B4 /* FiniteStateMachine.framework in Frameworks */ = {isa = PBXBuildFile; fileRef = E9AFAADD22310B31001F95C6 /* FiniteStateMachine.framework */; };
		52DBA35A2340F2F90000C2B4 /* WebKit.framework in Frameworks */ = {isa = PBXBuildFile; fileRef = E922567E2222EF3D006CADEA /* WebKit.framework */; };
		52DBA35D2340F2F90000C2B4 /* avatar-bg.png in Resources */ = {isa = PBXBuildFile; fileRef = E9E824FF224D198200A029F1 /* avatar-bg.png */; };
		52DBA35E2340F2F90000C2B4 /* Localizable.strings in Resources */ = {isa = PBXBuildFile; fileRef = E9E824EF224CCFBB00A029F1 /* Localizable.strings */; };
		52DBA35F2340F2F90000C2B4 /* dim@4TM96qQmGx1UuGtwkdyJAXbZVXufFeT1Xf in Resources */ = {isa = PBXBuildFile; fileRef = 5216EF01231FAA0500AF3DFE /* dim@4TM96qQmGx1UuGtwkdyJAXbZVXufFeT1Xf */; };
		52DBA3602340F2F90000C2B4 /* gsp.plist in Resources */ = {isa = PBXBuildFile; fileRef = E922560B2222ED6B006CADEA /* gsp.plist */; };
		52DBA3612340F2F90000C2B4 /* Assets.xcassets in Resources */ = {isa = PBXBuildFile; fileRef = E97816CD2223EAA700BCE3AD /* Assets.xcassets */; };
		52DBA3622340F2F90000C2B4 /* ImportAccountViewController.xib in Resources */ = {isa = PBXBuildFile; fileRef = 52876E0222C20217006F0655 /* ImportAccountViewController.xib */; };
		52DBA3672340F2F90000C2B4 /* Conversations.storyboard in Resources */ = {isa = PBXBuildFile; fileRef = E92255FB2222ED59006CADEA /* Conversations.storyboard */; };
		52DBA3682340F2F90000C2B4 /* baloo@4LA5FNbpxP38UresZVpfWroC2GVomDDZ7q in Resources */ = {isa = PBXBuildFile; fileRef = 5216EF02231FAA0500AF3DFE /* baloo@4LA5FNbpxP38UresZVpfWroC2GVomDDZ7q */; };
		52DBA3692340F2F90000C2B4 /* ChatViewImages.xcassets in Resources */ = {isa = PBXBuildFile; fileRef = E922560C2222ED6B006CADEA /* ChatViewImages.xcassets */; };
		52DBA36B2340F2F90000C2B4 /* DaoKeDao.framework in Embed Frameworks */ = {isa = PBXBuildFile; fileRef = E978172222254CC600BCE3AD /* DaoKeDao.framework */; settings = {ATTRIBUTES = (CodeSignOnCopy, RemoveHeadersOnCopy, ); }; };
		52DBA36C2340F2F90000C2B4 /* FiniteStateMachine.framework in Embed Frameworks */ = {isa = PBXBuildFile; fileRef = E9AFAADD22310B31001F95C6 /* FiniteStateMachine.framework */; settings = {ATTRIBUTES = (CodeSignOnCopy, RemoveHeadersOnCopy, ); }; };
		52DBA36D2340F2F90000C2B4 /* DIMCore.framework in Embed Frameworks */ = {isa = PBXBuildFile; fileRef = E978172022254CC000BCE3AD /* DIMCore.framework */; settings = {ATTRIBUTES = (CodeSignOnCopy, RemoveHeadersOnCopy, ); }; };
		52DBA36E2340F2F90000C2B4 /* MingKeMing.framework in Embed Frameworks */ = {isa = PBXBuildFile; fileRef = E978172422254CC900BCE3AD /* MingKeMing.framework */; settings = {ATTRIBUTES = (CodeSignOnCopy, RemoveHeadersOnCopy, ); }; };
		52DBA36F2340F2F90000C2B4 /* MarsGate.framework in Embed Frameworks */ = {isa = PBXBuildFile; fileRef = E978171E22254CBB00BCE3AD /* MarsGate.framework */; settings = {ATTRIBUTES = (CodeSignOnCopy, RemoveHeadersOnCopy, ); }; };
		52DBA3702340F2F90000C2B4 /* DIMClient.framework in Embed Frameworks */ = {isa = PBXBuildFile; fileRef = E97816C22223E91600BCE3AD /* DIMClient.framework */; settings = {ATTRIBUTES = (CodeSignOnCopy, RemoveHeadersOnCopy, ); }; };
		E9060E8B22677FE80000DA35 /* UIScrollView+Extension.m in Sources */ = {isa = PBXBuildFile; fileRef = E9060E8A22677FE80000DA35 /* UIScrollView+Extension.m */; };
		E918E01B22C4A4D4007A3803 /* Facebook+Profile.m in Sources */ = {isa = PBXBuildFile; fileRef = E918E01A22C4A4D4007A3803 /* Facebook+Profile.m */; };
		E92255C42222EC53006CADEA /* AppDelegate.m in Sources */ = {isa = PBXBuildFile; fileRef = E92255C32222EC53006CADEA /* AppDelegate.m */; };
		E92255D52222EC56006CADEA /* main.m in Sources */ = {isa = PBXBuildFile; fileRef = E92255D42222EC56006CADEA /* main.m */; };
		E92255DF2222EC56006CADEA /* SechatTests.m in Sources */ = {isa = PBXBuildFile; fileRef = E92255DE2222EC56006CADEA /* SechatTests.m */; };
		E92255EA2222EC56006CADEA /* SechatUITests.m in Sources */ = {isa = PBXBuildFile; fileRef = E92255E92222EC56006CADEA /* SechatUITests.m */; };
		E92256032222ED5A006CADEA /* Conversations.storyboard in Resources */ = {isa = PBXBuildFile; fileRef = E92255FB2222ED59006CADEA /* Conversations.storyboard */; };
		E92256102222ED6B006CADEA /* gsp.plist in Resources */ = {isa = PBXBuildFile; fileRef = E922560B2222ED6B006CADEA /* gsp.plist */; };
		E92256112222ED6B006CADEA /* ChatViewImages.xcassets in Resources */ = {isa = PBXBuildFile; fileRef = E922560C2222ED6B006CADEA /* ChatViewImages.xcassets */; };
		E92256452222ED7C006CADEA /* Facebook+Register.m in Sources */ = {isa = PBXBuildFile; fileRef = E92256192222ED7C006CADEA /* Facebook+Register.m */; };
		E92256462222ED7C006CADEA /* User.m in Sources */ = {isa = PBXBuildFile; fileRef = E922561A2222ED7C006CADEA /* User.m */; };
		E92256482222ED7C006CADEA /* MessageDatabase.m in Sources */ = {isa = PBXBuildFile; fileRef = E922561D2222ED7C006CADEA /* MessageDatabase.m */; };
		E922564A2222ED7C006CADEA /* Client.m in Sources */ = {isa = PBXBuildFile; fileRef = E92256222222ED7C006CADEA /* Client.m */; };
		E92256512222ED7C006CADEA /* AccountTableViewController.m in Sources */ = {isa = PBXBuildFile; fileRef = E92256312222ED7C006CADEA /* AccountTableViewController.m */; };
		E92256552222ED7C006CADEA /* AccountEditViewController.m in Sources */ = {isa = PBXBuildFile; fileRef = E92256372222ED7C006CADEA /* AccountEditViewController.m */; };
		E922567F2222EF3D006CADEA /* WebKit.framework in Frameworks */ = {isa = PBXBuildFile; fileRef = E922567E2222EF3D006CADEA /* WebKit.framework */; };
		E9533E782396B4B900AC6CF3 /* DIMSDK.framework in Embed Frameworks */ = {isa = PBXBuildFile; fileRef = E9CF8B3E239685F300630BDE /* DIMSDK.framework */; settings = {ATTRIBUTES = (CodeSignOnCopy, RemoveHeadersOnCopy, ); }; };
		E97816CE2223EAA700BCE3AD /* Assets.xcassets in Resources */ = {isa = PBXBuildFile; fileRef = E97816CD2223EAA700BCE3AD /* Assets.xcassets */; };
		E978171122254AB000BCE3AD /* DIMClient.framework in Frameworks */ = {isa = PBXBuildFile; fileRef = E97816C22223E91600BCE3AD /* DIMClient.framework */; };
		E978171222254AB000BCE3AD /* DIMClient.framework in Embed Frameworks */ = {isa = PBXBuildFile; fileRef = E97816C22223E91600BCE3AD /* DIMClient.framework */; settings = {ATTRIBUTES = (CodeSignOnCopy, RemoveHeadersOnCopy, ); }; };
		E978171F22254CBB00BCE3AD /* MarsGate.framework in Frameworks */ = {isa = PBXBuildFile; fileRef = E978171E22254CBB00BCE3AD /* MarsGate.framework */; };
		E978172322254CC600BCE3AD /* DaoKeDao.framework in Frameworks */ = {isa = PBXBuildFile; fileRef = E978172222254CC600BCE3AD /* DaoKeDao.framework */; };
		E978172522254CC900BCE3AD /* MingKeMing.framework in Frameworks */ = {isa = PBXBuildFile; fileRef = E978172422254CC900BCE3AD /* MingKeMing.framework */; };
		E978172622254D2400BCE3AD /* DIMCore.framework in Frameworks */ = {isa = PBXBuildFile; fileRef = E978172022254CC000BCE3AD /* DIMCore.framework */; };
		E978172722254D2400BCE3AD /* DIMCore.framework in Embed Frameworks */ = {isa = PBXBuildFile; fileRef = E978172022254CC000BCE3AD /* DIMCore.framework */; settings = {ATTRIBUTES = (CodeSignOnCopy, RemoveHeadersOnCopy, ); }; };
		E978172922254D3400BCE3AD /* DaoKeDao.framework in Embed Frameworks */ = {isa = PBXBuildFile; fileRef = E978172222254CC600BCE3AD /* DaoKeDao.framework */; settings = {ATTRIBUTES = (CodeSignOnCopy, RemoveHeadersOnCopy, ); }; };
		E978172B22254D4700BCE3AD /* MingKeMing.framework in Embed Frameworks */ = {isa = PBXBuildFile; fileRef = E978172422254CC900BCE3AD /* MingKeMing.framework */; settings = {ATTRIBUTES = (CodeSignOnCopy, RemoveHeadersOnCopy, ); }; };
		E978172D22254D5000BCE3AD /* MarsGate.framework in Embed Frameworks */ = {isa = PBXBuildFile; fileRef = E978171E22254CBB00BCE3AD /* MarsGate.framework */; settings = {ATTRIBUTES = (CodeSignOnCopy, RemoveHeadersOnCopy, ); }; };
		E97907732254A3970024C830 /* ImagePickerController.m in Sources */ = {isa = PBXBuildFile; fileRef = E97907712254A3970024C830 /* ImagePickerController.m */; };
		E979079D225520AA0024C830 /* DIMInstantMessage+Extension.m in Sources */ = {isa = PBXBuildFile; fileRef = E979079C225520AA0024C830 /* DIMInstantMessage+Extension.m */; };
		E979080D2259CDA10024C830 /* UIView+Extension.m in Sources */ = {isa = PBXBuildFile; fileRef = E979080C2259CDA10024C830 /* UIView+Extension.m */; };
		E9790817225A6E2C0024C830 /* ZoomInViewController.m in Sources */ = {isa = PBXBuildFile; fileRef = E9790816225A6E2C0024C830 /* ZoomInViewController.m */; };
		E979081B225A6F390024C830 /* UIStoryboard+Extension.m in Sources */ = {isa = PBXBuildFile; fileRef = E979081A225A6F390024C830 /* UIStoryboard+Extension.m */; };
		E9790836225B666F0024C830 /* WebViewController.m in Sources */ = {isa = PBXBuildFile; fileRef = E9790835225B666F0024C830 /* WebViewController.m */; };
		E9790853225CB8300024C830 /* WelcomeViewController.m in Sources */ = {isa = PBXBuildFile; fileRef = E9790852225CB8300024C830 /* WelcomeViewController.m */; };
		E99A5CAE222D8B3400EE6C86 /* ChatManageTableViewController.m in Sources */ = {isa = PBXBuildFile; fileRef = E99A5C9D222D8B3400EE6C86 /* ChatManageTableViewController.m */; };
		E99A5CAF222D8B3400EE6C86 /* ConversationsTableViewController.m in Sources */ = {isa = PBXBuildFile; fileRef = E99A5C9F222D8B3400EE6C86 /* ConversationsTableViewController.m */; };
		E99A5CB0222D8B3400EE6C86 /* ChatViewController.m in Sources */ = {isa = PBXBuildFile; fileRef = E99A5CA1222D8B3400EE6C86 /* ChatViewController.m */; };
		E99A5CB1222D8B3400EE6C86 /* ParticipantsCollectionViewController.m in Sources */ = {isa = PBXBuildFile; fileRef = E99A5CA2222D8B3400EE6C86 /* ParticipantsCollectionViewController.m */; };
		E99A5CB2222D8B3400EE6C86 /* ParticipantsManageTableViewController.m in Sources */ = {isa = PBXBuildFile; fileRef = E99A5CA4222D8B3400EE6C86 /* ParticipantsManageTableViewController.m */; };
		E99A5CB3222D8B3400EE6C86 /* ProfileTableViewController.m in Sources */ = {isa = PBXBuildFile; fileRef = E99A5CAB222D8B3400EE6C86 /* ProfileTableViewController.m */; };
		E99A5CB4222D8B3400EE6C86 /* ContactsTableViewController.m in Sources */ = {isa = PBXBuildFile; fileRef = E99A5CAC222D8B3400EE6C86 /* ContactsTableViewController.m */; };
		E99A5CBE222DA24B00EE6C86 /* SearchUsersTableViewController.m in Sources */ = {isa = PBXBuildFile; fileRef = E99A5CBD222DA24B00EE6C86 /* SearchUsersTableViewController.m */; };
		E99A5CC7222E576300EE6C86 /* ConversationCell.m in Sources */ = {isa = PBXBuildFile; fileRef = E99A5CC6222E576300EE6C86 /* ConversationCell.m */; };
		E99A5CCA222E577900EE6C86 /* ContactCell.m in Sources */ = {isa = PBXBuildFile; fileRef = E99A5CC9222E577900EE6C86 /* ContactCell.m */; };
		E99A5CCD222ECDBE00EE6C86 /* ParticipantCollectionCell.m in Sources */ = {isa = PBXBuildFile; fileRef = E99A5CCC222ECDBE00EE6C86 /* ParticipantCollectionCell.m */; };
		E99A5CD0222ECDE100EE6C86 /* ParticipantManageCell.m in Sources */ = {isa = PBXBuildFile; fileRef = E99A5CCF222ECDE100EE6C86 /* ParticipantManageCell.m */; };
		E99E7772239687B300F250BB /* DIMSDK.framework in Embed Frameworks */ = {isa = PBXBuildFile; fileRef = E9CF8B3E239685F300630BDE /* DIMSDK.framework */; settings = {ATTRIBUTES = (CodeSignOnCopy, RemoveHeadersOnCopy, ); }; };
		E9AFAAE022310B49001F95C6 /* FiniteStateMachine.framework in Frameworks */ = {isa = PBXBuildFile; fileRef = E9AFAADD22310B31001F95C6 /* FiniteStateMachine.framework */; };
		E9AFAAE122310B49001F95C6 /* FiniteStateMachine.framework in Embed Frameworks */ = {isa = PBXBuildFile; fileRef = E9AFAADD22310B31001F95C6 /* FiniteStateMachine.framework */; settings = {ATTRIBUTES = (CodeSignOnCopy, RemoveHeadersOnCopy, ); }; };
		E9BBC37E2242B21200E6ACDA /* UIViewController+Extension.m in Sources */ = {isa = PBXBuildFile; fileRef = E9BBC3742242B21200E6ACDA /* UIViewController+Extension.m */; };
		E9BBC37F2242B21200E6ACDA /* UIImage+Extension.m in Sources */ = {isa = PBXBuildFile; fileRef = E9BBC3752242B21200E6ACDA /* UIImage+Extension.m */; };
		E9BBC3802242B21200E6ACDA /* UIImageView+Extension.m in Sources */ = {isa = PBXBuildFile; fileRef = E9BBC3772242B21200E6ACDA /* UIImageView+Extension.m */; };
		E9BBC3812242B21200E6ACDA /* DIMProfile+Extension.m in Sources */ = {isa = PBXBuildFile; fileRef = E9BBC3782242B21200E6ACDA /* DIMProfile+Extension.m */; };
		E9BBC3822242B21200E6ACDA /* NSString+Extension.m in Sources */ = {isa = PBXBuildFile; fileRef = E9BBC3792242B21200E6ACDA /* NSString+Extension.m */; };
		E9BBC3832242B21200E6ACDA /* UIStoryboardSegue+Extension.m in Sources */ = {isa = PBXBuildFile; fileRef = E9BBC37C2242B21200E6ACDA /* UIStoryboardSegue+Extension.m */; };
		E9CF8B402396875500630BDE /* DIMSDK.framework in Frameworks */ = {isa = PBXBuildFile; fileRef = E9CF8B3E239685F300630BDE /* DIMSDK.framework */; settings = {ATTRIBUTES = (Required, ); }; };
		E9E824A4224A6D1100A029F1 /* UIColor+Extension.m in Sources */ = {isa = PBXBuildFile; fileRef = E9E824A3224A6D1100A029F1 /* UIColor+Extension.m */; };
		E9E824ED224CCFBB00A029F1 /* Localizable.strings in Resources */ = {isa = PBXBuildFile; fileRef = E9E824EF224CCFBB00A029F1 /* Localizable.strings */; };
		E9E82501224D198200A029F1 /* avatar-bg.png in Resources */ = {isa = PBXBuildFile; fileRef = E9E824FF224D198200A029F1 /* avatar-bg.png */; };
		E9E8250F224F5BBD00A029F1 /* UIButton+Extension.m in Sources */ = {isa = PBXBuildFile; fileRef = E9E8250E224F5BBD00A029F1 /* UIButton+Extension.m */; };
/* End PBXBuildFile section */

/* Begin PBXContainerItemProxy section */
		52DBA3212340F2F90000C2B4 /* PBXContainerItemProxy */ = {
			isa = PBXContainerItemProxy;
			containerPortal = E97816B82223E91600BCE3AD /* DIMClient.xcodeproj */;
			proxyType = 1;
			remoteGlobalIDString = E978167F2223E7F200BCE3AD;
			remoteInfo = DIMClient;
		};
		E92255DB2222EC56006CADEA /* PBXContainerItemProxy */ = {
			isa = PBXContainerItemProxy;
			containerPortal = E92255B72222EC53006CADEA /* Project object */;
			proxyType = 1;
			remoteGlobalIDString = E92255BE2222EC53006CADEA;
			remoteInfo = Sechat;
		};
		E92255E62222EC56006CADEA /* PBXContainerItemProxy */ = {
			isa = PBXContainerItemProxy;
			containerPortal = E92255B72222EC53006CADEA /* Project object */;
			proxyType = 1;
			remoteGlobalIDString = E92255BE2222EC53006CADEA;
			remoteInfo = Sechat;
		};
		E97816C12223E91600BCE3AD /* PBXContainerItemProxy */ = {
			isa = PBXContainerItemProxy;
			containerPortal = E97816B82223E91600BCE3AD /* DIMClient.xcodeproj */;
			proxyType = 2;
			remoteGlobalIDString = E97816802223E7F200BCE3AD;
			remoteInfo = DIMClient;
		};
		E97816C32223E91600BCE3AD /* PBXContainerItemProxy */ = {
			isa = PBXContainerItemProxy;
			containerPortal = E97816B82223E91600BCE3AD /* DIMClient.xcodeproj */;
			proxyType = 2;
			remoteGlobalIDString = E97816892223E7F200BCE3AD;
			remoteInfo = DIMClientTests;
		};
		E978171322254AB000BCE3AD /* PBXContainerItemProxy */ = {
			isa = PBXContainerItemProxy;
			containerPortal = E97816B82223E91600BCE3AD /* DIMClient.xcodeproj */;
			proxyType = 1;
			remoteGlobalIDString = E978167F2223E7F200BCE3AD;
			remoteInfo = DIMClient;
		};
/* End PBXContainerItemProxy section */

/* Begin PBXCopyFilesBuildPhase section */
		52DBA36A2340F2F90000C2B4 /* Embed Frameworks */ = {
			isa = PBXCopyFilesBuildPhase;
			buildActionMask = 2147483647;
			dstPath = "";
			dstSubfolderSpec = 10;
			files = (
				52DBA3702340F2F90000C2B4 /* DIMClient.framework in Embed Frameworks */,
				E99E7772239687B300F250BB /* DIMSDK.framework in Embed Frameworks */,
				52DBA36D2340F2F90000C2B4 /* DIMCore.framework in Embed Frameworks */,
				52DBA36B2340F2F90000C2B4 /* DaoKeDao.framework in Embed Frameworks */,
				52DBA36E2340F2F90000C2B4 /* MingKeMing.framework in Embed Frameworks */,
				52DBA36C2340F2F90000C2B4 /* FiniteStateMachine.framework in Embed Frameworks */,
				52DBA36F2340F2F90000C2B4 /* MarsGate.framework in Embed Frameworks */,
			);
			name = "Embed Frameworks";
			runOnlyForDeploymentPostprocessing = 0;
		};
		E978171522254AB000BCE3AD /* Embed Frameworks */ = {
			isa = PBXCopyFilesBuildPhase;
			buildActionMask = 2147483647;
			dstPath = "";
			dstSubfolderSpec = 10;
			files = (
				E9533E782396B4B900AC6CF3 /* DIMSDK.framework in Embed Frameworks */,
				E978172922254D3400BCE3AD /* DaoKeDao.framework in Embed Frameworks */,
				E9AFAAE122310B49001F95C6 /* FiniteStateMachine.framework in Embed Frameworks */,
				E978172722254D2400BCE3AD /* DIMCore.framework in Embed Frameworks */,
				E978172B22254D4700BCE3AD /* MingKeMing.framework in Embed Frameworks */,
				E978172D22254D5000BCE3AD /* MarsGate.framework in Embed Frameworks */,
				E978171222254AB000BCE3AD /* DIMClient.framework in Embed Frameworks */,
			);
			name = "Embed Frameworks";
			runOnlyForDeploymentPostprocessing = 0;
		};
/* End PBXCopyFilesBuildPhase section */

/* Begin PBXFileReference section */
		520A0ECE2359BC1D00493E2F /* UILabel+Copyable.h */ = {isa = PBXFileReference; fileEncoding = 4; lastKnownFileType = sourcecode.c.h; path = "UILabel+Copyable.h"; sourceTree = "<group>"; };
		520A0ED02359BC1D00493E2F /* UILabel+Copyable.m */ = {isa = PBXFileReference; fileEncoding = 4; lastKnownFileType = sourcecode.c.objc; path = "UILabel+Copyable.m"; sourceTree = "<group>"; };
		5216EF01231FAA0500AF3DFE /* dim@4TM96qQmGx1UuGtwkdyJAXbZVXufFeT1Xf */ = {isa = PBXFileReference; lastKnownFileType = folder; path = "dim@4TM96qQmGx1UuGtwkdyJAXbZVXufFeT1Xf"; sourceTree = "<group>"; };
		5216EF02231FAA0500AF3DFE /* baloo@4LA5FNbpxP38UresZVpfWroC2GVomDDZ7q */ = {isa = PBXFileReference; lastKnownFileType = folder; path = "baloo@4LA5FNbpxP38UresZVpfWroC2GVomDDZ7q"; sourceTree = "<group>"; };
		522EA28C2341953C00FC3BB8 /* BadgeView.m */ = {isa = PBXFileReference; fileEncoding = 4; lastKnownFileType = sourcecode.c.objc; path = BadgeView.m; sourceTree = "<group>"; };
		522EA28D2341953D00FC3BB8 /* BadgeView.h */ = {isa = PBXFileReference; fileEncoding = 4; lastKnownFileType = sourcecode.c.h; path = BadgeView.h; sourceTree = "<group>"; };
		52311E562360451C00F6A9C7 /* DIMCommand+Extension.h */ = {isa = PBXFileReference; fileEncoding = 4; lastKnownFileType = sourcecode.c.h; path = "DIMCommand+Extension.h"; sourceTree = "<group>"; };
		52311E582360451C00F6A9C7 /* DIMCommand+Extension.m */ = {isa = PBXFileReference; fileEncoding = 4; lastKnownFileType = sourcecode.c.objc; path = "DIMCommand+Extension.m"; sourceTree = "<group>"; };
		5242949123347ED300E8DA05 /* SentMessageCell.h */ = {isa = PBXFileReference; fileEncoding = 4; lastKnownFileType = sourcecode.c.h; path = SentMessageCell.h; sourceTree = "<group>"; };
		5242949223347ED300E8DA05 /* ReceiveMessageCell.h */ = {isa = PBXFileReference; fileEncoding = 4; lastKnownFileType = sourcecode.c.h; path = ReceiveMessageCell.h; sourceTree = "<group>"; };
		5242949323347ED300E8DA05 /* GuideCell.h */ = {isa = PBXFileReference; fileEncoding = 4; lastKnownFileType = sourcecode.c.h; path = GuideCell.h; sourceTree = "<group>"; };
		5242949423347ED300E8DA05 /* TimeCell.h */ = {isa = PBXFileReference; fileEncoding = 4; lastKnownFileType = sourcecode.c.h; path = TimeCell.h; sourceTree = "<group>"; };
		5242949523347ED300E8DA05 /* SentMessageCell.m */ = {isa = PBXFileReference; fileEncoding = 4; lastKnownFileType = sourcecode.c.objc; path = SentMessageCell.m; sourceTree = "<group>"; };
		5242949623347ED300E8DA05 /* ReceiveMessageCell.m */ = {isa = PBXFileReference; fileEncoding = 4; lastKnownFileType = sourcecode.c.objc; path = ReceiveMessageCell.m; sourceTree = "<group>"; };
		5242949723347ED300E8DA05 /* GuideCell.m */ = {isa = PBXFileReference; fileEncoding = 4; lastKnownFileType = sourcecode.c.objc; path = GuideCell.m; sourceTree = "<group>"; };
		5242949823347ED300E8DA05 /* TimeCell.m */ = {isa = PBXFileReference; fileEncoding = 4; lastKnownFileType = sourcecode.c.objc; path = TimeCell.m; sourceTree = "<group>"; };
		5242949D2334829900E8DA05 /* CommandMessageCell.m */ = {isa = PBXFileReference; fileEncoding = 4; lastKnownFileType = sourcecode.c.objc; path = CommandMessageCell.m; sourceTree = "<group>"; };
		5242949E2334829900E8DA05 /* CommandMessageCell.h */ = {isa = PBXFileReference; fileEncoding = 4; lastKnownFileType = sourcecode.c.h; path = CommandMessageCell.h; sourceTree = "<group>"; };
		524294A02334B7E600E8DA05 /* MessageCell.h */ = {isa = PBXFileReference; lastKnownFileType = sourcecode.c.h; path = MessageCell.h; sourceTree = "<group>"; };
		524294A12334B7E600E8DA05 /* MessageCell.m */ = {isa = PBXFileReference; lastKnownFileType = sourcecode.c.objc; path = MessageCell.m; sourceTree = "<group>"; };
		524F5E7C22CDDE0000A84DF9 /* ethers.framework */ = {isa = PBXFileReference; lastKnownFileType = wrapper.framework; name = ethers.framework; path = "../../../../../../Library/Developer/Xcode/DerivedData/Sechat-cwfdihfwyufdtfaysjjmmexlsrue/Build/Products/Debug-iphoneos/ethers.framework"; sourceTree = "<group>"; };
		52844B762362A6C6006B4C03 /* SwitchCell.h */ = {isa = PBXFileReference; fileEncoding = 4; lastKnownFileType = sourcecode.c.h; path = SwitchCell.h; sourceTree = "<group>"; };
		52844B782362A6C6006B4C03 /* SwitchCell.m */ = {isa = PBXFileReference; fileEncoding = 4; lastKnownFileType = sourcecode.c.objc; path = SwitchCell.m; sourceTree = "<group>"; };
		52876E0022C20217006F0655 /* ImportAccountViewController.h */ = {isa = PBXFileReference; lastKnownFileType = sourcecode.c.h; path = ImportAccountViewController.h; sourceTree = "<group>"; };
		52876E0122C20217006F0655 /* ImportAccountViewController.m */ = {isa = PBXFileReference; lastKnownFileType = sourcecode.c.objc; path = ImportAccountViewController.m; sourceTree = "<group>"; };
		52876E0222C20217006F0655 /* ImportAccountViewController.xib */ = {isa = PBXFileReference; lastKnownFileType = file.xib; path = ImportAccountViewController.xib; sourceTree = "<group>"; };
		52B957FF2359D873009BB556 /* assistant@2PpB6iscuBjA15oTjAsiswoX9qis5V3c1Dq */ = {isa = PBXFileReference; lastKnownFileType = folder; path = "assistant@2PpB6iscuBjA15oTjAsiswoX9qis5V3c1Dq"; sourceTree = "<group>"; };
		52BED8F72330C78A00886CCD /* RegisterViewController.m */ = {isa = PBXFileReference; fileEncoding = 4; lastKnownFileType = sourcecode.c.objc; path = RegisterViewController.m; sourceTree = "<group>"; };
		52BED8F82330C78A00886CCD /* RegisterViewController.h */ = {isa = PBXFileReference; fileEncoding = 4; lastKnownFileType = sourcecode.c.h; path = RegisterViewController.h; sourceTree = "<group>"; };
		52BF13582341D02B0016371B /* SechatAppStore.entitlements */ = {isa = PBXFileReference; lastKnownFileType = text.plist.entitlements; path = SechatAppStore.entitlements; sourceTree = "<group>"; };
		52DBA317234037590000C2B4 /* libsqlite3.tbd */ = {isa = PBXFileReference; lastKnownFileType = "sourcecode.text-based-dylib-definition"; name = libsqlite3.tbd; path = usr/lib/libsqlite3.tbd; sourceTree = SDKROOT; };
		52DBA3742340F2F90000C2B4 /* DIMTalk.app */ = {isa = PBXFileReference; explicitFileType = wrapper.application; includeInIndex = 0; path = DIMTalk.app; sourceTree = BUILT_PRODUCTS_DIR; };
		52DBA3752340F2F90000C2B4 /* Sechat copy-Info.plist */ = {isa = PBXFileReference; lastKnownFileType = text.plist.xml; name = "Sechat copy-Info.plist"; path = "/Users/john/Documents/workspace/iphone/dimchat/demo-ios/Sechat/Sechat copy-Info.plist"; sourceTree = "<absolute>"; };
		8F90C6C00CE46B186A0BEBDB /* libPods-Sechat.a */ = {isa = PBXFileReference; explicitFileType = archive.ar; includeInIndex = 0; path = "libPods-Sechat.a"; sourceTree = BUILT_PRODUCTS_DIR; };
		E9060E8922677FE80000DA35 /* UIScrollView+Extension.h */ = {isa = PBXFileReference; lastKnownFileType = sourcecode.c.h; path = "UIScrollView+Extension.h"; sourceTree = "<group>"; };
		E9060E8A22677FE80000DA35 /* UIScrollView+Extension.m */ = {isa = PBXFileReference; lastKnownFileType = sourcecode.c.objc; path = "UIScrollView+Extension.m"; sourceTree = "<group>"; };
		E918E01922C4A4D4007A3803 /* Facebook+Profile.h */ = {isa = PBXFileReference; lastKnownFileType = sourcecode.c.h; path = "Facebook+Profile.h"; sourceTree = "<group>"; };
		E918E01A22C4A4D4007A3803 /* Facebook+Profile.m */ = {isa = PBXFileReference; lastKnownFileType = sourcecode.c.objc; path = "Facebook+Profile.m"; sourceTree = "<group>"; };
		E92255BF2222EC53006CADEA /* DIMTalk.app */ = {isa = PBXFileReference; explicitFileType = wrapper.application; includeInIndex = 0; path = DIMTalk.app; sourceTree = BUILT_PRODUCTS_DIR; };
		E92255C22222EC53006CADEA /* AppDelegate.h */ = {isa = PBXFileReference; lastKnownFileType = sourcecode.c.h; path = AppDelegate.h; sourceTree = "<group>"; };
		E92255C32222EC53006CADEA /* AppDelegate.m */ = {isa = PBXFileReference; lastKnownFileType = sourcecode.c.objc; path = AppDelegate.m; sourceTree = "<group>"; };
		E92255D32222EC56006CADEA /* Info.plist */ = {isa = PBXFileReference; lastKnownFileType = text.plist.xml; path = Info.plist; sourceTree = "<group>"; };
		E92255D42222EC56006CADEA /* main.m */ = {isa = PBXFileReference; lastKnownFileType = sourcecode.c.objc; path = main.m; sourceTree = "<group>"; };
		E92255DA2222EC56006CADEA /* SechatTests.xctest */ = {isa = PBXFileReference; explicitFileType = wrapper.cfbundle; includeInIndex = 0; path = SechatTests.xctest; sourceTree = BUILT_PRODUCTS_DIR; };
		E92255DE2222EC56006CADEA /* SechatTests.m */ = {isa = PBXFileReference; lastKnownFileType = sourcecode.c.objc; path = SechatTests.m; sourceTree = "<group>"; };
		E92255E02222EC56006CADEA /* Info.plist */ = {isa = PBXFileReference; lastKnownFileType = text.plist.xml; path = Info.plist; sourceTree = "<group>"; };
		E92255E52222EC56006CADEA /* SechatUITests.xctest */ = {isa = PBXFileReference; explicitFileType = wrapper.cfbundle; includeInIndex = 0; path = SechatUITests.xctest; sourceTree = BUILT_PRODUCTS_DIR; };
		E92255E92222EC56006CADEA /* SechatUITests.m */ = {isa = PBXFileReference; lastKnownFileType = sourcecode.c.objc; path = SechatUITests.m; sourceTree = "<group>"; };
		E92255EB2222EC56006CADEA /* Info.plist */ = {isa = PBXFileReference; lastKnownFileType = text.plist.xml; path = Info.plist; sourceTree = "<group>"; };
		E92255FC2222ED59006CADEA /* Base */ = {isa = PBXFileReference; lastKnownFileType = file.storyboard; name = Base; path = Base.lproj/Conversations.storyboard; sourceTree = "<group>"; };
		E922560B2222ED6B006CADEA /* gsp.plist */ = {isa = PBXFileReference; fileEncoding = 4; lastKnownFileType = text.plist.xml; path = gsp.plist; sourceTree = "<group>"; };
		E922560C2222ED6B006CADEA /* ChatViewImages.xcassets */ = {isa = PBXFileReference; lastKnownFileType = folder.assetcatalog; path = ChatViewImages.xcassets; sourceTree = "<group>"; };
		E92256162222ED7C006CADEA /* Client.h */ = {isa = PBXFileReference; fileEncoding = 4; lastKnownFileType = sourcecode.c.h; path = Client.h; sourceTree = "<group>"; };
		E92256182222ED7C006CADEA /* MessageDatabase.h */ = {isa = PBXFileReference; fileEncoding = 4; lastKnownFileType = sourcecode.c.h; path = MessageDatabase.h; sourceTree = "<group>"; };
		E92256192222ED7C006CADEA /* Facebook+Register.m */ = {isa = PBXFileReference; fileEncoding = 4; lastKnownFileType = sourcecode.c.objc; path = "Facebook+Register.m"; sourceTree = "<group>"; };
		E922561A2222ED7C006CADEA /* User.m */ = {isa = PBXFileReference; fileEncoding = 4; lastKnownFileType = sourcecode.c.objc; path = User.m; sourceTree = "<group>"; };
		E922561D2222ED7C006CADEA /* MessageDatabase.m */ = {isa = PBXFileReference; fileEncoding = 4; lastKnownFileType = sourcecode.c.objc; path = MessageDatabase.m; sourceTree = "<group>"; };
		E922561F2222ED7C006CADEA /* User.h */ = {isa = PBXFileReference; fileEncoding = 4; lastKnownFileType = sourcecode.c.h; path = User.h; sourceTree = "<group>"; };
		E92256202222ED7C006CADEA /* Facebook+Register.h */ = {isa = PBXFileReference; fileEncoding = 4; lastKnownFileType = sourcecode.c.h; path = "Facebook+Register.h"; sourceTree = "<group>"; };
		E92256222222ED7C006CADEA /* Client.m */ = {isa = PBXFileReference; fileEncoding = 4; lastKnownFileType = sourcecode.c.objc; path = Client.m; sourceTree = "<group>"; };
		E92256282222ED7C006CADEA /* AccountTableViewController.h */ = {isa = PBXFileReference; fileEncoding = 4; lastKnownFileType = sourcecode.c.h; path = AccountTableViewController.h; sourceTree = "<group>"; };
		E922562C2222ED7C006CADEA /* AccountEditViewController.h */ = {isa = PBXFileReference; fileEncoding = 4; lastKnownFileType = sourcecode.c.h; path = AccountEditViewController.h; sourceTree = "<group>"; };
		E92256312222ED7C006CADEA /* AccountTableViewController.m */ = {isa = PBXFileReference; fileEncoding = 4; lastKnownFileType = sourcecode.c.objc; path = AccountTableViewController.m; sourceTree = "<group>"; };
		E92256372222ED7C006CADEA /* AccountEditViewController.m */ = {isa = PBXFileReference; fileEncoding = 4; lastKnownFileType = sourcecode.c.objc; path = AccountEditViewController.m; sourceTree = "<group>"; };
		E922567E2222EF3D006CADEA /* WebKit.framework */ = {isa = PBXFileReference; lastKnownFileType = wrapper.framework; name = WebKit.framework; path = System/Library/Frameworks/WebKit.framework; sourceTree = SDKROOT; };
		E97816B82223E91600BCE3AD /* DIMClient.xcodeproj */ = {isa = PBXFileReference; lastKnownFileType = "wrapper.pb-project"; name = DIMClient.xcodeproj; path = "../../client-objc/DIMClient/DIMClient.xcodeproj"; sourceTree = "<group>"; };
		E97816CD2223EAA700BCE3AD /* Assets.xcassets */ = {isa = PBXFileReference; lastKnownFileType = folder.assetcatalog; path = Assets.xcassets; sourceTree = "<group>"; };
		E978171E22254CBB00BCE3AD /* MarsGate.framework */ = {isa = PBXFileReference; explicitFileType = wrapper.framework; path = MarsGate.framework; sourceTree = BUILT_PRODUCTS_DIR; };
		E978172022254CC000BCE3AD /* DIMCore.framework */ = {isa = PBXFileReference; explicitFileType = wrapper.framework; path = DIMCore.framework; sourceTree = BUILT_PRODUCTS_DIR; };
		E978172222254CC600BCE3AD /* DaoKeDao.framework */ = {isa = PBXFileReference; explicitFileType = wrapper.framework; path = DaoKeDao.framework; sourceTree = BUILT_PRODUCTS_DIR; };
		E978172422254CC900BCE3AD /* MingKeMing.framework */ = {isa = PBXFileReference; explicitFileType = wrapper.framework; path = MingKeMing.framework; sourceTree = BUILT_PRODUCTS_DIR; };
		E979076F2254A3970024C830 /* ImagePickerController.h */ = {isa = PBXFileReference; fileEncoding = 4; lastKnownFileType = sourcecode.c.h; path = ImagePickerController.h; sourceTree = "<group>"; };
		E97907712254A3970024C830 /* ImagePickerController.m */ = {isa = PBXFileReference; fileEncoding = 4; lastKnownFileType = sourcecode.c.objc; path = ImagePickerController.m; sourceTree = "<group>"; };
		E979079B225520AA0024C830 /* DIMInstantMessage+Extension.h */ = {isa = PBXFileReference; lastKnownFileType = sourcecode.c.h; path = "DIMInstantMessage+Extension.h"; sourceTree = "<group>"; };
		E979079C225520AA0024C830 /* DIMInstantMessage+Extension.m */ = {isa = PBXFileReference; lastKnownFileType = sourcecode.c.objc; path = "DIMInstantMessage+Extension.m"; sourceTree = "<group>"; };
		E979080B2259CDA10024C830 /* UIView+Extension.h */ = {isa = PBXFileReference; lastKnownFileType = sourcecode.c.h; path = "UIView+Extension.h"; sourceTree = "<group>"; };
		E979080C2259CDA10024C830 /* UIView+Extension.m */ = {isa = PBXFileReference; lastKnownFileType = sourcecode.c.objc; path = "UIView+Extension.m"; sourceTree = "<group>"; };
		E9790815225A6E2C0024C830 /* ZoomInViewController.h */ = {isa = PBXFileReference; lastKnownFileType = sourcecode.c.h; path = ZoomInViewController.h; sourceTree = "<group>"; };
		E9790816225A6E2C0024C830 /* ZoomInViewController.m */ = {isa = PBXFileReference; lastKnownFileType = sourcecode.c.objc; path = ZoomInViewController.m; sourceTree = "<group>"; };
		E9790819225A6F390024C830 /* UIStoryboard+Extension.h */ = {isa = PBXFileReference; lastKnownFileType = sourcecode.c.h; path = "UIStoryboard+Extension.h"; sourceTree = "<group>"; };
		E979081A225A6F390024C830 /* UIStoryboard+Extension.m */ = {isa = PBXFileReference; lastKnownFileType = sourcecode.c.objc; path = "UIStoryboard+Extension.m"; sourceTree = "<group>"; };
		E9790834225B666F0024C830 /* WebViewController.h */ = {isa = PBXFileReference; lastKnownFileType = sourcecode.c.h; path = WebViewController.h; sourceTree = "<group>"; };
		E9790835225B666F0024C830 /* WebViewController.m */ = {isa = PBXFileReference; lastKnownFileType = sourcecode.c.objc; path = WebViewController.m; sourceTree = "<group>"; };
		E9790851225CB8300024C830 /* WelcomeViewController.h */ = {isa = PBXFileReference; lastKnownFileType = sourcecode.c.h; path = WelcomeViewController.h; sourceTree = "<group>"; };
		E9790852225CB8300024C830 /* WelcomeViewController.m */ = {isa = PBXFileReference; lastKnownFileType = sourcecode.c.objc; path = WelcomeViewController.m; sourceTree = "<group>"; };
		E99A5C9D222D8B3400EE6C86 /* ChatManageTableViewController.m */ = {isa = PBXFileReference; fileEncoding = 4; lastKnownFileType = sourcecode.c.objc; path = ChatManageTableViewController.m; sourceTree = "<group>"; };
		E99A5C9E222D8B3400EE6C86 /* ParticipantsCollectionViewController.h */ = {isa = PBXFileReference; fileEncoding = 4; lastKnownFileType = sourcecode.c.h; path = ParticipantsCollectionViewController.h; sourceTree = "<group>"; };
		E99A5C9F222D8B3400EE6C86 /* ConversationsTableViewController.m */ = {isa = PBXFileReference; fileEncoding = 4; lastKnownFileType = sourcecode.c.objc; path = ConversationsTableViewController.m; sourceTree = "<group>"; };
		E99A5CA0222D8B3400EE6C86 /* ParticipantsManageTableViewController.h */ = {isa = PBXFileReference; fileEncoding = 4; lastKnownFileType = sourcecode.c.h; path = ParticipantsManageTableViewController.h; sourceTree = "<group>"; };
		E99A5CA1222D8B3400EE6C86 /* ChatViewController.m */ = {isa = PBXFileReference; fileEncoding = 4; lastKnownFileType = sourcecode.c.objc; path = ChatViewController.m; sourceTree = "<group>"; };
		E99A5CA2222D8B3400EE6C86 /* ParticipantsCollectionViewController.m */ = {isa = PBXFileReference; fileEncoding = 4; lastKnownFileType = sourcecode.c.objc; path = ParticipantsCollectionViewController.m; sourceTree = "<group>"; };
		E99A5CA3222D8B3400EE6C86 /* ChatManageTableViewController.h */ = {isa = PBXFileReference; fileEncoding = 4; lastKnownFileType = sourcecode.c.h; path = ChatManageTableViewController.h; sourceTree = "<group>"; };
		E99A5CA4222D8B3400EE6C86 /* ParticipantsManageTableViewController.m */ = {isa = PBXFileReference; fileEncoding = 4; lastKnownFileType = sourcecode.c.objc; path = ParticipantsManageTableViewController.m; sourceTree = "<group>"; };
		E99A5CA5222D8B3400EE6C86 /* ConversationsTableViewController.h */ = {isa = PBXFileReference; fileEncoding = 4; lastKnownFileType = sourcecode.c.h; path = ConversationsTableViewController.h; sourceTree = "<group>"; };
		E99A5CA6222D8B3400EE6C86 /* ChatViewController.h */ = {isa = PBXFileReference; fileEncoding = 4; lastKnownFileType = sourcecode.c.h; path = ChatViewController.h; sourceTree = "<group>"; };
		E99A5CA8222D8B3400EE6C86 /* ProfileTableViewController.h */ = {isa = PBXFileReference; fileEncoding = 4; lastKnownFileType = sourcecode.c.h; path = ProfileTableViewController.h; sourceTree = "<group>"; };
		E99A5CA9222D8B3400EE6C86 /* ContactsTableViewController.h */ = {isa = PBXFileReference; fileEncoding = 4; lastKnownFileType = sourcecode.c.h; path = ContactsTableViewController.h; sourceTree = "<group>"; };
		E99A5CAB222D8B3400EE6C86 /* ProfileTableViewController.m */ = {isa = PBXFileReference; fileEncoding = 4; lastKnownFileType = sourcecode.c.objc; path = ProfileTableViewController.m; sourceTree = "<group>"; };
		E99A5CAC222D8B3400EE6C86 /* ContactsTableViewController.m */ = {isa = PBXFileReference; fileEncoding = 4; lastKnownFileType = sourcecode.c.objc; path = ContactsTableViewController.m; sourceTree = "<group>"; };
		E99A5CBC222DA24B00EE6C86 /* SearchUsersTableViewController.h */ = {isa = PBXFileReference; fileEncoding = 4; lastKnownFileType = sourcecode.c.h; path = SearchUsersTableViewController.h; sourceTree = "<group>"; };
		E99A5CBD222DA24B00EE6C86 /* SearchUsersTableViewController.m */ = {isa = PBXFileReference; fileEncoding = 4; lastKnownFileType = sourcecode.c.objc; path = SearchUsersTableViewController.m; sourceTree = "<group>"; };
		E99A5CC5222E576300EE6C86 /* ConversationCell.h */ = {isa = PBXFileReference; lastKnownFileType = sourcecode.c.h; path = ConversationCell.h; sourceTree = "<group>"; };
		E99A5CC6222E576300EE6C86 /* ConversationCell.m */ = {isa = PBXFileReference; lastKnownFileType = sourcecode.c.objc; path = ConversationCell.m; sourceTree = "<group>"; };
		E99A5CC8222E577900EE6C86 /* ContactCell.h */ = {isa = PBXFileReference; lastKnownFileType = sourcecode.c.h; path = ContactCell.h; sourceTree = "<group>"; };
		E99A5CC9222E577900EE6C86 /* ContactCell.m */ = {isa = PBXFileReference; lastKnownFileType = sourcecode.c.objc; path = ContactCell.m; sourceTree = "<group>"; };
		E99A5CCB222ECDBE00EE6C86 /* ParticipantCollectionCell.h */ = {isa = PBXFileReference; lastKnownFileType = sourcecode.c.h; path = ParticipantCollectionCell.h; sourceTree = "<group>"; };
		E99A5CCC222ECDBE00EE6C86 /* ParticipantCollectionCell.m */ = {isa = PBXFileReference; lastKnownFileType = sourcecode.c.objc; path = ParticipantCollectionCell.m; sourceTree = "<group>"; };
		E99A5CCE222ECDE100EE6C86 /* ParticipantManageCell.h */ = {isa = PBXFileReference; lastKnownFileType = sourcecode.c.h; path = ParticipantManageCell.h; sourceTree = "<group>"; };
		E99A5CCF222ECDE100EE6C86 /* ParticipantManageCell.m */ = {isa = PBXFileReference; lastKnownFileType = sourcecode.c.objc; path = ParticipantManageCell.m; sourceTree = "<group>"; };
		E9AFAADD22310B31001F95C6 /* FiniteStateMachine.framework */ = {isa = PBXFileReference; explicitFileType = wrapper.framework; path = FiniteStateMachine.framework; sourceTree = BUILT_PRODUCTS_DIR; };
		E9BBC3712242B21200E6ACDA /* DIMProfile+Extension.h */ = {isa = PBXFileReference; fileEncoding = 4; lastKnownFileType = sourcecode.c.h; path = "DIMProfile+Extension.h"; sourceTree = "<group>"; };
		E9BBC3722242B21200E6ACDA /* UIImageView+Extension.h */ = {isa = PBXFileReference; fileEncoding = 4; lastKnownFileType = sourcecode.c.h; path = "UIImageView+Extension.h"; sourceTree = "<group>"; };
		E9BBC3732242B21200E6ACDA /* NSString+Extension.h */ = {isa = PBXFileReference; fileEncoding = 4; lastKnownFileType = sourcecode.c.h; path = "NSString+Extension.h"; sourceTree = "<group>"; };
		E9BBC3742242B21200E6ACDA /* UIViewController+Extension.m */ = {isa = PBXFileReference; fileEncoding = 4; lastKnownFileType = sourcecode.c.objc; path = "UIViewController+Extension.m"; sourceTree = "<group>"; };
		E9BBC3752242B21200E6ACDA /* UIImage+Extension.m */ = {isa = PBXFileReference; fileEncoding = 4; lastKnownFileType = sourcecode.c.objc; path = "UIImage+Extension.m"; sourceTree = "<group>"; };
		E9BBC3762242B21200E6ACDA /* UIStoryboardSegue+Extension.h */ = {isa = PBXFileReference; fileEncoding = 4; lastKnownFileType = sourcecode.c.h; path = "UIStoryboardSegue+Extension.h"; sourceTree = "<group>"; };
		E9BBC3772242B21200E6ACDA /* UIImageView+Extension.m */ = {isa = PBXFileReference; fileEncoding = 4; lastKnownFileType = sourcecode.c.objc; path = "UIImageView+Extension.m"; sourceTree = "<group>"; };
		E9BBC3782242B21200E6ACDA /* DIMProfile+Extension.m */ = {isa = PBXFileReference; fileEncoding = 4; lastKnownFileType = sourcecode.c.objc; path = "DIMProfile+Extension.m"; sourceTree = "<group>"; };
		E9BBC3792242B21200E6ACDA /* NSString+Extension.m */ = {isa = PBXFileReference; fileEncoding = 4; lastKnownFileType = sourcecode.c.objc; path = "NSString+Extension.m"; sourceTree = "<group>"; };
		E9BBC37A2242B21200E6ACDA /* UIImage+Extension.h */ = {isa = PBXFileReference; fileEncoding = 4; lastKnownFileType = sourcecode.c.h; path = "UIImage+Extension.h"; sourceTree = "<group>"; };
		E9BBC37B2242B21200E6ACDA /* UIViewController+Extension.h */ = {isa = PBXFileReference; fileEncoding = 4; lastKnownFileType = sourcecode.c.h; path = "UIViewController+Extension.h"; sourceTree = "<group>"; };
		E9BBC37C2242B21200E6ACDA /* UIStoryboardSegue+Extension.m */ = {isa = PBXFileReference; fileEncoding = 4; lastKnownFileType = sourcecode.c.objc; path = "UIStoryboardSegue+Extension.m"; sourceTree = "<group>"; };
		E9CF8B3E239685F300630BDE /* DIMSDK.framework */ = {isa = PBXFileReference; explicitFileType = wrapper.framework; path = DIMSDK.framework; sourceTree = BUILT_PRODUCTS_DIR; };
		E9E824592245539100A029F1 /* Sechat.entitlements */ = {isa = PBXFileReference; lastKnownFileType = text.plist.entitlements; path = Sechat.entitlements; sourceTree = "<group>"; };
		E9E824A2224A6D1100A029F1 /* UIColor+Extension.h */ = {isa = PBXFileReference; lastKnownFileType = sourcecode.c.h; path = "UIColor+Extension.h"; sourceTree = "<group>"; };
		E9E824A3224A6D1100A029F1 /* UIColor+Extension.m */ = {isa = PBXFileReference; lastKnownFileType = sourcecode.c.objc; path = "UIColor+Extension.m"; sourceTree = "<group>"; };
		E9E824DB224CBDF800A029F1 /* zh-Hans */ = {isa = PBXFileReference; lastKnownFileType = text.plist.strings; name = "zh-Hans"; path = "zh-Hans.lproj/Conversations.strings"; sourceTree = "<group>"; };
		E9E824E2224CBE0800A029F1 /* zh-Hant */ = {isa = PBXFileReference; lastKnownFileType = text.plist.strings; name = "zh-Hant"; path = "zh-Hant.lproj/Conversations.strings"; sourceTree = "<group>"; };
		E9E824E8224CBE1200A029F1 /* zh-HK */ = {isa = PBXFileReference; lastKnownFileType = text.plist.strings; name = "zh-HK"; path = "zh-HK.lproj/Conversations.strings"; sourceTree = "<group>"; };
		E9E824F0224CCFFB00A029F1 /* zh-Hans */ = {isa = PBXFileReference; lastKnownFileType = text.plist.strings; name = "zh-Hans"; path = "zh-Hans.lproj/Localizable.strings"; sourceTree = "<group>"; };
		E9E824F1224CCFFF00A029F1 /* zh-Hant */ = {isa = PBXFileReference; lastKnownFileType = text.plist.strings; name = "zh-Hant"; path = "zh-Hant.lproj/Localizable.strings"; sourceTree = "<group>"; };
		E9E824F2224CD00000A029F1 /* zh-HK */ = {isa = PBXFileReference; lastKnownFileType = text.plist.strings; name = "zh-HK"; path = "zh-HK.lproj/Localizable.strings"; sourceTree = "<group>"; };
		E9E824FF224D198200A029F1 /* avatar-bg.png */ = {isa = PBXFileReference; lastKnownFileType = image.png; path = "avatar-bg.png"; sourceTree = "<group>"; };
		E9E8250D224F5BBD00A029F1 /* UIButton+Extension.h */ = {isa = PBXFileReference; lastKnownFileType = sourcecode.c.h; path = "UIButton+Extension.h"; sourceTree = "<group>"; };
		E9E8250E224F5BBD00A029F1 /* UIButton+Extension.m */ = {isa = PBXFileReference; lastKnownFileType = sourcecode.c.objc; path = "UIButton+Extension.m"; sourceTree = "<group>"; };
/* End PBXFileReference section */

/* Begin PBXFrameworksBuildPhase section */
		52DBA3522340F2F90000C2B4 /* Frameworks */ = {
			isa = PBXFrameworksBuildPhase;
			buildActionMask = 2147483647;
			files = (
				52DBA3532340F2F90000C2B4 /* DIMClient.framework in Frameworks */,
				E9CF8B402396875500630BDE /* DIMSDK.framework in Frameworks */,
				52DBA3542340F2F90000C2B4 /* DIMCore.framework in Frameworks */,
				52DBA3562340F2F90000C2B4 /* DaoKeDao.framework in Frameworks */,
				52DBA3572340F2F90000C2B4 /* MingKeMing.framework in Frameworks */,
				52DBA3552340F2F90000C2B4 /* libsqlite3.tbd in Frameworks */,
				52DBA3582340F2F90000C2B4 /* MarsGate.framework in Frameworks */,
				52DBA3592340F2F90000C2B4 /* FiniteStateMachine.framework in Frameworks */,
				52DBA35A2340F2F90000C2B4 /* WebKit.framework in Frameworks */,
			);
			runOnlyForDeploymentPostprocessing = 0;
		};
		E92255BC2222EC53006CADEA /* Frameworks */ = {
			isa = PBXFrameworksBuildPhase;
			buildActionMask = 2147483647;
			files = (
				E978171122254AB000BCE3AD /* DIMClient.framework in Frameworks */,
				E978172622254D2400BCE3AD /* DIMCore.framework in Frameworks */,
				E978172322254CC600BCE3AD /* DaoKeDao.framework in Frameworks */,
				E978172522254CC900BCE3AD /* MingKeMing.framework in Frameworks */,
				E978171F22254CBB00BCE3AD /* MarsGate.framework in Frameworks */,
				E9AFAAE022310B49001F95C6 /* FiniteStateMachine.framework in Frameworks */,
				52DBA3182340376B0000C2B4 /* libsqlite3.tbd in Frameworks */,
				E922567F2222EF3D006CADEA /* WebKit.framework in Frameworks */,
			);
			runOnlyForDeploymentPostprocessing = 0;
		};
		E92255D72222EC56006CADEA /* Frameworks */ = {
			isa = PBXFrameworksBuildPhase;
			buildActionMask = 2147483647;
			files = (
			);
			runOnlyForDeploymentPostprocessing = 0;
		};
		E92255E22222EC56006CADEA /* Frameworks */ = {
			isa = PBXFrameworksBuildPhase;
			buildActionMask = 2147483647;
			files = (
			);
			runOnlyForDeploymentPostprocessing = 0;
		};
/* End PBXFrameworksBuildPhase section */

/* Begin PBXGroup section */
		5242949023347ED300E8DA05 /* MessageCell */ = {
			isa = PBXGroup;
			children = (
				524294A02334B7E600E8DA05 /* MessageCell.h */,
				524294A12334B7E600E8DA05 /* MessageCell.m */,
				5242949E2334829900E8DA05 /* CommandMessageCell.h */,
				5242949D2334829900E8DA05 /* CommandMessageCell.m */,
				5242949223347ED300E8DA05 /* ReceiveMessageCell.h */,
				5242949623347ED300E8DA05 /* ReceiveMessageCell.m */,
				5242949123347ED300E8DA05 /* SentMessageCell.h */,
				5242949523347ED300E8DA05 /* SentMessageCell.m */,
				5242949323347ED300E8DA05 /* GuideCell.h */,
				5242949723347ED300E8DA05 /* GuideCell.m */,
				5242949423347ED300E8DA05 /* TimeCell.h */,
				5242949823347ED300E8DA05 /* TimeCell.m */,
			);
			path = MessageCell;
			sourceTree = "<group>";
		};
		52C2239A233F848300BC477E /* Modules */ = {
			isa = PBXGroup;
			children = (
			);
			path = Modules;
			sourceTree = "<group>";
		};
		E92255B62222EC53006CADEA = {
			isa = PBXGroup;
			children = (
				52BF13582341D02B0016371B /* SechatAppStore.entitlements */,
				E97816B82223E91600BCE3AD /* DIMClient.xcodeproj */,
				E92256122222ED7C006CADEA /* Classes */,
				E92256072222ED6B006CADEA /* Resources */,
				E92255C12222EC53006CADEA /* Sechat */,
				E92255DD2222EC56006CADEA /* SechatTests */,
				E92255E82222EC56006CADEA /* SechatUITests */,
				E92255C02222EC53006CADEA /* Products */,
				E92256782222EE25006CADEA /* Frameworks */,
				52DBA3752340F2F90000C2B4 /* Sechat copy-Info.plist */,
			);
			sourceTree = "<group>";
		};
		E92255C02222EC53006CADEA /* Products */ = {
			isa = PBXGroup;
			children = (
				E92255BF2222EC53006CADEA /* DIMTalk.app */,
				E92255DA2222EC56006CADEA /* SechatTests.xctest */,
				E92255E52222EC56006CADEA /* SechatUITests.xctest */,
				52DBA3742340F2F90000C2B4 /* DIMTalk.app */,
			);
			name = Products;
			sourceTree = "<group>";
		};
		E92255C12222EC53006CADEA /* Sechat */ = {
			isa = PBXGroup;
			children = (
				E9E824592245539100A029F1 /* Sechat.entitlements */,
				E92255C22222EC53006CADEA /* AppDelegate.h */,
				E92255C32222EC53006CADEA /* AppDelegate.m */,
				E92255FB2222ED59006CADEA /* Conversations.storyboard */,
				E92255D32222EC56006CADEA /* Info.plist */,
				E9E824EF224CCFBB00A029F1 /* Localizable.strings */,
				E92255D42222EC56006CADEA /* main.m */,
			);
			path = Sechat;
			sourceTree = "<group>";
		};
		E92255DD2222EC56006CADEA /* SechatTests */ = {
			isa = PBXGroup;
			children = (
				E92255DE2222EC56006CADEA /* SechatTests.m */,
				E92255E02222EC56006CADEA /* Info.plist */,
			);
			path = SechatTests;
			sourceTree = "<group>";
		};
		E92255E82222EC56006CADEA /* SechatUITests */ = {
			isa = PBXGroup;
			children = (
				E92255E92222EC56006CADEA /* SechatUITests.m */,
				E92255EB2222EC56006CADEA /* Info.plist */,
			);
			path = SechatUITests;
			sourceTree = "<group>";
		};
		E92256072222ED6B006CADEA /* Resources */ = {
			isa = PBXGroup;
			children = (
				52B957FF2359D873009BB556 /* assistant@2PpB6iscuBjA15oTjAsiswoX9qis5V3c1Dq */,
				5216EF02231FAA0500AF3DFE /* baloo@4LA5FNbpxP38UresZVpfWroC2GVomDDZ7q */,
				5216EF01231FAA0500AF3DFE /* dim@4TM96qQmGx1UuGtwkdyJAXbZVXufFeT1Xf */,
				E922560B2222ED6B006CADEA /* gsp.plist */,
				E9E824FF224D198200A029F1 /* avatar-bg.png */,
				E97816CD2223EAA700BCE3AD /* Assets.xcassets */,
				E922560C2222ED6B006CADEA /* ChatViewImages.xcassets */,
			);
			name = Resources;
			path = ../Resources;
			sourceTree = "<group>";
		};
		E92256122222ED7C006CADEA /* Classes */ = {
			isa = PBXGroup;
			children = (
				52C2239A233F848300BC477E /* Modules */,
				E979076E2254A3970024C830 /* media */,
				E9BBC3702242B21200E6ACDA /* extends */,
				E92256172222ED7C006CADEA /* Models */,
				E922563B2222ED7C006CADEA /* Views */,
				E92256262222ED7C006CADEA /* Controllers */,
				E92256162222ED7C006CADEA /* Client.h */,
				E92256222222ED7C006CADEA /* Client.m */,
			);
			name = Classes;
			path = ../Classes;
			sourceTree = "<group>";
		};
		E92256172222ED7C006CADEA /* Models */ = {
			isa = PBXGroup;
			children = (
				E922561F2222ED7C006CADEA /* User.h */,
				E922561A2222ED7C006CADEA /* User.m */,
				E918E01922C4A4D4007A3803 /* Facebook+Profile.h */,
				E918E01A22C4A4D4007A3803 /* Facebook+Profile.m */,
				E92256202222ED7C006CADEA /* Facebook+Register.h */,
				E92256192222ED7C006CADEA /* Facebook+Register.m */,
				E92256182222ED7C006CADEA /* MessageDatabase.h */,
				E922561D2222ED7C006CADEA /* MessageDatabase.m */,
			);
			path = Models;
			sourceTree = "<group>";
		};
		E92256262222ED7C006CADEA /* Controllers */ = {
			isa = PBXGroup;
			children = (
				E9790850225CB8030024C830 /* welcome */,
				E99A5CA7222D8B3400EE6C86 /* contacts */,
				E99A5C9C222D8B3400EE6C86 /* conversations */,
				E9790834225B666F0024C830 /* WebViewController.h */,
				E9790835225B666F0024C830 /* WebViewController.m */,
				E922562C2222ED7C006CADEA /* AccountEditViewController.h */,
				E92256372222ED7C006CADEA /* AccountEditViewController.m */,
				E92256282222ED7C006CADEA /* AccountTableViewController.h */,
				E92256312222ED7C006CADEA /* AccountTableViewController.m */,
			);
			path = Controllers;
			sourceTree = "<group>";
		};
		E922563B2222ED7C006CADEA /* Views */ = {
			isa = PBXGroup;
			children = (
				52844B762362A6C6006B4C03 /* SwitchCell.h */,
				52844B782362A6C6006B4C03 /* SwitchCell.m */,
				522EA28D2341953D00FC3BB8 /* BadgeView.h */,
				522EA28C2341953C00FC3BB8 /* BadgeView.m */,
				5242949023347ED300E8DA05 /* MessageCell */,
				E99A5CC5222E576300EE6C86 /* ConversationCell.h */,
				E99A5CC6222E576300EE6C86 /* ConversationCell.m */,
				E99A5CCB222ECDBE00EE6C86 /* ParticipantCollectionCell.h */,
				E99A5CCC222ECDBE00EE6C86 /* ParticipantCollectionCell.m */,
				E99A5CCE222ECDE100EE6C86 /* ParticipantManageCell.h */,
				E99A5CCF222ECDE100EE6C86 /* ParticipantManageCell.m */,
				E99A5CC8222E577900EE6C86 /* ContactCell.h */,
				E99A5CC9222E577900EE6C86 /* ContactCell.m */,
			);
			path = Views;
			sourceTree = "<group>";
		};
		E92256782222EE25006CADEA /* Frameworks */ = {
			isa = PBXGroup;
			children = (
				E9CF8B3E239685F300630BDE /* DIMSDK.framework */,
				52DBA317234037590000C2B4 /* libsqlite3.tbd */,
				524F5E7C22CDDE0000A84DF9 /* ethers.framework */,
				E9AFAADD22310B31001F95C6 /* FiniteStateMachine.framework */,
				E978172422254CC900BCE3AD /* MingKeMing.framework */,
				E978172222254CC600BCE3AD /* DaoKeDao.framework */,
				E978172022254CC000BCE3AD /* DIMCore.framework */,
				E978171E22254CBB00BCE3AD /* MarsGate.framework */,
				E922567E2222EF3D006CADEA /* WebKit.framework */,
				8F90C6C00CE46B186A0BEBDB /* libPods-Sechat.a */,
			);
			name = Frameworks;
			sourceTree = "<group>";
		};
		E97816B92223E91600BCE3AD /* Products */ = {
			isa = PBXGroup;
			children = (
				E97816C22223E91600BCE3AD /* DIMClient.framework */,
				E97816C42223E91600BCE3AD /* DIMClientTests.xctest */,
			);
			name = Products;
			sourceTree = "<group>";
		};
		E979076E2254A3970024C830 /* media */ = {
			isa = PBXGroup;
			children = (
				E979076F2254A3970024C830 /* ImagePickerController.h */,
				E97907712254A3970024C830 /* ImagePickerController.m */,
			);
			path = media;
			sourceTree = "<group>";
		};
		E9790850225CB8030024C830 /* welcome */ = {
			isa = PBXGroup;
			children = (
				52BED8F82330C78A00886CCD /* RegisterViewController.h */,
				52BED8F72330C78A00886CCD /* RegisterViewController.m */,
				E9790851225CB8300024C830 /* WelcomeViewController.h */,
				E9790852225CB8300024C830 /* WelcomeViewController.m */,
				52876E0022C20217006F0655 /* ImportAccountViewController.h */,
				52876E0122C20217006F0655 /* ImportAccountViewController.m */,
				52876E0222C20217006F0655 /* ImportAccountViewController.xib */,
			);
			path = welcome;
			sourceTree = "<group>";
		};
		E99A5C9C222D8B3400EE6C86 /* conversations */ = {
			isa = PBXGroup;
			children = (
				E99A5CA5222D8B3400EE6C86 /* ConversationsTableViewController.h */,
				E99A5C9F222D8B3400EE6C86 /* ConversationsTableViewController.m */,
				E99A5CA6222D8B3400EE6C86 /* ChatViewController.h */,
				E99A5CA1222D8B3400EE6C86 /* ChatViewController.m */,
				E9790815225A6E2C0024C830 /* ZoomInViewController.h */,
				E9790816225A6E2C0024C830 /* ZoomInViewController.m */,
				E99A5CA3222D8B3400EE6C86 /* ChatManageTableViewController.h */,
				E99A5C9D222D8B3400EE6C86 /* ChatManageTableViewController.m */,
				E99A5C9E222D8B3400EE6C86 /* ParticipantsCollectionViewController.h */,
				E99A5CA2222D8B3400EE6C86 /* ParticipantsCollectionViewController.m */,
				E99A5CA0222D8B3400EE6C86 /* ParticipantsManageTableViewController.h */,
				E99A5CA4222D8B3400EE6C86 /* ParticipantsManageTableViewController.m */,
			);
			path = conversations;
			sourceTree = "<group>";
		};
		E99A5CA7222D8B3400EE6C86 /* contacts */ = {
			isa = PBXGroup;
			children = (
				E99A5CA9222D8B3400EE6C86 /* ContactsTableViewController.h */,
				E99A5CAC222D8B3400EE6C86 /* ContactsTableViewController.m */,
				E99A5CBC222DA24B00EE6C86 /* SearchUsersTableViewController.h */,
				E99A5CBD222DA24B00EE6C86 /* SearchUsersTableViewController.m */,
				E99A5CA8222D8B3400EE6C86 /* ProfileTableViewController.h */,
				E99A5CAB222D8B3400EE6C86 /* ProfileTableViewController.m */,
			);
			path = contacts;
			sourceTree = "<group>";
		};
		E9BBC3702242B21200E6ACDA /* extends */ = {
			isa = PBXGroup;
			children = (
				52311E562360451C00F6A9C7 /* DIMCommand+Extension.h */,
				52311E582360451C00F6A9C7 /* DIMCommand+Extension.m */,
				520A0ECE2359BC1D00493E2F /* UILabel+Copyable.h */,
				520A0ED02359BC1D00493E2F /* UILabel+Copyable.m */,
				E9BBC3732242B21200E6ACDA /* NSString+Extension.h */,
				E9BBC3792242B21200E6ACDA /* NSString+Extension.m */,
				E9E824A2224A6D1100A029F1 /* UIColor+Extension.h */,
				E9E824A3224A6D1100A029F1 /* UIColor+Extension.m */,
				E9BBC37A2242B21200E6ACDA /* UIImage+Extension.h */,
				E9BBC3752242B21200E6ACDA /* UIImage+Extension.m */,
				E9790819225A6F390024C830 /* UIStoryboard+Extension.h */,
				E979081A225A6F390024C830 /* UIStoryboard+Extension.m */,
				E9BBC3762242B21200E6ACDA /* UIStoryboardSegue+Extension.h */,
				E9BBC37C2242B21200E6ACDA /* UIStoryboardSegue+Extension.m */,
				E979080B2259CDA10024C830 /* UIView+Extension.h */,
				E979080C2259CDA10024C830 /* UIView+Extension.m */,
				E9060E8922677FE80000DA35 /* UIScrollView+Extension.h */,
				E9060E8A22677FE80000DA35 /* UIScrollView+Extension.m */,
				E9E8250D224F5BBD00A029F1 /* UIButton+Extension.h */,
				E9E8250E224F5BBD00A029F1 /* UIButton+Extension.m */,
				E9BBC3722242B21200E6ACDA /* UIImageView+Extension.h */,
				E9BBC3772242B21200E6ACDA /* UIImageView+Extension.m */,
				E9BBC37B2242B21200E6ACDA /* UIViewController+Extension.h */,
				E9BBC3742242B21200E6ACDA /* UIViewController+Extension.m */,
				E9BBC3712242B21200E6ACDA /* DIMProfile+Extension.h */,
				E9BBC3782242B21200E6ACDA /* DIMProfile+Extension.m */,
				E979079B225520AA0024C830 /* DIMInstantMessage+Extension.h */,
				E979079C225520AA0024C830 /* DIMInstantMessage+Extension.m */,
			);
			path = extends;
			sourceTree = "<group>";
		};
/* End PBXGroup section */

/* Begin PBXNativeTarget section */
		52DBA31F2340F2F90000C2B4 /* DIMTalk */ = {
			isa = PBXNativeTarget;
			buildConfigurationList = 52DBA3712340F2F90000C2B4 /* Build configuration list for PBXNativeTarget "DIMTalk" */;
			buildPhases = (
				52DBA3222340F2F90000C2B4 /* Sources */,
				52DBA3522340F2F90000C2B4 /* Frameworks */,
				52DBA35B2340F2F90000C2B4 /* Resources */,
				52DBA36A2340F2F90000C2B4 /* Embed Frameworks */,
			);
			buildRules = (
			);
			dependencies = (
				52DBA3202340F2F90000C2B4 /* PBXTargetDependency */,
			);
			name = DIMTalk;
			productName = Sechat;
			productReference = 52DBA3742340F2F90000C2B4 /* DIMTalk.app */;
			productType = "com.apple.product-type.application";
		};
		E92255BE2222EC53006CADEA /* Sechat */ = {
			isa = PBXNativeTarget;
			buildConfigurationList = E92255EE2222EC56006CADEA /* Build configuration list for PBXNativeTarget "Sechat" */;
			buildPhases = (
				E92255BB2222EC53006CADEA /* Sources */,
				E92255BC2222EC53006CADEA /* Frameworks */,
				E92255BD2222EC53006CADEA /* Resources */,
				E978171522254AB000BCE3AD /* Embed Frameworks */,
			);
			buildRules = (
			);
			dependencies = (
				E978171422254AB000BCE3AD /* PBXTargetDependency */,
			);
			name = Sechat;
			productName = Sechat;
			productReference = E92255BF2222EC53006CADEA /* DIMTalk.app */;
			productType = "com.apple.product-type.application";
		};
		E92255D92222EC56006CADEA /* SechatTests */ = {
			isa = PBXNativeTarget;
			buildConfigurationList = E92255F12222EC56006CADEA /* Build configuration list for PBXNativeTarget "SechatTests" */;
			buildPhases = (
				E92255D62222EC56006CADEA /* Sources */,
				E92255D72222EC56006CADEA /* Frameworks */,
				E92255D82222EC56006CADEA /* Resources */,
			);
			buildRules = (
			);
			dependencies = (
				E92255DC2222EC56006CADEA /* PBXTargetDependency */,
			);
			name = SechatTests;
			productName = SechatTests;
			productReference = E92255DA2222EC56006CADEA /* SechatTests.xctest */;
			productType = "com.apple.product-type.bundle.unit-test";
		};
		E92255E42222EC56006CADEA /* SechatUITests */ = {
			isa = PBXNativeTarget;
			buildConfigurationList = E92255F42222EC56006CADEA /* Build configuration list for PBXNativeTarget "SechatUITests" */;
			buildPhases = (
				E92255E12222EC56006CADEA /* Sources */,
				E92255E22222EC56006CADEA /* Frameworks */,
				E92255E32222EC56006CADEA /* Resources */,
			);
			buildRules = (
			);
			dependencies = (
				E92255E72222EC56006CADEA /* PBXTargetDependency */,
			);
			name = SechatUITests;
			productName = SechatUITests;
			productReference = E92255E52222EC56006CADEA /* SechatUITests.xctest */;
			productType = "com.apple.product-type.bundle.ui-testing";
		};
/* End PBXNativeTarget section */

/* Begin PBXProject section */
		E92255B72222EC53006CADEA /* Project object */ = {
			isa = PBXProject;
			attributes = {
				LastUpgradeCheck = 1010;
				ORGANIZATIONNAME = "DIM Group";
				TargetAttributes = {
					E92255BE2222EC53006CADEA = {
						CreatedOnToolsVersion = 10.1;
						SystemCapabilities = {
							com.apple.Push = {
								enabled = 0;
							};
						};
					};
					E92255D92222EC56006CADEA = {
						CreatedOnToolsVersion = 10.1;
						TestTargetID = E92255BE2222EC53006CADEA;
					};
					E92255E42222EC56006CADEA = {
						CreatedOnToolsVersion = 10.1;
						TestTargetID = E92255BE2222EC53006CADEA;
					};
				};
			};
			buildConfigurationList = E92255BA2222EC53006CADEA /* Build configuration list for PBXProject "Sechat" */;
			compatibilityVersion = "Xcode 9.3";
			developmentRegion = en;
			hasScannedForEncodings = 0;
			knownRegions = (
				en,
				Base,
				"zh-Hans",
				"zh-Hant",
				"zh-HK",
			);
			mainGroup = E92255B62222EC53006CADEA;
			productRefGroup = E92255C02222EC53006CADEA /* Products */;
			projectDirPath = "";
			projectReferences = (
				{
					ProductGroup = E97816B92223E91600BCE3AD /* Products */;
					ProjectRef = E97816B82223E91600BCE3AD /* DIMClient.xcodeproj */;
				},
			);
			projectRoot = "";
			targets = (
				E92255BE2222EC53006CADEA /* Sechat */,
				52DBA31F2340F2F90000C2B4 /* DIMTalk */,
				E92255D92222EC56006CADEA /* SechatTests */,
				E92255E42222EC56006CADEA /* SechatUITests */,
			);
		};
/* End PBXProject section */

/* Begin PBXReferenceProxy section */
		E97816C22223E91600BCE3AD /* DIMClient.framework */ = {
			isa = PBXReferenceProxy;
			fileType = wrapper.framework;
			path = DIMClient.framework;
			remoteRef = E97816C12223E91600BCE3AD /* PBXContainerItemProxy */;
			sourceTree = BUILT_PRODUCTS_DIR;
		};
		E97816C42223E91600BCE3AD /* DIMClientTests.xctest */ = {
			isa = PBXReferenceProxy;
			fileType = wrapper.cfbundle;
			path = DIMClientTests.xctest;
			remoteRef = E97816C32223E91600BCE3AD /* PBXContainerItemProxy */;
			sourceTree = BUILT_PRODUCTS_DIR;
		};
/* End PBXReferenceProxy section */

/* Begin PBXResourcesBuildPhase section */
		52DBA35B2340F2F90000C2B4 /* Resources */ = {
			isa = PBXResourcesBuildPhase;
			buildActionMask = 2147483647;
			files = (
				52DBA35D2340F2F90000C2B4 /* avatar-bg.png in Resources */,
				52DBA35E2340F2F90000C2B4 /* Localizable.strings in Resources */,
				52DBA35F2340F2F90000C2B4 /* dim@4TM96qQmGx1UuGtwkdyJAXbZVXufFeT1Xf in Resources */,
				52DBA3602340F2F90000C2B4 /* gsp.plist in Resources */,
				52B958022359D874009BB556 /* assistant@2PpB6iscuBjA15oTjAsiswoX9qis5V3c1Dq in Resources */,
				52DBA3612340F2F90000C2B4 /* Assets.xcassets in Resources */,
				52DBA3622340F2F90000C2B4 /* ImportAccountViewController.xib in Resources */,
				52DBA3672340F2F90000C2B4 /* Conversations.storyboard in Resources */,
				52DBA3682340F2F90000C2B4 /* baloo@4LA5FNbpxP38UresZVpfWroC2GVomDDZ7q in Resources */,
				52DBA3692340F2F90000C2B4 /* ChatViewImages.xcassets in Resources */,
			);
			runOnlyForDeploymentPostprocessing = 0;
		};
		E92255BD2222EC53006CADEA /* Resources */ = {
			isa = PBXResourcesBuildPhase;
			buildActionMask = 2147483647;
			files = (
				E9E82501224D198200A029F1 /* avatar-bg.png in Resources */,
				E9E824ED224CCFBB00A029F1 /* Localizable.strings in Resources */,
				5216EF03231FAA0500AF3DFE /* dim@4TM96qQmGx1UuGtwkdyJAXbZVXufFeT1Xf in Resources */,
				E92256102222ED6B006CADEA /* gsp.plist in Resources */,
				52B958012359D874009BB556 /* assistant@2PpB6iscuBjA15oTjAsiswoX9qis5V3c1Dq in Resources */,
				E97816CE2223EAA700BCE3AD /* Assets.xcassets in Resources */,
				52876E0422C20217006F0655 /* ImportAccountViewController.xib in Resources */,
				E92256032222ED5A006CADEA /* Conversations.storyboard in Resources */,
				5216EF04231FAA0500AF3DFE /* baloo@4LA5FNbpxP38UresZVpfWroC2GVomDDZ7q in Resources */,
				E92256112222ED6B006CADEA /* ChatViewImages.xcassets in Resources */,
			);
			runOnlyForDeploymentPostprocessing = 0;
		};
		E92255D82222EC56006CADEA /* Resources */ = {
			isa = PBXResourcesBuildPhase;
			buildActionMask = 2147483647;
			files = (
			);
			runOnlyForDeploymentPostprocessing = 0;
		};
		E92255E32222EC56006CADEA /* Resources */ = {
			isa = PBXResourcesBuildPhase;
			buildActionMask = 2147483647;
			files = (
			);
			runOnlyForDeploymentPostprocessing = 0;
		};
/* End PBXResourcesBuildPhase section */

/* Begin PBXSourcesBuildPhase section */
		52DBA3222340F2F90000C2B4 /* Sources */ = {
			isa = PBXSourcesBuildPhase;
			buildActionMask = 2147483647;
			files = (
				52DBA3232340F2F90000C2B4 /* ImagePickerController.m in Sources */,
				52DBA3242340F2F90000C2B4 /* UIStoryboardSegue+Extension.m in Sources */,
				52DBA3252340F2F90000C2B4 /* ZoomInViewController.m in Sources */,
				52DBA3262340F2F90000C2B4 /* User.m in Sources */,
				52CE693323619FE500DEC951 /* DIMCommand+Extension.m in Sources */,
				522EA28F2341953D00FC3BB8 /* BadgeView.m in Sources */,
				52DBA3272340F2F90000C2B4 /* Facebook+Register.m in Sources */,
				52DBA3282340F2F90000C2B4 /* CommandMessageCell.m in Sources */,
				52DBA3292340F2F90000C2B4 /* WelcomeViewController.m in Sources */,
				52DBA32A2340F2F90000C2B4 /* AppDelegate.m in Sources */,
				52DBA32B2340F2F90000C2B4 /* UIColor+Extension.m in Sources */,
				52DBA32C2340F2F90000C2B4 /* UIView+Extension.m in Sources */,
				52DBA32D2340F2F90000C2B4 /* UIViewController+Extension.m in Sources */,
				52DBA32E2340F2F90000C2B4 /* RegisterViewController.m in Sources */,
				52DBA32F2340F2F90000C2B4 /* ProfileTableViewController.m in Sources */,
				52DBA3302340F2F90000C2B4 /* main.m in Sources */,
				52DBA3312340F2F90000C2B4 /* Client.m in Sources */,
				52DBA3322340F2F90000C2B4 /* UIScrollView+Extension.m in Sources */,
				52DBA3332340F2F90000C2B4 /* SentMessageCell.m in Sources */,
				52DBA3342340F2F90000C2B4 /* GuideCell.m in Sources */,
				52DBA3352340F2F90000C2B4 /* DIMInstantMessage+Extension.m in Sources */,
				52DBA3362340F2F90000C2B4 /* ContactCell.m in Sources */,
				52DBA3372340F2F90000C2B4 /* ConversationCell.m in Sources */,
				52DBA3382340F2F90000C2B4 /* UIStoryboard+Extension.m in Sources */,
				52DBA3392340F2F90000C2B4 /* ContactsTableViewController.m in Sources */,
				52DBA33A2340F2F90000C2B4 /* ImportAccountViewController.m in Sources */,
				52DBA33B2340F2F90000C2B4 /* ReceiveMessageCell.m in Sources */,
				52DBA33C2340F2F90000C2B4 /* AccountTableViewController.m in Sources */,
				52DBA33D2340F2F90000C2B4 /* MessageDatabase.m in Sources */,
				52DBA33E2340F2F90000C2B4 /* UIImage+Extension.m in Sources */,
				52DBA33F2340F2F90000C2B4 /* DIMProfile+Extension.m in Sources */,
				52DBA3412340F2F90000C2B4 /* AccountEditViewController.m in Sources */,
				52DBA3422340F2F90000C2B4 /* UIButton+Extension.m in Sources */,
				52DBA3432340F2F90000C2B4 /* SearchUsersTableViewController.m in Sources */,
				520A0ED22359BC1D00493E2F /* UILabel+Copyable.m in Sources */,
				52844B7A2362A6C7006B4C03 /* SwitchCell.m in Sources */,
				52DBA3442340F2F90000C2B4 /* MessageCell.m in Sources */,
				52DBA3452340F2F90000C2B4 /* TimeCell.m in Sources */,
				52DBA3462340F2F90000C2B4 /* UIImageView+Extension.m in Sources */,
				52DBA3472340F2F90000C2B4 /* NSString+Extension.m in Sources */,
				52DBA3482340F2F90000C2B4 /* ParticipantManageCell.m in Sources */,
				52DBA3492340F2F90000C2B4 /* Facebook+Profile.m in Sources */,
				52DBA34A2340F2F90000C2B4 /* ParticipantsManageTableViewController.m in Sources */,
				52DBA34B2340F2F90000C2B4 /* ConversationsTableViewController.m in Sources */,
				52DBA34C2340F2F90000C2B4 /* ParticipantsCollectionViewController.m in Sources */,
				52DBA34D2340F2F90000C2B4 /* ParticipantCollectionCell.m in Sources */,
				52DBA34E2340F2F90000C2B4 /* ChatViewController.m in Sources */,
				52DBA34F2340F2F90000C2B4 /* WebViewController.m in Sources */,
				52DBA3502340F2F90000C2B4 /* ChatManageTableViewController.m in Sources */,
			);
			runOnlyForDeploymentPostprocessing = 0;
		};
		E92255BB2222EC53006CADEA /* Sources */ = {
			isa = PBXSourcesBuildPhase;
			buildActionMask = 2147483647;
			files = (
				E97907732254A3970024C830 /* ImagePickerController.m in Sources */,
				E9BBC3832242B21200E6ACDA /* UIStoryboardSegue+Extension.m in Sources */,
				E9790817225A6E2C0024C830 /* ZoomInViewController.m in Sources */,
				E92256462222ED7C006CADEA /* User.m in Sources */,
				52311E592360451C00F6A9C7 /* DIMCommand+Extension.m in Sources */,
				522EA28E2341953D00FC3BB8 /* BadgeView.m in Sources */,
				E92256452222ED7C006CADEA /* Facebook+Register.m in Sources */,
				5242949F2334829900E8DA05 /* CommandMessageCell.m in Sources */,
				E9790853225CB8300024C830 /* WelcomeViewController.m in Sources */,
				E92255C42222EC53006CADEA /* AppDelegate.m in Sources */,
				E9E824A4224A6D1100A029F1 /* UIColor+Extension.m in Sources */,
				E979080D2259CDA10024C830 /* UIView+Extension.m in Sources */,
				E9BBC37E2242B21200E6ACDA /* UIViewController+Extension.m in Sources */,
				52BED8F92330C78A00886CCD /* RegisterViewController.m in Sources */,
				E99A5CB3222D8B3400EE6C86 /* ProfileTableViewController.m in Sources */,
				E92255D52222EC56006CADEA /* main.m in Sources */,
				E922564A2222ED7C006CADEA /* Client.m in Sources */,
				E9060E8B22677FE80000DA35 /* UIScrollView+Extension.m in Sources */,
				5242949923347ED300E8DA05 /* SentMessageCell.m in Sources */,
				5242949B23347ED300E8DA05 /* GuideCell.m in Sources */,
				E979079D225520AA0024C830 /* DIMInstantMessage+Extension.m in Sources */,
				E99A5CCA222E577900EE6C86 /* ContactCell.m in Sources */,
				E99A5CC7222E576300EE6C86 /* ConversationCell.m in Sources */,
				E979081B225A6F390024C830 /* UIStoryboard+Extension.m in Sources */,
				E99A5CB4222D8B3400EE6C86 /* ContactsTableViewController.m in Sources */,
				52876E0322C20217006F0655 /* ImportAccountViewController.m in Sources */,
				5242949A23347ED300E8DA05 /* ReceiveMessageCell.m in Sources */,
				E92256512222ED7C006CADEA /* AccountTableViewController.m in Sources */,
				E92256482222ED7C006CADEA /* MessageDatabase.m in Sources */,
				E9BBC37F2242B21200E6ACDA /* UIImage+Extension.m in Sources */,
				E9BBC3812242B21200E6ACDA /* DIMProfile+Extension.m in Sources */,
				E92256552222ED7C006CADEA /* AccountEditViewController.m in Sources */,
				E9E8250F224F5BBD00A029F1 /* UIButton+Extension.m in Sources */,
				E99A5CBE222DA24B00EE6C86 /* SearchUsersTableViewController.m in Sources */,
				520A0ED12359BC1D00493E2F /* UILabel+Copyable.m in Sources */,
				52844B792362A6C7006B4C03 /* SwitchCell.m in Sources */,
				524294A22334B7E600E8DA05 /* MessageCell.m in Sources */,
				5242949C23347ED300E8DA05 /* TimeCell.m in Sources */,
				E9BBC3802242B21200E6ACDA /* UIImageView+Extension.m in Sources */,
				E9BBC3822242B21200E6ACDA /* NSString+Extension.m in Sources */,
				E99A5CD0222ECDE100EE6C86 /* ParticipantManageCell.m in Sources */,
				E918E01B22C4A4D4007A3803 /* Facebook+Profile.m in Sources */,
				E99A5CB2222D8B3400EE6C86 /* ParticipantsManageTableViewController.m in Sources */,
				E99A5CAF222D8B3400EE6C86 /* ConversationsTableViewController.m in Sources */,
				E99A5CB1222D8B3400EE6C86 /* ParticipantsCollectionViewController.m in Sources */,
				E99A5CCD222ECDBE00EE6C86 /* ParticipantCollectionCell.m in Sources */,
				E99A5CB0222D8B3400EE6C86 /* ChatViewController.m in Sources */,
				E9790836225B666F0024C830 /* WebViewController.m in Sources */,
				E99A5CAE222D8B3400EE6C86 /* ChatManageTableViewController.m in Sources */,
			);
			runOnlyForDeploymentPostprocessing = 0;
		};
		E92255D62222EC56006CADEA /* Sources */ = {
			isa = PBXSourcesBuildPhase;
			buildActionMask = 2147483647;
			files = (
				E92255DF2222EC56006CADEA /* SechatTests.m in Sources */,
			);
			runOnlyForDeploymentPostprocessing = 0;
		};
		E92255E12222EC56006CADEA /* Sources */ = {
			isa = PBXSourcesBuildPhase;
			buildActionMask = 2147483647;
			files = (
				E92255EA2222EC56006CADEA /* SechatUITests.m in Sources */,
			);
			runOnlyForDeploymentPostprocessing = 0;
		};
/* End PBXSourcesBuildPhase section */

/* Begin PBXTargetDependency section */
		52DBA3202340F2F90000C2B4 /* PBXTargetDependency */ = {
			isa = PBXTargetDependency;
			name = DIMClient;
			targetProxy = 52DBA3212340F2F90000C2B4 /* PBXContainerItemProxy */;
		};
		E92255DC2222EC56006CADEA /* PBXTargetDependency */ = {
			isa = PBXTargetDependency;
			target = E92255BE2222EC53006CADEA /* Sechat */;
			targetProxy = E92255DB2222EC56006CADEA /* PBXContainerItemProxy */;
		};
		E92255E72222EC56006CADEA /* PBXTargetDependency */ = {
			isa = PBXTargetDependency;
			target = E92255BE2222EC53006CADEA /* Sechat */;
			targetProxy = E92255E62222EC56006CADEA /* PBXContainerItemProxy */;
		};
		E978171422254AB000BCE3AD /* PBXTargetDependency */ = {
			isa = PBXTargetDependency;
			name = DIMClient;
			targetProxy = E978171322254AB000BCE3AD /* PBXContainerItemProxy */;
		};
/* End PBXTargetDependency section */

/* Begin PBXVariantGroup section */
		E92255FB2222ED59006CADEA /* Conversations.storyboard */ = {
			isa = PBXVariantGroup;
			children = (
				E92255FC2222ED59006CADEA /* Base */,
				E9E824DB224CBDF800A029F1 /* zh-Hans */,
				E9E824E2224CBE0800A029F1 /* zh-Hant */,
				E9E824E8224CBE1200A029F1 /* zh-HK */,
			);
			name = Conversations.storyboard;
			sourceTree = "<group>";
		};
		E9E824EF224CCFBB00A029F1 /* Localizable.strings */ = {
			isa = PBXVariantGroup;
			children = (
				E9E824F0224CCFFB00A029F1 /* zh-Hans */,
				E9E824F1224CCFFF00A029F1 /* zh-Hant */,
				E9E824F2224CD00000A029F1 /* zh-HK */,
			);
			name = Localizable.strings;
			sourceTree = "<group>";
		};
/* End PBXVariantGroup section */

/* Begin XCBuildConfiguration section */
		52DBA3722340F2F90000C2B4 /* Debug */ = {
			isa = XCBuildConfiguration;
			buildSettings = {
				ASSETCATALOG_COMPILER_APPICON_NAME = AppIcon;
				ASSETCATALOG_COMPILER_LAUNCHIMAGE_NAME = LaunchImage;
				CODE_SIGN_ENTITLEMENTS = SechatAppStore.entitlements;
				CODE_SIGN_IDENTITY = "iPhone Developer";
				CODE_SIGN_STYLE = Automatic;
				CURRENT_PROJECT_VERSION = 3;
				DERIVE_MACCATALYST_PRODUCT_BUNDLE_IDENTIFIER = YES;
				DEVELOPMENT_TEAM = EQ22GS36XN;
				ENABLE_BITCODE = YES;
				HEADER_SEARCH_PATHS = (
					"../../client-objc/Classes/**",
					"../../core-objc/Classes/**",
					"../../dkd-objc/Classes/**",
					"../../mkm-objc/Classes/**",
				);
				INFOPLIST_FILE = "Sechat copy-Info.plist";
				IPHONEOS_DEPLOYMENT_TARGET = 11.0;
				LD_RUNPATH_SEARCH_PATHS = (
					"$(inherited)",
					"@executable_path/Frameworks",
				);
				MARKETING_VERSION = 1.0.2;
				PRODUCT_BUNDLE_IDENTIFIER = chat.dim.sechat;
				PRODUCT_NAME = DIMTalk;
				PROVISIONING_PROFILE_SPECIFIER = "";
				SUPPORTS_MACCATALYST = YES;
				TARGETED_DEVICE_FAMILY = "1,2";
			};
			name = Debug;
		};
		52DBA3732340F2F90000C2B4 /* Release */ = {
			isa = XCBuildConfiguration;
			buildSettings = {
				ASSETCATALOG_COMPILER_APPICON_NAME = AppIcon;
				ASSETCATALOG_COMPILER_LAUNCHIMAGE_NAME = LaunchImage;
				CODE_SIGN_ENTITLEMENTS = SechatAppStore.entitlements;
				CODE_SIGN_IDENTITY = "iPhone Developer";
				CODE_SIGN_STYLE = Automatic;
				CURRENT_PROJECT_VERSION = 3;
				DERIVE_MACCATALYST_PRODUCT_BUNDLE_IDENTIFIER = YES;
				DEVELOPMENT_TEAM = EQ22GS36XN;
				ENABLE_BITCODE = YES;
				HEADER_SEARCH_PATHS = (
					"../../client-objc/Classes/**",
					"../../core-objc/Classes/**",
					"../../dkd-objc/Classes/**",
					"../../mkm-objc/Classes/**",
				);
				INFOPLIST_FILE = "Sechat copy-Info.plist";
				IPHONEOS_DEPLOYMENT_TARGET = 11.0;
				LD_RUNPATH_SEARCH_PATHS = (
					"$(inherited)",
					"@executable_path/Frameworks",
				);
				MARKETING_VERSION = 1.0.2;
				PRODUCT_BUNDLE_IDENTIFIER = chat.dim.sechat;
				PRODUCT_NAME = DIMTalk;
				PROVISIONING_PROFILE_SPECIFIER = "";
				SUPPORTS_MACCATALYST = YES;
				TARGETED_DEVICE_FAMILY = "1,2";
			};
			name = Release;
		};
		E92255EC2222EC56006CADEA /* Debug */ = {
			isa = XCBuildConfiguration;
			buildSettings = {
				ALWAYS_SEARCH_USER_PATHS = NO;
				CLANG_ANALYZER_LOCALIZABILITY_NONLOCALIZED = YES;
				CLANG_ANALYZER_NONNULL = YES;
				CLANG_ANALYZER_NUMBER_OBJECT_CONVERSION = YES_AGGRESSIVE;
				CLANG_CXX_LANGUAGE_STANDARD = "gnu++14";
				CLANG_CXX_LIBRARY = "libc++";
				CLANG_ENABLE_MODULES = YES;
				CLANG_ENABLE_OBJC_ARC = YES;
				CLANG_ENABLE_OBJC_WEAK = YES;
				CLANG_WARN_BLOCK_CAPTURE_AUTORELEASING = YES;
				CLANG_WARN_BOOL_CONVERSION = YES;
				CLANG_WARN_COMMA = YES;
				CLANG_WARN_CONSTANT_CONVERSION = YES;
				CLANG_WARN_DEPRECATED_OBJC_IMPLEMENTATIONS = YES;
				CLANG_WARN_DIRECT_OBJC_ISA_USAGE = YES_ERROR;
				CLANG_WARN_DOCUMENTATION_COMMENTS = YES;
				CLANG_WARN_EMPTY_BODY = YES;
				CLANG_WARN_ENUM_CONVERSION = YES;
				CLANG_WARN_INFINITE_RECURSION = YES;
				CLANG_WARN_INT_CONVERSION = YES;
				CLANG_WARN_NON_LITERAL_NULL_CONVERSION = YES;
				CLANG_WARN_OBJC_IMPLICIT_RETAIN_SELF = YES;
				CLANG_WARN_OBJC_LITERAL_CONVERSION = YES;
				CLANG_WARN_OBJC_ROOT_CLASS = YES_ERROR;
				CLANG_WARN_RANGE_LOOP_ANALYSIS = YES;
				CLANG_WARN_STRICT_PROTOTYPES = YES;
				CLANG_WARN_SUSPICIOUS_MOVE = YES;
				CLANG_WARN_UNGUARDED_AVAILABILITY = YES_AGGRESSIVE;
				CLANG_WARN_UNREACHABLE_CODE = YES;
				CLANG_WARN__DUPLICATE_METHOD_MATCH = YES;
				CODE_SIGN_IDENTITY = "iPhone Developer";
				COPY_PHASE_STRIP = NO;
				DEBUG_INFORMATION_FORMAT = dwarf;
				ENABLE_BITCODE = YES;
				ENABLE_STRICT_OBJC_MSGSEND = YES;
				ENABLE_TESTABILITY = YES;
				GCC_C_LANGUAGE_STANDARD = gnu11;
				GCC_DYNAMIC_NO_PIC = NO;
				GCC_NO_COMMON_BLOCKS = YES;
				GCC_OPTIMIZATION_LEVEL = 0;
				GCC_PREPROCESSOR_DEFINITIONS = (
					"DEBUG=1",
					"$(inherited)",
				);
				GCC_WARN_64_TO_32_BIT_CONVERSION = YES;
				GCC_WARN_ABOUT_RETURN_TYPE = YES_ERROR;
				GCC_WARN_UNDECLARED_SELECTOR = YES;
				GCC_WARN_UNINITIALIZED_AUTOS = YES_AGGRESSIVE;
				GCC_WARN_UNUSED_FUNCTION = YES;
				GCC_WARN_UNUSED_VARIABLE = YES;
				IPHONEOS_DEPLOYMENT_TARGET = 11.0;
				MTL_ENABLE_DEBUG_INFO = INCLUDE_SOURCE;
				MTL_FAST_MATH = YES;
				ONLY_ACTIVE_ARCH = YES;
				SDKROOT = iphoneos;
			};
			name = Debug;
		};
		E92255ED2222EC56006CADEA /* Release */ = {
			isa = XCBuildConfiguration;
			buildSettings = {
				ALWAYS_SEARCH_USER_PATHS = NO;
				CLANG_ANALYZER_LOCALIZABILITY_NONLOCALIZED = YES;
				CLANG_ANALYZER_NONNULL = YES;
				CLANG_ANALYZER_NUMBER_OBJECT_CONVERSION = YES_AGGRESSIVE;
				CLANG_CXX_LANGUAGE_STANDARD = "gnu++14";
				CLANG_CXX_LIBRARY = "libc++";
				CLANG_ENABLE_MODULES = YES;
				CLANG_ENABLE_OBJC_ARC = YES;
				CLANG_ENABLE_OBJC_WEAK = YES;
				CLANG_WARN_BLOCK_CAPTURE_AUTORELEASING = YES;
				CLANG_WARN_BOOL_CONVERSION = YES;
				CLANG_WARN_COMMA = YES;
				CLANG_WARN_CONSTANT_CONVERSION = YES;
				CLANG_WARN_DEPRECATED_OBJC_IMPLEMENTATIONS = YES;
				CLANG_WARN_DIRECT_OBJC_ISA_USAGE = YES_ERROR;
				CLANG_WARN_DOCUMENTATION_COMMENTS = YES;
				CLANG_WARN_EMPTY_BODY = YES;
				CLANG_WARN_ENUM_CONVERSION = YES;
				CLANG_WARN_INFINITE_RECURSION = YES;
				CLANG_WARN_INT_CONVERSION = YES;
				CLANG_WARN_NON_LITERAL_NULL_CONVERSION = YES;
				CLANG_WARN_OBJC_IMPLICIT_RETAIN_SELF = YES;
				CLANG_WARN_OBJC_LITERAL_CONVERSION = YES;
				CLANG_WARN_OBJC_ROOT_CLASS = YES_ERROR;
				CLANG_WARN_RANGE_LOOP_ANALYSIS = YES;
				CLANG_WARN_STRICT_PROTOTYPES = YES;
				CLANG_WARN_SUSPICIOUS_MOVE = YES;
				CLANG_WARN_UNGUARDED_AVAILABILITY = YES_AGGRESSIVE;
				CLANG_WARN_UNREACHABLE_CODE = YES;
				CLANG_WARN__DUPLICATE_METHOD_MATCH = YES;
				CODE_SIGN_IDENTITY = "iPhone Developer";
				COPY_PHASE_STRIP = NO;
				DEBUG_INFORMATION_FORMAT = "dwarf-with-dsym";
				ENABLE_BITCODE = YES;
				ENABLE_NS_ASSERTIONS = NO;
				ENABLE_STRICT_OBJC_MSGSEND = YES;
				GCC_C_LANGUAGE_STANDARD = gnu11;
				GCC_NO_COMMON_BLOCKS = YES;
				GCC_WARN_64_TO_32_BIT_CONVERSION = YES;
				GCC_WARN_ABOUT_RETURN_TYPE = YES_ERROR;
				GCC_WARN_UNDECLARED_SELECTOR = YES;
				GCC_WARN_UNINITIALIZED_AUTOS = YES_AGGRESSIVE;
				GCC_WARN_UNUSED_FUNCTION = YES;
				GCC_WARN_UNUSED_VARIABLE = YES;
				IPHONEOS_DEPLOYMENT_TARGET = 11.0;
				MTL_ENABLE_DEBUG_INFO = NO;
				MTL_FAST_MATH = YES;
				SDKROOT = iphoneos;
				VALIDATE_PRODUCT = YES;
			};
			name = Release;
		};
		E92255EF2222EC56006CADEA /* Debug */ = {
			isa = XCBuildConfiguration;
			buildSettings = {
				ASSETCATALOG_COMPILER_APPICON_NAME = AppIcon;
				ASSETCATALOG_COMPILER_LAUNCHIMAGE_NAME = LaunchImage;
				CODE_SIGN_IDENTITY = "iPhone Developer";
				CODE_SIGN_STYLE = Automatic;
				CURRENT_PROJECT_VERSION = 1;
				DEVELOPMENT_TEAM = EQ22GS36XN;
				ENABLE_BITCODE = YES;
				HEADER_SEARCH_PATHS = (
					"../../client-objc/Classes/**",
					"../../core-objc/Classes/**",
					"../../dkd-objc/Classes/**",
					"../../mkm-objc/Classes/**",
				);
				INFOPLIST_FILE = Sechat/Info.plist;
				IPHONEOS_DEPLOYMENT_TARGET = 11.0;
				LD_RUNPATH_SEARCH_PATHS = (
					"$(inherited)",
					"@executable_path/Frameworks",
				);
				MARKETING_VERSION = 1.0.1;
				PRODUCT_BUNDLE_IDENTIFIER = com.jy.sechat;
				PRODUCT_NAME = DIMTalk;
				PROVISIONING_PROFILE_SPECIFIER = "";
				TARGETED_DEVICE_FAMILY = "1,2";
			};
			name = Debug;
		};
		E92255F02222EC56006CADEA /* Release */ = {
			isa = XCBuildConfiguration;
			buildSettings = {
				ASSETCATALOG_COMPILER_APPICON_NAME = AppIcon;
				ASSETCATALOG_COMPILER_LAUNCHIMAGE_NAME = LaunchImage;
				CODE_SIGN_IDENTITY = "iPhone Developer";
				CODE_SIGN_STYLE = Automatic;
				CURRENT_PROJECT_VERSION = 1;
				DEVELOPMENT_TEAM = EQ22GS36XN;
				ENABLE_BITCODE = YES;
				HEADER_SEARCH_PATHS = (
					"../../client-objc/Classes/**",
					"../../core-objc/Classes/**",
					"../../dkd-objc/Classes/**",
					"../../mkm-objc/Classes/**",
				);
				INFOPLIST_FILE = Sechat/Info.plist;
				IPHONEOS_DEPLOYMENT_TARGET = 11.0;
				LD_RUNPATH_SEARCH_PATHS = (
					"$(inherited)",
					"@executable_path/Frameworks",
				);
				MARKETING_VERSION = 1.0.1;
				PRODUCT_BUNDLE_IDENTIFIER = com.jy.sechat;
				PRODUCT_NAME = DIMTalk;
				PROVISIONING_PROFILE_SPECIFIER = "";
				TARGETED_DEVICE_FAMILY = "1,2";
			};
			name = Release;
		};
		E92255F22222EC56006CADEA /* Debug */ = {
			isa = XCBuildConfiguration;
			buildSettings = {
				BUNDLE_LOADER = "$(TEST_HOST)";
				CODE_SIGN_STYLE = Automatic;
				DEVELOPMENT_TEAM = JUVC7SZJE7;
				INFOPLIST_FILE = SechatTests/Info.plist;
				LD_RUNPATH_SEARCH_PATHS = (
					"$(inherited)",
					"@executable_path/Frameworks",
					"@loader_path/Frameworks",
				);
				PRODUCT_BUNDLE_IDENTIFIER = DIM.SechatTests;
				PRODUCT_NAME = "$(TARGET_NAME)";
				TARGETED_DEVICE_FAMILY = "1,2";
				TEST_HOST = "$(BUILT_PRODUCTS_DIR)/Sechat.app/Sechat";
			};
			name = Debug;
		};
		E92255F32222EC56006CADEA /* Release */ = {
			isa = XCBuildConfiguration;
			buildSettings = {
				BUNDLE_LOADER = "$(TEST_HOST)";
				CODE_SIGN_STYLE = Automatic;
				DEVELOPMENT_TEAM = JUVC7SZJE7;
				INFOPLIST_FILE = SechatTests/Info.plist;
				LD_RUNPATH_SEARCH_PATHS = (
					"$(inherited)",
					"@executable_path/Frameworks",
					"@loader_path/Frameworks",
				);
				PRODUCT_BUNDLE_IDENTIFIER = DIM.SechatTests;
				PRODUCT_NAME = "$(TARGET_NAME)";
				TARGETED_DEVICE_FAMILY = "1,2";
				TEST_HOST = "$(BUILT_PRODUCTS_DIR)/Sechat.app/Sechat";
			};
			name = Release;
		};
		E92255F52222EC56006CADEA /* Debug */ = {
			isa = XCBuildConfiguration;
			buildSettings = {
				CODE_SIGN_STYLE = Automatic;
				DEVELOPMENT_TEAM = JUVC7SZJE7;
				INFOPLIST_FILE = SechatUITests/Info.plist;
				LD_RUNPATH_SEARCH_PATHS = (
					"$(inherited)",
					"@executable_path/Frameworks",
					"@loader_path/Frameworks",
				);
				PRODUCT_BUNDLE_IDENTIFIER = DIM.SechatUITests;
				PRODUCT_NAME = "$(TARGET_NAME)";
				TARGETED_DEVICE_FAMILY = "1,2";
				TEST_TARGET_NAME = Sechat;
			};
			name = Debug;
		};
		E92255F62222EC56006CADEA /* Release */ = {
			isa = XCBuildConfiguration;
			buildSettings = {
				CODE_SIGN_STYLE = Automatic;
				DEVELOPMENT_TEAM = JUVC7SZJE7;
				INFOPLIST_FILE = SechatUITests/Info.plist;
				LD_RUNPATH_SEARCH_PATHS = (
					"$(inherited)",
					"@executable_path/Frameworks",
					"@loader_path/Frameworks",
				);
				PRODUCT_BUNDLE_IDENTIFIER = DIM.SechatUITests;
				PRODUCT_NAME = "$(TARGET_NAME)";
				TARGETED_DEVICE_FAMILY = "1,2";
				TEST_TARGET_NAME = Sechat;
			};
			name = Release;
		};
/* End XCBuildConfiguration section */

/* Begin XCConfigurationList section */
		52DBA3712340F2F90000C2B4 /* Build configuration list for PBXNativeTarget "DIMTalk" */ = {
			isa = XCConfigurationList;
			buildConfigurations = (
				52DBA3722340F2F90000C2B4 /* Debug */,
				52DBA3732340F2F90000C2B4 /* Release */,
			);
			defaultConfigurationIsVisible = 0;
			defaultConfigurationName = Release;
		};
		E92255BA2222EC53006CADEA /* Build configuration list for PBXProject "Sechat" */ = {
			isa = XCConfigurationList;
			buildConfigurations = (
				E92255EC2222EC56006CADEA /* Debug */,
				E92255ED2222EC56006CADEA /* Release */,
			);
			defaultConfigurationIsVisible = 0;
			defaultConfigurationName = Release;
		};
		E92255EE2222EC56006CADEA /* Build configuration list for PBXNativeTarget "Sechat" */ = {
			isa = XCConfigurationList;
			buildConfigurations = (
				E92255EF2222EC56006CADEA /* Debug */,
				E92255F02222EC56006CADEA /* Release */,
			);
			defaultConfigurationIsVisible = 0;
			defaultConfigurationName = Release;
		};
		E92255F12222EC56006CADEA /* Build configuration list for PBXNativeTarget "SechatTests" */ = {
			isa = XCConfigurationList;
			buildConfigurations = (
				E92255F22222EC56006CADEA /* Debug */,
				E92255F32222EC56006CADEA /* Release */,
			);
			defaultConfigurationIsVisible = 0;
			defaultConfigurationName = Release;
		};
		E92255F42222EC56006CADEA /* Build configuration list for PBXNativeTarget "SechatUITests" */ = {
			isa = XCConfigurationList;
			buildConfigurations = (
				E92255F52222EC56006CADEA /* Debug */,
				E92255F62222EC56006CADEA /* Release */,
			);
			defaultConfigurationIsVisible = 0;
			defaultConfigurationName = Release;
		};
/* End XCConfigurationList section */
	};
	rootObject = E92255B72222EC53006CADEA /* Project object */;
}
